// !$*UTF8*$!
{
	archiveVersion = 1;
	classes = {
	};
	objectVersion = 46;
	objects = {

/* Begin PBXAggregateTarget section */
		3EBEAF4D1887FADE009F81C1 /* GenVersion */ = {
			isa = PBXAggregateTarget;
			buildConfigurationList = 3EBEAF4E1887FADE009F81C1 /* Build configuration list for PBXAggregateTarget "GenVersion" */;
			buildPhases = (
				3EBEAF511887FAE9009F81C1 /* ShellScript */,
			);
			dependencies = (
			);
			name = GenVersion;
			productName = GenVersion;
		};
/* End PBXAggregateTarget section */

/* Begin PBXBuildFile section */
		3E11261B16A7086400805102 /* UIDevice+Hardware.m in Sources */ = {isa = PBXBuildFile; fileRef = 3E11261916A7086400805102 /* UIDevice+Hardware.m */; };
		3E148B94160A12010010A0D1 /* Foundation.framework in Frameworks */ = {isa = PBXBuildFile; fileRef = 3E820D6D15D40AB50001A3EC /* Foundation.framework */; };
		3E148B96160A12010010A0D1 /* CoreGraphics.framework in Frameworks */ = {isa = PBXBuildFile; fileRef = 3E148B95160A12010010A0D1 /* CoreGraphics.framework */; };
		3E148BA9160A12010010A0D1 /* SenTestingKit.framework in Frameworks */ = {isa = PBXBuildFile; fileRef = 3E148B7A160A11280010A0D1 /* SenTestingKit.framework */; };
		3E148BAA160A12010010A0D1 /* UIKit.framework in Frameworks */ = {isa = PBXBuildFile; fileRef = 3E148B7C160A11280010A0D1 /* UIKit.framework */; };
		3E148BAB160A12010010A0D1 /* Foundation.framework in Frameworks */ = {isa = PBXBuildFile; fileRef = 3E820D6D15D40AB50001A3EC /* Foundation.framework */; };
		3E148BB3160A12010010A0D1 /* InfoPlist.strings in Resources */ = {isa = PBXBuildFile; fileRef = 3E148BB1160A12010010A0D1 /* InfoPlist.strings */; };
		3E148BB6160A12010010A0D1 /* SensePlatformTestAppTests.m in Sources */ = {isa = PBXBuildFile; fileRef = 3E148BB5160A12010010A0D1 /* SensePlatformTestAppTests.m */; };
		3E148BBF160A123B0010A0D1 /* libSensePlatform.a in Frameworks */ = {isa = PBXBuildFile; fileRef = 3E820D6A15D40AB50001A3EC /* libSensePlatform.a */; };
		3E148BC0160A12510010A0D1 /* libSensePlatform.a in Frameworks */ = {isa = PBXBuildFile; fileRef = 3E820D6A15D40AB50001A3EC /* libSensePlatform.a */; };
		3E148BC3160A17A30010A0D1 /* CoreMotion.framework in Frameworks */ = {isa = PBXBuildFile; fileRef = 3E9C158115D574E100F520D0 /* CoreMotion.framework */; };
		3E148BC4160A17AD0010A0D1 /* SystemConfiguration.framework in Frameworks */ = {isa = PBXBuildFile; fileRef = 3E9C157615D574B500F520D0 /* SystemConfiguration.framework */; };
		3E148BC5160A17BD0010A0D1 /* CoreAudio.framework in Frameworks */ = {isa = PBXBuildFile; fileRef = 3E9C157D15D574D300F520D0 /* CoreAudio.framework */; };
		3E148BC6160A17C60010A0D1 /* AudioToolbox.framework in Frameworks */ = {isa = PBXBuildFile; fileRef = 3E9C157B15D574C300F520D0 /* AudioToolbox.framework */; };
		3E148BC9160A180A0010A0D1 /* CoreLocation.framework in Frameworks */ = {isa = PBXBuildFile; fileRef = 3E9C158315D574E700F520D0 /* CoreLocation.framework */; };
		3E148BCB160A180F0010A0D1 /* CoreMedia.framework in Frameworks */ = {isa = PBXBuildFile; fileRef = 3E148BCA160A180F0010A0D1 /* CoreMedia.framework */; };
		3E148BCD160A18130010A0D1 /* CFNetwork.framework in Frameworks */ = {isa = PBXBuildFile; fileRef = 3E148BCC160A18130010A0D1 /* CFNetwork.framework */; };
		3E148BCF160A18AD0010A0D1 /* CoreTelephony.framework in Frameworks */ = {isa = PBXBuildFile; fileRef = 3E9C157915D574BB00F520D0 /* CoreTelephony.framework */; };
		3E148BD1160A18DC0010A0D1 /* UIKit.framework in Frameworks */ = {isa = PBXBuildFile; fileRef = 3E148BD0160A18DC0010A0D1 /* UIKit.framework */; };
		3E148BD2160A19340010A0D1 /* AVFoundation.framework in Frameworks */ = {isa = PBXBuildFile; fileRef = 3E9C157F15D574DB00F520D0 /* AVFoundation.framework */; };
		3E148BD3160A19A20010A0D1 /* AudioToolbox.framework in Frameworks */ = {isa = PBXBuildFile; fileRef = 3E9C157B15D574C300F520D0 /* AudioToolbox.framework */; };
		3E148BD4160A19A20010A0D1 /* AVFoundation.framework in Frameworks */ = {isa = PBXBuildFile; fileRef = 3E9C157F15D574DB00F520D0 /* AVFoundation.framework */; };
		3E148BD5160A19A20010A0D1 /* CFNetwork.framework in Frameworks */ = {isa = PBXBuildFile; fileRef = 3E148BCC160A18130010A0D1 /* CFNetwork.framework */; };
		3E148BD6160A19A20010A0D1 /* CoreAudio.framework in Frameworks */ = {isa = PBXBuildFile; fileRef = 3E9C157D15D574D300F520D0 /* CoreAudio.framework */; };
		3E148BD7160A19A20010A0D1 /* CoreLocation.framework in Frameworks */ = {isa = PBXBuildFile; fileRef = 3E9C158315D574E700F520D0 /* CoreLocation.framework */; };
		3E148BD8160A19A20010A0D1 /* CoreMotion.framework in Frameworks */ = {isa = PBXBuildFile; fileRef = 3E9C158115D574E100F520D0 /* CoreMotion.framework */; };
		3E148BD9160A19A20010A0D1 /* CoreTelephony.framework in Frameworks */ = {isa = PBXBuildFile; fileRef = 3E9C157915D574BB00F520D0 /* CoreTelephony.framework */; };
		3E148BDA160A19A20010A0D1 /* SystemConfiguration.framework in Frameworks */ = {isa = PBXBuildFile; fileRef = 3E9C157615D574B500F520D0 /* SystemConfiguration.framework */; };
		3E148BDB160A19A20010A0D1 /* UIKit.framework in Frameworks */ = {isa = PBXBuildFile; fileRef = 3E148BD0160A18DC0010A0D1 /* UIKit.framework */; };
		3E148BDD160A1C4D0010A0D1 /* Settings.plist in Resources */ = {isa = PBXBuildFile; fileRef = 3E820DBE15D40B100001A3EC /* Settings.plist */; };
		3E148BDF160A1C9D0010A0D1 /* Settings.plist in Resources */ = {isa = PBXBuildFile; fileRef = 3E820DBE15D40B100001A3EC /* Settings.plist */; };
		3E4F273917033CD20045588C /* CSSettings.h in CopyFiles */ = {isa = PBXBuildFile; fileRef = 3E9C155915D564E100F520D0 /* CSSettings.h */; };
		3E4F273A17033CD40045588C /* CSSensorIds.h in CopyFiles */ = {isa = PBXBuildFile; fileRef = 3E9C155815D564E100F520D0 /* CSSensorIds.h */; };
		3E4F273B17033CD60045588C /* CSSensor.h in CopyFiles */ = {isa = PBXBuildFile; fileRef = 3E9C155715D564E100F520D0 /* CSSensor.h */; };
		3E4F273C17033CD90045588C /* CSSensePlatform.h in CopyFiles */ = {isa = PBXBuildFile; fileRef = 3E9C155615D564E100F520D0 /* CSSensePlatform.h */; };
		3E4F274517033D200045588C /* CSApplicationStateChange.h in CopyFiles */ = {isa = PBXBuildFile; fileRef = 3E9C155515D564E100F520D0 /* CSApplicationStateChange.h */; };
		3E4F27941704D3FC0045588C /* CSDynamicSensor.h in CopyFiles */ = {isa = PBXBuildFile; fileRef = 3E820DE615D40B180001A3EC /* CSDynamicSensor.h */; };
		3E4F28BB170DB4750045588C /* Formatting.m in Sources */ = {isa = PBXBuildFile; fileRef = 3E4F28BA170DB4750045588C /* Formatting.m */; };
		3E59ACBE15F4DB9D00C07D59 /* UIDevice+IdentifierAddition.m in Sources */ = {isa = PBXBuildFile; fileRef = 3E59ACBC15F4DB9D00C07D59 /* UIDevice+IdentifierAddition.m */; };
		3E820D6E15D40AB50001A3EC /* Foundation.framework in Frameworks */ = {isa = PBXBuildFile; fileRef = 3E820D6D15D40AB50001A3EC /* Foundation.framework */; };
		3E820E0615D40B190001A3EC /* CSApplicationStateChange.m in Sources */ = {isa = PBXBuildFile; fileRef = 3E820DC015D40B180001A3EC /* CSApplicationStateChange.m */; };
		3E820E0A15D40B190001A3EC /* NSString+MD5Hash.m in Sources */ = {isa = PBXBuildFile; fileRef = 3E820DC515D40B180001A3EC /* NSString+MD5Hash.m */; };
		3E820E0C15D40B190001A3EC /* CSSender.m in Sources */ = {isa = PBXBuildFile; fileRef = 3E820DC715D40B180001A3EC /* CSSender.m */; };
		3E820E0F15D40B190001A3EC /* NSNotificationCenter+MainThread.m in Sources */ = {isa = PBXBuildFile; fileRef = 3E820DCB15D40B180001A3EC /* NSNotificationCenter+MainThread.m */; };
		3E820E1115D40B190001A3EC /* CSReachability.m in Sources */ = {isa = PBXBuildFile; fileRef = 3E820DCD15D40B180001A3EC /* CSReachability.m */; };
		3E820E1215D40B190001A3EC /* CSSensePlatform.m in Sources */ = {isa = PBXBuildFile; fileRef = 3E820DCE15D40B180001A3EC /* CSSensePlatform.m */; };
		3E820E1315D40B190001A3EC /* CSSensorIds.m in Sources */ = {isa = PBXBuildFile; fileRef = 3E820DCF15D40B180001A3EC /* CSSensorIds.m */; };
		3E820E1715D40B190001A3EC /* CSAccelerationSensor.m in Sources */ = {isa = PBXBuildFile; fileRef = 3E820DD415D40B180001A3EC /* CSAccelerationSensor.m */; };
		3E820E1915D40B190001A3EC /* CSAccelerometerSensor.m in Sources */ = {isa = PBXBuildFile; fileRef = 3E820DD615D40B180001A3EC /* CSAccelerometerSensor.m */; };
		3E820E1B15D40B190001A3EC /* CSAntPlusController.m in Sources */ = {isa = PBXBuildFile; fileRef = 3E820DD915D40B180001A3EC /* CSAntPlusController.m */; };
		3E820E1D15D40B190001A3EC /* BloodPressureSensor.m in Sources */ = {isa = PBXBuildFile; fileRef = 3E820DDB15D40B180001A3EC /* BloodPressureSensor.m */; };
		3E820E1F15D40B190001A3EC /* FootpodSensor.m in Sources */ = {isa = PBXBuildFile; fileRef = 3E820DDD15D40B180001A3EC /* FootpodSensor.m */; };
		3E820E2115D40B190001A3EC /* CSBatterySensor.m in Sources */ = {isa = PBXBuildFile; fileRef = 3E820DDF15D40B180001A3EC /* CSBatterySensor.m */; };
		3E820E2315D40B190001A3EC /* CSCallSensor.m in Sources */ = {isa = PBXBuildFile; fileRef = 3E820DE115D40B180001A3EC /* CSCallSensor.m */; };
		3E820E2515D40B190001A3EC /* CSCompassSensor.m in Sources */ = {isa = PBXBuildFile; fileRef = 3E820DE315D40B180001A3EC /* CSCompassSensor.m */; };
		3E820E2715D40B190001A3EC /* CSConnectionSensor.m in Sources */ = {isa = PBXBuildFile; fileRef = 3E820DE515D40B180001A3EC /* CSConnectionSensor.m */; };
		3E820E2915D40B190001A3EC /* CSDynamicSensor.m in Sources */ = {isa = PBXBuildFile; fileRef = 3E820DE715D40B180001A3EC /* CSDynamicSensor.m */; };
		3E820E2B15D40B190001A3EC /* CSJumpSensor.m in Sources */ = {isa = PBXBuildFile; fileRef = 3E820DE915D40B180001A3EC /* CSJumpSensor.m */; };
		3E820E2D15D40B190001A3EC /* CSLocationSensor.m in Sources */ = {isa = PBXBuildFile; fileRef = 3E820DEB15D40B180001A3EC /* CSLocationSensor.m */; };
		3E820E3115D40B190001A3EC /* CSMotionEnergySensor.m in Sources */ = {isa = PBXBuildFile; fileRef = 3E820DEF15D40B180001A3EC /* CSMotionEnergySensor.m */; };
		3E820E3315D40B190001A3EC /* CSMotionFeaturesSensor.m in Sources */ = {isa = PBXBuildFile; fileRef = 3E820DF115D40B180001A3EC /* CSMotionFeaturesSensor.m */; };
		3E820E3515D40B190001A3EC /* CSMovingSensor.m in Sources */ = {isa = PBXBuildFile; fileRef = 3E820DF315D40B180001A3EC /* CSMovingSensor.m */; };
		3E820E3715D40B190001A3EC /* CSNoiseSensor.m in Sources */ = {isa = PBXBuildFile; fileRef = 3E820DF515D40B180001A3EC /* CSNoiseSensor.m */; };
		3E820E3915D40B190001A3EC /* CSOrientationSensor.m in Sources */ = {isa = PBXBuildFile; fileRef = 3E820DF715D40B180001A3EC /* CSOrientationSensor.m */; };
		3E820E3B15D40B190001A3EC /* CSOrientationStateSensor.m in Sources */ = {isa = PBXBuildFile; fileRef = 3E820DF915D40B180001A3EC /* CSOrientationStateSensor.m */; };
		3E820E3D15D40B190001A3EC /* CSPreferencesSensor.m in Sources */ = {isa = PBXBuildFile; fileRef = 3E820DFB15D40B180001A3EC /* CSPreferencesSensor.m */; };
		3E820E3F15D40B190001A3EC /* CSRotationSensor.m in Sources */ = {isa = PBXBuildFile; fileRef = 3E820DFD15D40B180001A3EC /* CSRotationSensor.m */; };
		3E820E4015D40B190001A3EC /* CSSensor.m in Sources */ = {isa = PBXBuildFile; fileRef = 3E820DFE15D40B180001A3EC /* CSSensor.m */; };
		3E820E4215D40B190001A3EC /* CSSpatialProvider.m in Sources */ = {isa = PBXBuildFile; fileRef = 3E820E0015D40B180001A3EC /* CSSpatialProvider.m */; };
		3E820E4415D40B190001A3EC /* CSUserProximity.m in Sources */ = {isa = PBXBuildFile; fileRef = 3E820E0215D40B180001A3EC /* CSUserProximity.m */; };
		3E820E4615D40B190001A3EC /* CSSensorStore.m in Sources */ = {isa = PBXBuildFile; fileRef = 3E820E0415D40B180001A3EC /* CSSensorStore.m */; };
		3E820E4715D40B190001A3EC /* CSSettings.m in Sources */ = {isa = PBXBuildFile; fileRef = 3E820E0515D40B180001A3EC /* CSSettings.m */; };
		3E836CD3171C4BB900D7494C /* CSSensorRequirements.m in Sources */ = {isa = PBXBuildFile; fileRef = 3E836CD2171C4BB900D7494C /* CSSensorRequirements.m */; };
		3E9C157715D574B500F520D0 /* SystemConfiguration.framework in Frameworks */ = {isa = PBXBuildFile; fileRef = 3E9C157615D574B500F520D0 /* SystemConfiguration.framework */; };
		3E9C157A15D574BB00F520D0 /* CoreTelephony.framework in Frameworks */ = {isa = PBXBuildFile; fileRef = 3E9C157915D574BB00F520D0 /* CoreTelephony.framework */; };
		3E9C157C15D574C300F520D0 /* AudioToolbox.framework in Frameworks */ = {isa = PBXBuildFile; fileRef = 3E9C157B15D574C300F520D0 /* AudioToolbox.framework */; };
		3E9C157E15D574D300F520D0 /* CoreAudio.framework in Frameworks */ = {isa = PBXBuildFile; fileRef = 3E9C157D15D574D300F520D0 /* CoreAudio.framework */; };
		3E9C158015D574DB00F520D0 /* AVFoundation.framework in Frameworks */ = {isa = PBXBuildFile; fileRef = 3E9C157F15D574DB00F520D0 /* AVFoundation.framework */; };
		3E9C158215D574E100F520D0 /* CoreMotion.framework in Frameworks */ = {isa = PBXBuildFile; fileRef = 3E9C158115D574E100F520D0 /* CoreMotion.framework */; };
		3E9C158415D574E700F520D0 /* CoreLocation.framework in Frameworks */ = {isa = PBXBuildFile; fileRef = 3E9C158315D574E700F520D0 /* CoreLocation.framework */; };
		FFC80BE6183CCF5900E3EF27 /* CSScreenSensor.m in Sources */ = {isa = PBXBuildFile; fileRef = FFC80BE5183CCF5900E3EF27 /* CSScreenSensor.m */; };
/* End PBXBuildFile section */

/* Begin PBXContainerItemProxy section */
		3E148BAC160A12010010A0D1 /* PBXContainerItemProxy */ = {
			isa = PBXContainerItemProxy;
			containerPortal = 3E820D6115D40AB50001A3EC /* Project object */;
			proxyType = 1;
			remoteGlobalIDString = 3E148B90160A12000010A0D1;
			remoteInfo = SensePlatformTestApp;
		};
		3E148BBD160A12310010A0D1 /* PBXContainerItemProxy */ = {
			isa = PBXContainerItemProxy;
			containerPortal = 3E820D6115D40AB50001A3EC /* Project object */;
			proxyType = 1;
			remoteGlobalIDString = 3E820D6915D40AB50001A3EC;
			remoteInfo = "Sense platform";
		};
		3E148BC1160A12560010A0D1 /* PBXContainerItemProxy */ = {
			isa = PBXContainerItemProxy;
			containerPortal = 3E820D6115D40AB50001A3EC /* Project object */;
			proxyType = 1;
			remoteGlobalIDString = 3E820D6915D40AB50001A3EC;
			remoteInfo = "Sense platform";
		};
		3EBEAF551887FBD4009F81C1 /* PBXContainerItemProxy */ = {
			isa = PBXContainerItemProxy;
			containerPortal = 3E820D6115D40AB50001A3EC /* Project object */;
			proxyType = 1;
			remoteGlobalIDString = 3EBEAF4D1887FADE009F81C1;
			remoteInfo = GenVersion;
		};
/* End PBXContainerItemProxy section */

/* Begin PBXCopyFilesBuildPhase section */
		3E4F273817033C7A0045588C /* CopyFiles */ = {
			isa = PBXCopyFilesBuildPhase;
			buildActionMask = 2147483647;
			dstPath = "include/${PRODUCT_NAME}";
			dstSubfolderSpec = 16;
			files = (
				3E4F27941704D3FC0045588C /* CSDynamicSensor.h in CopyFiles */,
				3E4F273917033CD20045588C /* CSSettings.h in CopyFiles */,
				3E4F273A17033CD40045588C /* CSSensorIds.h in CopyFiles */,
				3E4F273B17033CD60045588C /* CSSensor.h in CopyFiles */,
				3E4F273C17033CD90045588C /* CSSensePlatform.h in CopyFiles */,
				3E4F274517033D200045588C /* CSApplicationStateChange.h in CopyFiles */,
			);
			runOnlyForDeploymentPostprocessing = 0;
		};
/* End PBXCopyFilesBuildPhase section */

/* Begin PBXFileReference section */
		3E11261816A7086400805102 /* UIDevice+Hardware.h */ = {isa = PBXFileReference; fileEncoding = 4; lastKnownFileType = sourcecode.c.h; name = "UIDevice+Hardware.h"; path = "utils/UIDevice+Hardware.h"; sourceTree = "<group>"; };
		3E11261916A7086400805102 /* UIDevice+Hardware.m */ = {isa = PBXFileReference; fileEncoding = 4; lastKnownFileType = sourcecode.c.objc; name = "UIDevice+Hardware.m"; path = "utils/UIDevice+Hardware.m"; sourceTree = "<group>"; };
		3E148B7A160A11280010A0D1 /* SenTestingKit.framework */ = {isa = PBXFileReference; lastKnownFileType = wrapper.framework; name = SenTestingKit.framework; path = Library/Frameworks/SenTestingKit.framework; sourceTree = DEVELOPER_DIR; };
		3E148B7C160A11280010A0D1 /* UIKit.framework */ = {isa = PBXFileReference; lastKnownFileType = wrapper.framework; name = UIKit.framework; path = Library/Frameworks/UIKit.framework; sourceTree = DEVELOPER_DIR; };
		3E148B91160A12000010A0D1 /* SensePlatformTestApp.app */ = {isa = PBXFileReference; explicitFileType = wrapper.application; includeInIndex = 0; path = SensePlatformTestApp.app; sourceTree = BUILT_PRODUCTS_DIR; };
		3E148B95160A12010010A0D1 /* CoreGraphics.framework */ = {isa = PBXFileReference; lastKnownFileType = wrapper.framework; name = CoreGraphics.framework; path = System/Library/Frameworks/CoreGraphics.framework; sourceTree = SDKROOT; };
		3E148BA8160A12010010A0D1 /* .octest */ = {isa = PBXFileReference; explicitFileType = wrapper.cfbundle; includeInIndex = 0; path = .octest; sourceTree = BUILT_PRODUCTS_DIR; };
		3E148BB0160A12010010A0D1 /* SensePlatformTestAppTests-Info.plist */ = {isa = PBXFileReference; lastKnownFileType = text.plist.xml; path = "SensePlatformTestAppTests-Info.plist"; sourceTree = "<group>"; };
		3E148BB2160A12010010A0D1 /* en */ = {isa = PBXFileReference; lastKnownFileType = text.plist.strings; name = en; path = en.lproj/InfoPlist.strings; sourceTree = "<group>"; };
		3E148BB4160A12010010A0D1 /* SensePlatformTestAppTests.h */ = {isa = PBXFileReference; lastKnownFileType = sourcecode.c.h; path = SensePlatformTestAppTests.h; sourceTree = "<group>"; };
		3E148BB5160A12010010A0D1 /* SensePlatformTestAppTests.m */ = {isa = PBXFileReference; lastKnownFileType = sourcecode.c.objc; path = SensePlatformTestAppTests.m; sourceTree = "<group>"; };
		3E148BC7160A17F50010A0D1 /* AudioUnit.framework */ = {isa = PBXFileReference; lastKnownFileType = wrapper.framework; name = AudioUnit.framework; path = System/Library/Frameworks/AudioUnit.framework; sourceTree = SDKROOT; };
		3E148BCA160A180F0010A0D1 /* CoreMedia.framework */ = {isa = PBXFileReference; lastKnownFileType = wrapper.framework; name = CoreMedia.framework; path = System/Library/Frameworks/CoreMedia.framework; sourceTree = SDKROOT; };
		3E148BCC160A18130010A0D1 /* CFNetwork.framework */ = {isa = PBXFileReference; lastKnownFileType = wrapper.framework; name = CFNetwork.framework; path = System/Library/Frameworks/CFNetwork.framework; sourceTree = SDKROOT; };
		3E148BD0160A18DC0010A0D1 /* UIKit.framework */ = {isa = PBXFileReference; lastKnownFileType = wrapper.framework; name = UIKit.framework; path = System/Library/Frameworks/UIKit.framework; sourceTree = SDKROOT; };
		3E4F28B9170DB4750045588C /* Formatting.h */ = {isa = PBXFileReference; fileEncoding = 4; lastKnownFileType = sourcecode.c.h; name = Formatting.h; path = utils/Formatting.h; sourceTree = "<group>"; };
		3E4F28BA170DB4750045588C /* Formatting.m */ = {isa = PBXFileReference; fileEncoding = 4; lastKnownFileType = sourcecode.c.objc; name = Formatting.m; path = utils/Formatting.m; sourceTree = "<group>"; };
		3E59ACBB15F4DB9D00C07D59 /* UIDevice+IdentifierAddition.h */ = {isa = PBXFileReference; fileEncoding = 4; lastKnownFileType = sourcecode.c.h; name = "UIDevice+IdentifierAddition.h"; path = "utils/UIDevice+IdentifierAddition.h"; sourceTree = "<group>"; };
		3E59ACBC15F4DB9D00C07D59 /* UIDevice+IdentifierAddition.m */ = {isa = PBXFileReference; fileEncoding = 4; lastKnownFileType = sourcecode.c.objc; name = "UIDevice+IdentifierAddition.m"; path = "utils/UIDevice+IdentifierAddition.m"; sourceTree = "<group>"; };
		3E820D6A15D40AB50001A3EC /* libSensePlatform.a */ = {isa = PBXFileReference; explicitFileType = archive.ar; includeInIndex = 0; path = libSensePlatform.a; sourceTree = BUILT_PRODUCTS_DIR; };
		3E820D6D15D40AB50001A3EC /* Foundation.framework */ = {isa = PBXFileReference; lastKnownFileType = wrapper.framework; name = Foundation.framework; path = System/Library/Frameworks/Foundation.framework; sourceTree = SDKROOT; };
		3E820DBE15D40B100001A3EC /* Settings.plist */ = {isa = PBXFileReference; fileEncoding = 4; lastKnownFileType = text.plist.xml; path = Settings.plist; sourceTree = "<group>"; };
		3E820DC015D40B180001A3EC /* CSApplicationStateChange.m */ = {isa = PBXFileReference; fileEncoding = 4; lastKnownFileType = sourcecode.c.objc; path = CSApplicationStateChange.m; sourceTree = "<group>"; };
		3E820DC415D40B180001A3EC /* NSString+MD5Hash.h */ = {isa = PBXFileReference; fileEncoding = 4; lastKnownFileType = sourcecode.c.h; path = "NSString+MD5Hash.h"; sourceTree = "<group>"; };
		3E820DC515D40B180001A3EC /* NSString+MD5Hash.m */ = {isa = PBXFileReference; fileEncoding = 4; lastKnownFileType = sourcecode.c.objc; path = "NSString+MD5Hash.m"; sourceTree = "<group>"; };
		3E820DC615D40B180001A3EC /* CSSender.h */ = {isa = PBXFileReference; fileEncoding = 4; lastKnownFileType = sourcecode.c.h; path = CSSender.h; sourceTree = "<group>"; };
		3E820DC715D40B180001A3EC /* CSSender.m */ = {isa = PBXFileReference; fileEncoding = 4; lastKnownFileType = sourcecode.c.objc; path = CSSender.m; sourceTree = "<group>"; };
		3E820DC815D40B180001A3EC /* CSDataStore.h */ = {isa = PBXFileReference; fileEncoding = 4; lastKnownFileType = sourcecode.c.h; path = CSDataStore.h; sourceTree = "<group>"; };
		3E820DCA15D40B180001A3EC /* NSNotificationCenter+MainThread.h */ = {isa = PBXFileReference; fileEncoding = 4; lastKnownFileType = sourcecode.c.h; name = "NSNotificationCenter+MainThread.h"; path = "sense platform/misc/NSNotificationCenter+MainThread.h"; sourceTree = "<group>"; };
		3E820DCB15D40B180001A3EC /* NSNotificationCenter+MainThread.m */ = {isa = PBXFileReference; fileEncoding = 4; lastKnownFileType = sourcecode.c.objc; name = "NSNotificationCenter+MainThread.m"; path = "sense platform/misc/NSNotificationCenter+MainThread.m"; sourceTree = "<group>"; };
		3E820DCC15D40B180001A3EC /* CSReachability.h */ = {isa = PBXFileReference; fileEncoding = 4; lastKnownFileType = sourcecode.c.h; name = CSReachability.h; path = "sense platform/misc/CSReachability.h"; sourceTree = "<group>"; };
		3E820DCD15D40B180001A3EC /* CSReachability.m */ = {isa = PBXFileReference; fileEncoding = 4; lastKnownFileType = sourcecode.c.objc; name = CSReachability.m; path = "sense platform/misc/CSReachability.m"; sourceTree = "<group>"; };
		3E820DCE15D40B180001A3EC /* CSSensePlatform.m */ = {isa = PBXFileReference; fileEncoding = 4; lastKnownFileType = sourcecode.c.objc; path = CSSensePlatform.m; sourceTree = "<group>"; };
		3E820DCF15D40B180001A3EC /* CSSensorIds.m */ = {isa = PBXFileReference; fileEncoding = 4; lastKnownFileType = sourcecode.c.objc; path = CSSensorIds.m; sourceTree = "<group>"; };
		3E820DD315D40B180001A3EC /* CSAccelerationSensor.h */ = {isa = PBXFileReference; fileEncoding = 4; lastKnownFileType = sourcecode.c.h; path = CSAccelerationSensor.h; sourceTree = "<group>"; };
		3E820DD415D40B180001A3EC /* CSAccelerationSensor.m */ = {isa = PBXFileReference; fileEncoding = 4; lastKnownFileType = sourcecode.c.objc; path = CSAccelerationSensor.m; sourceTree = "<group>"; };
		3E820DD515D40B180001A3EC /* CSAccelerometerSensor.h */ = {isa = PBXFileReference; fileEncoding = 4; lastKnownFileType = sourcecode.c.h; path = CSAccelerometerSensor.h; sourceTree = "<group>"; };
		3E820DD615D40B180001A3EC /* CSAccelerometerSensor.m */ = {isa = PBXFileReference; fileEncoding = 4; lastKnownFileType = sourcecode.c.objc; path = CSAccelerometerSensor.m; sourceTree = "<group>"; };
		3E820DD815D40B180001A3EC /* CSAntPlusController.h */ = {isa = PBXFileReference; fileEncoding = 4; lastKnownFileType = sourcecode.c.h; path = CSAntPlusController.h; sourceTree = "<group>"; };
		3E820DD915D40B180001A3EC /* CSAntPlusController.m */ = {isa = PBXFileReference; fileEncoding = 4; lastKnownFileType = sourcecode.c.objc; path = CSAntPlusController.m; sourceTree = "<group>"; };
		3E820DDA15D40B180001A3EC /* BloodPressureSensor.h */ = {isa = PBXFileReference; fileEncoding = 4; lastKnownFileType = sourcecode.c.h; path = BloodPressureSensor.h; sourceTree = "<group>"; };
		3E820DDB15D40B180001A3EC /* BloodPressureSensor.m */ = {isa = PBXFileReference; fileEncoding = 4; lastKnownFileType = sourcecode.c.objc; path = BloodPressureSensor.m; sourceTree = "<group>"; };
		3E820DDC15D40B180001A3EC /* FootpodSensor.h */ = {isa = PBXFileReference; fileEncoding = 4; lastKnownFileType = sourcecode.c.h; path = FootpodSensor.h; sourceTree = "<group>"; };
		3E820DDD15D40B180001A3EC /* FootpodSensor.m */ = {isa = PBXFileReference; fileEncoding = 4; lastKnownFileType = sourcecode.c.objc; path = FootpodSensor.m; sourceTree = "<group>"; };
		3E820DDE15D40B180001A3EC /* CSBatterySensor.h */ = {isa = PBXFileReference; fileEncoding = 4; lastKnownFileType = sourcecode.c.h; path = CSBatterySensor.h; sourceTree = "<group>"; };
		3E820DDF15D40B180001A3EC /* CSBatterySensor.m */ = {isa = PBXFileReference; fileEncoding = 4; lastKnownFileType = sourcecode.c.objc; path = CSBatterySensor.m; sourceTree = "<group>"; };
		3E820DE015D40B180001A3EC /* CSCallSensor.h */ = {isa = PBXFileReference; fileEncoding = 4; lastKnownFileType = sourcecode.c.h; path = CSCallSensor.h; sourceTree = "<group>"; };
		3E820DE115D40B180001A3EC /* CSCallSensor.m */ = {isa = PBXFileReference; fileEncoding = 4; lastKnownFileType = sourcecode.c.objc; path = CSCallSensor.m; sourceTree = "<group>"; };
		3E820DE215D40B180001A3EC /* CSCompassSensor.h */ = {isa = PBXFileReference; fileEncoding = 4; lastKnownFileType = sourcecode.c.h; path = CSCompassSensor.h; sourceTree = "<group>"; };
		3E820DE315D40B180001A3EC /* CSCompassSensor.m */ = {isa = PBXFileReference; fileEncoding = 4; lastKnownFileType = sourcecode.c.objc; path = CSCompassSensor.m; sourceTree = "<group>"; };
		3E820DE415D40B180001A3EC /* CSConnectionSensor.h */ = {isa = PBXFileReference; fileEncoding = 4; lastKnownFileType = sourcecode.c.h; path = CSConnectionSensor.h; sourceTree = "<group>"; };
		3E820DE515D40B180001A3EC /* CSConnectionSensor.m */ = {isa = PBXFileReference; fileEncoding = 4; lastKnownFileType = sourcecode.c.objc; path = CSConnectionSensor.m; sourceTree = "<group>"; };
		3E820DE615D40B180001A3EC /* CSDynamicSensor.h */ = {isa = PBXFileReference; fileEncoding = 4; lastKnownFileType = sourcecode.c.h; path = CSDynamicSensor.h; sourceTree = "<group>"; };
		3E820DE715D40B180001A3EC /* CSDynamicSensor.m */ = {isa = PBXFileReference; fileEncoding = 4; lastKnownFileType = sourcecode.c.objc; path = CSDynamicSensor.m; sourceTree = "<group>"; };
		3E820DE815D40B180001A3EC /* CSJumpSensor.h */ = {isa = PBXFileReference; fileEncoding = 4; lastKnownFileType = sourcecode.c.h; path = CSJumpSensor.h; sourceTree = "<group>"; };
		3E820DE915D40B180001A3EC /* CSJumpSensor.m */ = {isa = PBXFileReference; fileEncoding = 4; lastKnownFileType = sourcecode.c.objc; path = CSJumpSensor.m; sourceTree = "<group>"; };
		3E820DEA15D40B180001A3EC /* CSLocationSensor.h */ = {isa = PBXFileReference; fileEncoding = 4; lastKnownFileType = sourcecode.c.h; path = CSLocationSensor.h; sourceTree = "<group>"; };
		3E820DEB15D40B180001A3EC /* CSLocationSensor.m */ = {isa = PBXFileReference; fileEncoding = 4; lastKnownFileType = sourcecode.c.objc; path = CSLocationSensor.m; sourceTree = "<group>"; };
		3E820DEE15D40B180001A3EC /* CSMotionEnergySensor.h */ = {isa = PBXFileReference; fileEncoding = 4; lastKnownFileType = sourcecode.c.h; path = CSMotionEnergySensor.h; sourceTree = "<group>"; };
		3E820DEF15D40B180001A3EC /* CSMotionEnergySensor.m */ = {isa = PBXFileReference; fileEncoding = 4; lastKnownFileType = sourcecode.c.objc; path = CSMotionEnergySensor.m; sourceTree = "<group>"; };
		3E820DF015D40B180001A3EC /* CSMotionFeaturesSensor.h */ = {isa = PBXFileReference; fileEncoding = 4; lastKnownFileType = sourcecode.c.h; path = CSMotionFeaturesSensor.h; sourceTree = "<group>"; };
		3E820DF115D40B180001A3EC /* CSMotionFeaturesSensor.m */ = {isa = PBXFileReference; fileEncoding = 4; lastKnownFileType = sourcecode.c.objc; path = CSMotionFeaturesSensor.m; sourceTree = "<group>"; };
		3E820DF215D40B180001A3EC /* CSMovingSensor.h */ = {isa = PBXFileReference; fileEncoding = 4; lastKnownFileType = sourcecode.c.h; path = CSMovingSensor.h; sourceTree = "<group>"; };
		3E820DF315D40B180001A3EC /* CSMovingSensor.m */ = {isa = PBXFileReference; fileEncoding = 4; lastKnownFileType = sourcecode.c.objc; path = CSMovingSensor.m; sourceTree = "<group>"; };
		3E820DF415D40B180001A3EC /* CSNoiseSensor.h */ = {isa = PBXFileReference; fileEncoding = 4; lastKnownFileType = sourcecode.c.h; path = CSNoiseSensor.h; sourceTree = "<group>"; };
		3E820DF515D40B180001A3EC /* CSNoiseSensor.m */ = {isa = PBXFileReference; fileEncoding = 4; lastKnownFileType = sourcecode.c.objc; path = CSNoiseSensor.m; sourceTree = "<group>"; };
		3E820DF615D40B180001A3EC /* CSOrientationSensor.h */ = {isa = PBXFileReference; fileEncoding = 4; lastKnownFileType = sourcecode.c.h; path = CSOrientationSensor.h; sourceTree = "<group>"; };
		3E820DF715D40B180001A3EC /* CSOrientationSensor.m */ = {isa = PBXFileReference; fileEncoding = 4; lastKnownFileType = sourcecode.c.objc; path = CSOrientationSensor.m; sourceTree = "<group>"; };
		3E820DF815D40B180001A3EC /* CSOrientationStateSensor.h */ = {isa = PBXFileReference; fileEncoding = 4; lastKnownFileType = sourcecode.c.h; path = CSOrientationStateSensor.h; sourceTree = "<group>"; };
		3E820DF915D40B180001A3EC /* CSOrientationStateSensor.m */ = {isa = PBXFileReference; fileEncoding = 4; lastKnownFileType = sourcecode.c.objc; path = CSOrientationStateSensor.m; sourceTree = "<group>"; };
		3E820DFA15D40B180001A3EC /* CSPreferencesSensor.h */ = {isa = PBXFileReference; fileEncoding = 4; lastKnownFileType = sourcecode.c.h; path = CSPreferencesSensor.h; sourceTree = "<group>"; };
		3E820DFB15D40B180001A3EC /* CSPreferencesSensor.m */ = {isa = PBXFileReference; fileEncoding = 4; lastKnownFileType = sourcecode.c.objc; path = CSPreferencesSensor.m; sourceTree = "<group>"; };
		3E820DFC15D40B180001A3EC /* CSRotationSensor.h */ = {isa = PBXFileReference; fileEncoding = 4; lastKnownFileType = sourcecode.c.h; path = CSRotationSensor.h; sourceTree = "<group>"; };
		3E820DFD15D40B180001A3EC /* CSRotationSensor.m */ = {isa = PBXFileReference; fileEncoding = 4; lastKnownFileType = sourcecode.c.objc; path = CSRotationSensor.m; sourceTree = "<group>"; };
		3E820DFE15D40B180001A3EC /* CSSensor.m */ = {isa = PBXFileReference; fileEncoding = 4; lastKnownFileType = sourcecode.c.objc; path = CSSensor.m; sourceTree = "<group>"; };
		3E820DFF15D40B180001A3EC /* CSSpatialProvider.h */ = {isa = PBXFileReference; fileEncoding = 4; lastKnownFileType = sourcecode.c.h; path = CSSpatialProvider.h; sourceTree = "<group>"; };
		3E820E0015D40B180001A3EC /* CSSpatialProvider.m */ = {isa = PBXFileReference; fileEncoding = 4; lastKnownFileType = sourcecode.c.objc; path = CSSpatialProvider.m; sourceTree = "<group>"; };
		3E820E0115D40B180001A3EC /* CSUserProximity.h */ = {isa = PBXFileReference; fileEncoding = 4; lastKnownFileType = sourcecode.c.h; path = CSUserProximity.h; sourceTree = "<group>"; };
		3E820E0215D40B180001A3EC /* CSUserProximity.m */ = {isa = PBXFileReference; fileEncoding = 4; lastKnownFileType = sourcecode.c.objc; path = CSUserProximity.m; sourceTree = "<group>"; };
		3E820E0315D40B180001A3EC /* CSSensorStore.h */ = {isa = PBXFileReference; fileEncoding = 4; lastKnownFileType = sourcecode.c.h; path = CSSensorStore.h; sourceTree = "<group>"; };
		3E820E0415D40B180001A3EC /* CSSensorStore.m */ = {isa = PBXFileReference; fileEncoding = 4; lastKnownFileType = sourcecode.c.objc; path = CSSensorStore.m; sourceTree = "<group>"; };
		3E820E0515D40B180001A3EC /* CSSettings.m */ = {isa = PBXFileReference; fileEncoding = 4; lastKnownFileType = sourcecode.c.objc; path = CSSettings.m; sourceTree = "<group>"; };
		3E820F8215D41C970001A3EC /* SensePlatform-Prefix.pch */ = {isa = PBXFileReference; fileEncoding = 4; lastKnownFileType = sourcecode.c.h; path = "SensePlatform-Prefix.pch"; sourceTree = "<group>"; };
		3E836CD1171C4BB800D7494C /* CSSensorRequirements.h */ = {isa = PBXFileReference; fileEncoding = 4; lastKnownFileType = sourcecode.c.h; path = CSSensorRequirements.h; sourceTree = "<group>"; };
		3E836CD2171C4BB900D7494C /* CSSensorRequirements.m */ = {isa = PBXFileReference; fileEncoding = 4; lastKnownFileType = sourcecode.c.objc; path = CSSensorRequirements.m; sourceTree = "<group>"; };
		3E9C155515D564E100F520D0 /* CSApplicationStateChange.h */ = {isa = PBXFileReference; fileEncoding = 4; lastKnownFileType = sourcecode.c.h; path = CSApplicationStateChange.h; sourceTree = "<group>"; };
		3E9C155615D564E100F520D0 /* CSSensePlatform.h */ = {isa = PBXFileReference; fileEncoding = 4; lastKnownFileType = sourcecode.c.h; path = CSSensePlatform.h; sourceTree = "<group>"; };
		3E9C155715D564E100F520D0 /* CSSensor.h */ = {isa = PBXFileReference; fileEncoding = 4; lastKnownFileType = sourcecode.c.h; path = CSSensor.h; sourceTree = "<group>"; };
		3E9C155815D564E100F520D0 /* CSSensorIds.h */ = {isa = PBXFileReference; fileEncoding = 4; lastKnownFileType = sourcecode.c.h; path = CSSensorIds.h; sourceTree = "<group>"; };
		3E9C155915D564E100F520D0 /* CSSettings.h */ = {isa = PBXFileReference; fileEncoding = 4; lastKnownFileType = sourcecode.c.h; path = CSSettings.h; sourceTree = "<group>"; };
		3E9C157615D574B500F520D0 /* SystemConfiguration.framework */ = {isa = PBXFileReference; lastKnownFileType = wrapper.framework; name = SystemConfiguration.framework; path = System/Library/Frameworks/SystemConfiguration.framework; sourceTree = SDKROOT; };
		3E9C157915D574BB00F520D0 /* CoreTelephony.framework */ = {isa = PBXFileReference; lastKnownFileType = wrapper.framework; name = CoreTelephony.framework; path = System/Library/Frameworks/CoreTelephony.framework; sourceTree = SDKROOT; };
		3E9C157B15D574C300F520D0 /* AudioToolbox.framework */ = {isa = PBXFileReference; lastKnownFileType = wrapper.framework; name = AudioToolbox.framework; path = System/Library/Frameworks/AudioToolbox.framework; sourceTree = SDKROOT; };
		3E9C157D15D574D300F520D0 /* CoreAudio.framework */ = {isa = PBXFileReference; lastKnownFileType = wrapper.framework; name = CoreAudio.framework; path = System/Library/Frameworks/CoreAudio.framework; sourceTree = SDKROOT; };
		3E9C157F15D574DB00F520D0 /* AVFoundation.framework */ = {isa = PBXFileReference; lastKnownFileType = wrapper.framework; name = AVFoundation.framework; path = System/Library/Frameworks/AVFoundation.framework; sourceTree = SDKROOT; };
		3E9C158115D574E100F520D0 /* CoreMotion.framework */ = {isa = PBXFileReference; lastKnownFileType = wrapper.framework; name = CoreMotion.framework; path = System/Library/Frameworks/CoreMotion.framework; sourceTree = SDKROOT; };
		3E9C158315D574E700F520D0 /* CoreLocation.framework */ = {isa = PBXFileReference; lastKnownFileType = wrapper.framework; name = CoreLocation.framework; path = System/Library/Frameworks/CoreLocation.framework; sourceTree = SDKROOT; };
		3EBEAF571887FCA9009F81C1 /* CSVersion.h */ = {isa = PBXFileReference; fileEncoding = 4; lastKnownFileType = sourcecode.c.h; path = CSVersion.h; sourceTree = "<group>"; };
		FFC80BE4183CCF5900E3EF27 /* CSScreenSensor.h */ = {isa = PBXFileReference; fileEncoding = 4; lastKnownFileType = sourcecode.c.h; path = CSScreenSensor.h; sourceTree = "<group>"; };
		FFC80BE5183CCF5900E3EF27 /* CSScreenSensor.m */ = {isa = PBXFileReference; fileEncoding = 4; lastKnownFileType = sourcecode.c.objc; path = CSScreenSensor.m; sourceTree = "<group>"; };
/* End PBXFileReference section */

/* Begin PBXFrameworksBuildPhase section */
		3E148B8E160A12000010A0D1 /* Frameworks */ = {
			isa = PBXFrameworksBuildPhase;
			buildActionMask = 2147483647;
			files = (
				3E148BD2160A19340010A0D1 /* AVFoundation.framework in Frameworks */,
				3E148BD1160A18DC0010A0D1 /* UIKit.framework in Frameworks */,
				3E148BCF160A18AD0010A0D1 /* CoreTelephony.framework in Frameworks */,
				3E148BCD160A18130010A0D1 /* CFNetwork.framework in Frameworks */,
				3E148BCB160A180F0010A0D1 /* CoreMedia.framework in Frameworks */,
				3E148BC9160A180A0010A0D1 /* CoreLocation.framework in Frameworks */,
				3E148BC6160A17C60010A0D1 /* AudioToolbox.framework in Frameworks */,
				3E148BC5160A17BD0010A0D1 /* CoreAudio.framework in Frameworks */,
				3E148BC4160A17AD0010A0D1 /* SystemConfiguration.framework in Frameworks */,
				3E148BC3160A17A30010A0D1 /* CoreMotion.framework in Frameworks */,
				3E148BBF160A123B0010A0D1 /* libSensePlatform.a in Frameworks */,
				3E148B94160A12010010A0D1 /* Foundation.framework in Frameworks */,
				3E148B96160A12010010A0D1 /* CoreGraphics.framework in Frameworks */,
			);
			runOnlyForDeploymentPostprocessing = 0;
		};
		3E148BA4160A12010010A0D1 /* Frameworks */ = {
			isa = PBXFrameworksBuildPhase;
			buildActionMask = 2147483647;
			files = (
				3E148BD3160A19A20010A0D1 /* AudioToolbox.framework in Frameworks */,
				3E148BD4160A19A20010A0D1 /* AVFoundation.framework in Frameworks */,
				3E148BD5160A19A20010A0D1 /* CFNetwork.framework in Frameworks */,
				3E148BD6160A19A20010A0D1 /* CoreAudio.framework in Frameworks */,
				3E148BD7160A19A20010A0D1 /* CoreLocation.framework in Frameworks */,
				3E148BD8160A19A20010A0D1 /* CoreMotion.framework in Frameworks */,
				3E148BD9160A19A20010A0D1 /* CoreTelephony.framework in Frameworks */,
				3E148BDA160A19A20010A0D1 /* SystemConfiguration.framework in Frameworks */,
				3E148BDB160A19A20010A0D1 /* UIKit.framework in Frameworks */,
				3E148BC0160A12510010A0D1 /* libSensePlatform.a in Frameworks */,
				3E148BA9160A12010010A0D1 /* SenTestingKit.framework in Frameworks */,
				3E148BAA160A12010010A0D1 /* UIKit.framework in Frameworks */,
				3E148BAB160A12010010A0D1 /* Foundation.framework in Frameworks */,
			);
			runOnlyForDeploymentPostprocessing = 0;
		};
		3E820D6715D40AB50001A3EC /* Frameworks */ = {
			isa = PBXFrameworksBuildPhase;
			buildActionMask = 2147483647;
			files = (
				3E9C158415D574E700F520D0 /* CoreLocation.framework in Frameworks */,
				3E9C158215D574E100F520D0 /* CoreMotion.framework in Frameworks */,
				3E9C158015D574DB00F520D0 /* AVFoundation.framework in Frameworks */,
				3E9C157E15D574D300F520D0 /* CoreAudio.framework in Frameworks */,
				3E9C157C15D574C300F520D0 /* AudioToolbox.framework in Frameworks */,
				3E9C157A15D574BB00F520D0 /* CoreTelephony.framework in Frameworks */,
				3E9C157715D574B500F520D0 /* SystemConfiguration.framework in Frameworks */,
				3E820D6E15D40AB50001A3EC /* Foundation.framework in Frameworks */,
			);
			runOnlyForDeploymentPostprocessing = 0;
		};
/* End PBXFrameworksBuildPhase section */

/* Begin PBXGroup section */
		3E148BAE160A12010010A0D1 /* SensePlatformTestAppTests */ = {
			isa = PBXGroup;
			children = (
				3E148BB4160A12010010A0D1 /* SensePlatformTestAppTests.h */,
				3E148BB5160A12010010A0D1 /* SensePlatformTestAppTests.m */,
				3E148BAF160A12010010A0D1 /* Supporting Files */,
			);
			path = SensePlatformTestAppTests;
			sourceTree = "<group>";
		};
		3E148BAF160A12010010A0D1 /* Supporting Files */ = {
			isa = PBXGroup;
			children = (
				3E148BB0160A12010010A0D1 /* SensePlatformTestAppTests-Info.plist */,
				3E148BB1160A12010010A0D1 /* InfoPlist.strings */,
			);
			name = "Supporting Files";
			sourceTree = "<group>";
		};
		3E59ACB915F4DB1B00C07D59 /* Utils */ = {
			isa = PBXGroup;
			children = (
				3E4F28B9170DB4750045588C /* Formatting.h */,
				3E4F28BA170DB4750045588C /* Formatting.m */,
				3E11261816A7086400805102 /* UIDevice+Hardware.h */,
				3E11261916A7086400805102 /* UIDevice+Hardware.m */,
				3E59ACBB15F4DB9D00C07D59 /* UIDevice+IdentifierAddition.h */,
				3E59ACBC15F4DB9D00C07D59 /* UIDevice+IdentifierAddition.m */,
				3E820DCA15D40B180001A3EC /* NSNotificationCenter+MainThread.h */,
				3E820DCB15D40B180001A3EC /* NSNotificationCenter+MainThread.m */,
				3E820DCC15D40B180001A3EC /* CSReachability.h */,
				3E820DCD15D40B180001A3EC /* CSReachability.m */,
			);
			name = Utils;
			sourceTree = "<group>";
		};
		3E820D5F15D40AB50001A3EC = {
			isa = PBXGroup;
			children = (
				3EACDD84172E927900975C8D /* plugins */,
				3E148BD0160A18DC0010A0D1 /* UIKit.framework */,
				3E148BCC160A18130010A0D1 /* CFNetwork.framework */,
				3E148BCA160A180F0010A0D1 /* CoreMedia.framework */,
				3E148BC7160A17F50010A0D1 /* AudioUnit.framework */,
				3E9C158315D574E700F520D0 /* CoreLocation.framework */,
				3E9C158115D574E100F520D0 /* CoreMotion.framework */,
				3E9C157F15D574DB00F520D0 /* AVFoundation.framework */,
				3E9C157D15D574D300F520D0 /* CoreAudio.framework */,
				3E9C157B15D574C300F520D0 /* AudioToolbox.framework */,
				3E9C157915D574BB00F520D0 /* CoreTelephony.framework */,
				3E9C157615D574B500F520D0 /* SystemConfiguration.framework */,
				3E9C154315D564E100F520D0 /* include */,
				3E820F8215D41C970001A3EC /* SensePlatform-Prefix.pch */,
				3E59ACB915F4DB1B00C07D59 /* Utils */,
				3E820DBF15D40B180001A3EC /* sense platform */,
				3E820DBB15D40B100001A3EC /* resources */,
				3E148BAE160A12010010A0D1 /* SensePlatformTestAppTests */,
				3E820D6C15D40AB50001A3EC /* Frameworks */,
				3E820D6B15D40AB50001A3EC /* Products */,
			);
			sourceTree = "<group>";
		};
		3E820D6B15D40AB50001A3EC /* Products */ = {
			isa = PBXGroup;
			children = (
				3E820D6A15D40AB50001A3EC /* libSensePlatform.a */,
				3E148B91160A12000010A0D1 /* SensePlatformTestApp.app */,
				3E148BA8160A12010010A0D1 /* .octest */,
			);
			name = Products;
			sourceTree = "<group>";
		};
		3E820D6C15D40AB50001A3EC /* Frameworks */ = {
			isa = PBXGroup;
			children = (
				3E820D6D15D40AB50001A3EC /* Foundation.framework */,
				3E148B7A160A11280010A0D1 /* SenTestingKit.framework */,
				3E148B7C160A11280010A0D1 /* UIKit.framework */,
				3E148B95160A12010010A0D1 /* CoreGraphics.framework */,
			);
			name = Frameworks;
			sourceTree = "<group>";
		};
		3E820DBB15D40B100001A3EC /* resources */ = {
			isa = PBXGroup;
			children = (
				3E820DBE15D40B100001A3EC /* Settings.plist */,
			);
			path = resources;
			sourceTree = "<group>";
		};
		3E820DBF15D40B180001A3EC /* sense platform */ = {
			isa = PBXGroup;
			children = (
				3E820DC015D40B180001A3EC /* CSApplicationStateChange.m */,
				3E820DC115D40B180001A3EC /* communication */,
				3E820DC815D40B180001A3EC /* CSDataStore.h */,
				3E820DCE15D40B180001A3EC /* CSSensePlatform.m */,
				3E820DCF15D40B180001A3EC /* CSSensorIds.m */,
				3E820DD015D40B180001A3EC /* sensors */,
				3E820E0315D40B180001A3EC /* CSSensorStore.h */,
				3E820E0415D40B180001A3EC /* CSSensorStore.m */,
				3E820E0515D40B180001A3EC /* CSSettings.m */,
				3E836CD1171C4BB800D7494C /* CSSensorRequirements.h */,
				3E836CD2171C4BB900D7494C /* CSSensorRequirements.m */,
			);
			path = "sense platform";
			sourceTree = "<group>";
		};
		3E820DC115D40B180001A3EC /* communication */ = {
			isa = PBXGroup;
			children = (
				3E820DC415D40B180001A3EC /* NSString+MD5Hash.h */,
				3E820DC515D40B180001A3EC /* NSString+MD5Hash.m */,
				3E820DC615D40B180001A3EC /* CSSender.h */,
				3E820DC715D40B180001A3EC /* CSSender.m */,
			);
			path = communication;
			sourceTree = "<group>";
		};
		3E820DD015D40B180001A3EC /* sensors */ = {
			isa = PBXGroup;
			children = (
				3E820DD315D40B180001A3EC /* CSAccelerationSensor.h */,
				3E820DD415D40B180001A3EC /* CSAccelerationSensor.m */,
				3E820DD515D40B180001A3EC /* CSAccelerometerSensor.h */,
				3E820DD615D40B180001A3EC /* CSAccelerometerSensor.m */,
				3E820DD715D40B180001A3EC /* ant+ */,
				3E820DDE15D40B180001A3EC /* CSBatterySensor.h */,
				3E820DDF15D40B180001A3EC /* CSBatterySensor.m */,
				3E820DE015D40B180001A3EC /* CSCallSensor.h */,
				3E820DE115D40B180001A3EC /* CSCallSensor.m */,
				3E820DE215D40B180001A3EC /* CSCompassSensor.h */,
				3E820DE315D40B180001A3EC /* CSCompassSensor.m */,
				3E820DE415D40B180001A3EC /* CSConnectionSensor.h */,
				3E820DE515D40B180001A3EC /* CSConnectionSensor.m */,
				FFC80BE4183CCF5900E3EF27 /* CSScreenSensor.h */,
				FFC80BE5183CCF5900E3EF27 /* CSScreenSensor.m */,
				3E820DE615D40B180001A3EC /* CSDynamicSensor.h */,
				3E820DE715D40B180001A3EC /* CSDynamicSensor.m */,
				3E820DE815D40B180001A3EC /* CSJumpSensor.h */,
				3E820DE915D40B180001A3EC /* CSJumpSensor.m */,
				3E820DEA15D40B180001A3EC /* CSLocationSensor.h */,
				3E820DEB15D40B180001A3EC /* CSLocationSensor.m */,
				3E820DEE15D40B180001A3EC /* CSMotionEnergySensor.h */,
				3E820DEF15D40B180001A3EC /* CSMotionEnergySensor.m */,
				3E820DF015D40B180001A3EC /* CSMotionFeaturesSensor.h */,
				3E820DF115D40B180001A3EC /* CSMotionFeaturesSensor.m */,
				3E820DF215D40B180001A3EC /* CSMovingSensor.h */,
				3E820DF315D40B180001A3EC /* CSMovingSensor.m */,
				3E820DF415D40B180001A3EC /* CSNoiseSensor.h */,
				3E820DF515D40B180001A3EC /* CSNoiseSensor.m */,
				3E820DF615D40B180001A3EC /* CSOrientationSensor.h */,
				3E820DF715D40B180001A3EC /* CSOrientationSensor.m */,
				3E820DF815D40B180001A3EC /* CSOrientationStateSensor.h */,
				3E820DF915D40B180001A3EC /* CSOrientationStateSensor.m */,
				3E820DFA15D40B180001A3EC /* CSPreferencesSensor.h */,
				3E820DFB15D40B180001A3EC /* CSPreferencesSensor.m */,
				3E820DFC15D40B180001A3EC /* CSRotationSensor.h */,
				3E820DFD15D40B180001A3EC /* CSRotationSensor.m */,
				3E820DFE15D40B180001A3EC /* CSSensor.m */,
				3E820DFF15D40B180001A3EC /* CSSpatialProvider.h */,
				3E820E0015D40B180001A3EC /* CSSpatialProvider.m */,
				3E820E0115D40B180001A3EC /* CSUserProximity.h */,
				3E820E0215D40B180001A3EC /* CSUserProximity.m */,
			);
			path = sensors;
			sourceTree = "<group>";
		};
		3E820DD715D40B180001A3EC /* ant+ */ = {
			isa = PBXGroup;
			children = (
				3E820DD815D40B180001A3EC /* CSAntPlusController.h */,
				3E820DD915D40B180001A3EC /* CSAntPlusController.m */,
				3E820DDA15D40B180001A3EC /* BloodPressureSensor.h */,
				3E820DDB15D40B180001A3EC /* BloodPressureSensor.m */,
				3E820DDC15D40B180001A3EC /* FootpodSensor.h */,
				3E820DDD15D40B180001A3EC /* FootpodSensor.m */,
			);
			path = "ant+";
			sourceTree = "<group>";
		};
		3E9C154315D564E100F520D0 /* include */ = {
			isa = PBXGroup;
			children = (
				3E9C155415D564E100F520D0 /* SensePlatform */,
			);
			path = include;
			sourceTree = "<group>";
		};
		3E9C155415D564E100F520D0 /* SensePlatform */ = {
			isa = PBXGroup;
			children = (
				3EBEAF571887FCA9009F81C1 /* CSVersion.h */,
				3E9C155515D564E100F520D0 /* CSApplicationStateChange.h */,
				3E9C155615D564E100F520D0 /* CSSensePlatform.h */,
				3E9C155715D564E100F520D0 /* CSSensor.h */,
				3E9C155815D564E100F520D0 /* CSSensorIds.h */,
				3E9C155915D564E100F520D0 /* CSSettings.h */,
			);
			path = SensePlatform;
			sourceTree = "<group>";
		};
		3EACDD84172E927900975C8D /* plugins */ = {
			isa = PBXGroup;
			children = (
			);
			name = plugins;
			path = "sense platform/plugins";
			sourceTree = "<group>";
		};
/* End PBXGroup section */

/* Begin PBXNativeTarget section */
		3E148B90160A12000010A0D1 /* SensePlatformTestApp */ = {
			isa = PBXNativeTarget;
			buildConfigurationList = 3E148BB7160A12010010A0D1 /* Build configuration list for PBXNativeTarget "SensePlatformTestApp" */;
			buildPhases = (
				3E148B8D160A12000010A0D1 /* Sources */,
				3E148B8E160A12000010A0D1 /* Frameworks */,
				3E148B8F160A12000010A0D1 /* Resources */,
			);
			buildRules = (
			);
			dependencies = (
				3E148BBE160A12310010A0D1 /* PBXTargetDependency */,
			);
			name = SensePlatformTestApp;
			productName = SensePlatformTestApp;
			productReference = 3E148B91160A12000010A0D1 /* SensePlatformTestApp.app */;
			productType = "com.apple.product-type.application";
		};
		3E148BA7160A12010010A0D1 /* SensePlatformTestAppTests */ = {
			isa = PBXNativeTarget;
			buildConfigurationList = 3E148BBA160A12010010A0D1 /* Build configuration list for PBXNativeTarget "SensePlatformTestAppTests" */;
			buildPhases = (
				3E148BA3160A12010010A0D1 /* Sources */,
				3E148BA4160A12010010A0D1 /* Frameworks */,
				3E148BA5160A12010010A0D1 /* Resources */,
				3E148BA6160A12010010A0D1 /* ShellScript */,
			);
			buildRules = (
			);
			dependencies = (
				3E148BC2160A12560010A0D1 /* PBXTargetDependency */,
				3E148BAD160A12010010A0D1 /* PBXTargetDependency */,
			);
			name = SensePlatformTestAppTests;
			productName = SensePlatformTestAppTests;
			productReference = 3E148BA8160A12010010A0D1 /* .octest */;
			productType = "com.apple.product-type.bundle";
		};
		3E820D6915D40AB50001A3EC /* SensePlatform */ = {
			isa = PBXNativeTarget;
			buildConfigurationList = 3E820D7715D40AB50001A3EC /* Build configuration list for PBXNativeTarget "SensePlatform" */;
			buildPhases = (
				3E820D6615D40AB50001A3EC /* Sources */,
				3E820D6715D40AB50001A3EC /* Frameworks */,
				3E4F273817033C7A0045588C /* CopyFiles */,
				3EBEAF441887ED21009F81C1 /* ShellScript */,
			);
			buildRules = (
			);
			dependencies = (
				3EBEAF561887FBD4009F81C1 /* PBXTargetDependency */,
			);
			name = SensePlatform;
			productName = "Sense platform iOS";
			productReference = 3E820D6A15D40AB50001A3EC /* libSensePlatform.a */;
			productType = "com.apple.product-type.library.static";
		};
/* End PBXNativeTarget section */

/* Begin PBXProject section */
		3E820D6115D40AB50001A3EC /* Project object */ = {
			isa = PBXProject;
			attributes = {
				LastUpgradeCheck = 0500;
			};
			buildConfigurationList = 3E820D6415D40AB50001A3EC /* Build configuration list for PBXProject "SensePlatform" */;
			compatibilityVersion = "Xcode 3.2";
			developmentRegion = English;
			hasScannedForEncodings = 0;
			knownRegions = (
				en,
			);
			mainGroup = 3E820D5F15D40AB50001A3EC;
			productRefGroup = 3E820D6B15D40AB50001A3EC /* Products */;
			projectDirPath = "";
			projectRoot = "";
			targets = (
				3E820D6915D40AB50001A3EC /* SensePlatform */,
				3E148B90160A12000010A0D1 /* SensePlatformTestApp */,
				3E148BA7160A12010010A0D1 /* SensePlatformTestAppTests */,
				3EBEAF4D1887FADE009F81C1 /* GenVersion */,
			);
		};
/* End PBXProject section */

/* Begin PBXResourcesBuildPhase section */
		3E148B8F160A12000010A0D1 /* Resources */ = {
			isa = PBXResourcesBuildPhase;
			buildActionMask = 2147483647;
			files = (
				3E148BDF160A1C9D0010A0D1 /* Settings.plist in Resources */,
			);
			runOnlyForDeploymentPostprocessing = 0;
		};
		3E148BA5160A12010010A0D1 /* Resources */ = {
			isa = PBXResourcesBuildPhase;
			buildActionMask = 2147483647;
			files = (
				3E148BDD160A1C4D0010A0D1 /* Settings.plist in Resources */,
				3E148BB3160A12010010A0D1 /* InfoPlist.strings in Resources */,
			);
			runOnlyForDeploymentPostprocessing = 0;
		};
/* End PBXResourcesBuildPhase section */

/* Begin PBXShellScriptBuildPhase section */
		3E148BA6160A12010010A0D1 /* ShellScript */ = {
			isa = PBXShellScriptBuildPhase;
			buildActionMask = 2147483647;
			files = (
			);
			inputPaths = (
			);
			outputPaths = (
			);
			runOnlyForDeploymentPostprocessing = 0;
			shellPath = /bin/sh;
			shellScript = "# Run the unit tests in this test bundle.\n\"${SYSTEM_DEVELOPER_DIR}/Tools/RunUnitTests\"\n";
		};
		3EBEAF441887ED21009F81C1 /* ShellScript */ = {
			isa = PBXShellScriptBuildPhase;
			buildActionMask = 2147483647;
			files = (
			);
			inputPaths = (
			);
			outputPaths = (
			);
			runOnlyForDeploymentPostprocessing = 0;
			shellPath = /bin/sh;
			shellScript = "git=/usr/local/git/bin/git\nversion=`git describe --tags --dirty`\necho \"#define SENSE_PLATFORM_VERSION \\\"$version\\\"\" > CSVersion.h";
		};
		3EBEAF511887FAE9009F81C1 /* ShellScript */ = {
			isa = PBXShellScriptBuildPhase;
			buildActionMask = 2147483647;
			files = (
			);
			inputPaths = (
			);
			outputPaths = (
			);
			runOnlyForDeploymentPostprocessing = 0;
			shellPath = /bin/sh;
			shellScript = "VERSIONFILE=\"${PROJECT_DIR}/include/SensePlatform/CSVersion.h\"\nversion=`git describe --tags --dirty`\nPRE=\"#ifndef CSVERSION_H\\n#define CSVERSION_H\\n\"\nPOST=\"#endif\"\necho -e ${PRE} > ${VERSIONFILE}\necho \"#define SENSE_PLATFORM_VERSION \\\"$version\\\"\" >> ${VERSIONFILE}\necho ${POST} >> ${VERSIONFILE}";
		};
/* End PBXShellScriptBuildPhase section */

/* Begin PBXSourcesBuildPhase section */
		3E148B8D160A12000010A0D1 /* Sources */ = {
			isa = PBXSourcesBuildPhase;
			buildActionMask = 2147483647;
			files = (
			);
			runOnlyForDeploymentPostprocessing = 0;
		};
		3E148BA3160A12010010A0D1 /* Sources */ = {
			isa = PBXSourcesBuildPhase;
			buildActionMask = 2147483647;
			files = (
				3E148BB6160A12010010A0D1 /* SensePlatformTestAppTests.m in Sources */,
			);
			runOnlyForDeploymentPostprocessing = 0;
		};
		3E820D6615D40AB50001A3EC /* Sources */ = {
			isa = PBXSourcesBuildPhase;
			buildActionMask = 2147483647;
			files = (
				3E820E0615D40B190001A3EC /* CSApplicationStateChange.m in Sources */,
				3E820E0A15D40B190001A3EC /* NSString+MD5Hash.m in Sources */,
				3E820E0C15D40B190001A3EC /* CSSender.m in Sources */,
				3E820E0F15D40B190001A3EC /* NSNotificationCenter+MainThread.m in Sources */,
				3E820E1115D40B190001A3EC /* CSReachability.m in Sources */,
				3E820E1215D40B190001A3EC /* CSSensePlatform.m in Sources */,
				3E820E1315D40B190001A3EC /* CSSensorIds.m in Sources */,
				3E820E1715D40B190001A3EC /* CSAccelerationSensor.m in Sources */,
				3E820E1915D40B190001A3EC /* CSAccelerometerSensor.m in Sources */,
				3E820E1B15D40B190001A3EC /* CSAntPlusController.m in Sources */,
				3E820E1D15D40B190001A3EC /* BloodPressureSensor.m in Sources */,
				3E820E1F15D40B190001A3EC /* FootpodSensor.m in Sources */,
				3E820E2115D40B190001A3EC /* CSBatterySensor.m in Sources */,
				3E820E2315D40B190001A3EC /* CSCallSensor.m in Sources */,
				3E820E2515D40B190001A3EC /* CSCompassSensor.m in Sources */,
				3E820E2715D40B190001A3EC /* CSConnectionSensor.m in Sources */,
				3E820E2915D40B190001A3EC /* CSDynamicSensor.m in Sources */,
				3E820E2B15D40B190001A3EC /* CSJumpSensor.m in Sources */,
				3E820E2D15D40B190001A3EC /* CSLocationSensor.m in Sources */,
				3E820E3115D40B190001A3EC /* CSMotionEnergySensor.m in Sources */,
				3E820E3315D40B190001A3EC /* CSMotionFeaturesSensor.m in Sources */,
				3E820E3515D40B190001A3EC /* CSMovingSensor.m in Sources */,
				3E820E3715D40B190001A3EC /* CSNoiseSensor.m in Sources */,
				3E820E3915D40B190001A3EC /* CSOrientationSensor.m in Sources */,
				3E820E3B15D40B190001A3EC /* CSOrientationStateSensor.m in Sources */,
				3E820E3D15D40B190001A3EC /* CSPreferencesSensor.m in Sources */,
				3E820E3F15D40B190001A3EC /* CSRotationSensor.m in Sources */,
				3E820E4015D40B190001A3EC /* CSSensor.m in Sources */,
				3E820E4215D40B190001A3EC /* CSSpatialProvider.m in Sources */,
				FFC80BE6183CCF5900E3EF27 /* CSScreenSensor.m in Sources */,
				3E820E4415D40B190001A3EC /* CSUserProximity.m in Sources */,
				3E820E4615D40B190001A3EC /* CSSensorStore.m in Sources */,
				3E820E4715D40B190001A3EC /* CSSettings.m in Sources */,
				3E59ACBE15F4DB9D00C07D59 /* UIDevice+IdentifierAddition.m in Sources */,
				3E11261B16A7086400805102 /* UIDevice+Hardware.m in Sources */,
				3E4F28BB170DB4750045588C /* Formatting.m in Sources */,
				3E836CD3171C4BB900D7494C /* CSSensorRequirements.m in Sources */,
			);
			runOnlyForDeploymentPostprocessing = 0;
		};
/* End PBXSourcesBuildPhase section */

/* Begin PBXTargetDependency section */
		3E148BAD160A12010010A0D1 /* PBXTargetDependency */ = {
			isa = PBXTargetDependency;
			target = 3E148B90160A12000010A0D1 /* SensePlatformTestApp */;
			targetProxy = 3E148BAC160A12010010A0D1 /* PBXContainerItemProxy */;
		};
		3E148BBE160A12310010A0D1 /* PBXTargetDependency */ = {
			isa = PBXTargetDependency;
			target = 3E820D6915D40AB50001A3EC /* SensePlatform */;
			targetProxy = 3E148BBD160A12310010A0D1 /* PBXContainerItemProxy */;
		};
		3E148BC2160A12560010A0D1 /* PBXTargetDependency */ = {
			isa = PBXTargetDependency;
			target = 3E820D6915D40AB50001A3EC /* SensePlatform */;
			targetProxy = 3E148BC1160A12560010A0D1 /* PBXContainerItemProxy */;
		};
		3EBEAF561887FBD4009F81C1 /* PBXTargetDependency */ = {
			isa = PBXTargetDependency;
			target = 3EBEAF4D1887FADE009F81C1 /* GenVersion */;
			targetProxy = 3EBEAF551887FBD4009F81C1 /* PBXContainerItemProxy */;
		};
/* End PBXTargetDependency section */

/* Begin PBXVariantGroup section */
		3E148BB1160A12010010A0D1 /* InfoPlist.strings */ = {
			isa = PBXVariantGroup;
			children = (
				3E148BB2160A12010010A0D1 /* en */,
			);
			name = InfoPlist.strings;
			sourceTree = "<group>";
		};
/* End PBXVariantGroup section */

/* Begin XCBuildConfiguration section */
		3E148BB8160A12010010A0D1 /* Debug */ = {
			isa = XCBuildConfiguration;
			buildSettings = {
				ALWAYS_SEARCH_USER_PATHS = NO;
				CLANG_CXX_LANGUAGE_STANDARD = "gnu++0x";
				CLANG_CXX_LIBRARY = "libc++";
				CLANG_WARN__DUPLICATE_METHOD_MATCH = YES;
				"CODE_SIGN_IDENTITY[sdk=iphoneos*]" = "iPhone Developer";
				GCC_PRECOMPILE_PREFIX_HEADER = YES;
				GCC_PREFIX_HEADER = "SensePlatformTestApp/SensePlatformTestApp-Prefix.pch";
				INFOPLIST_FILE = "SensePlatformTestAppTests/SensePlatformTestAppTests-Info.plist";
				IPHONEOS_DEPLOYMENT_TARGET = 6.0;
				OTHER_TEST_FLAGS = "-ObjC -all_load";
				PRODUCT_NAME = "$(TARGET_NAME)";
				TARGETED_DEVICE_FAMILY = "1,2";
				TEST_AFTER_BUILD = YES;
				WRAPPER_EXTENSION = app;
			};
			name = Debug;
		};
		3E148BB9160A12010010A0D1 /* Release */ = {
			isa = XCBuildConfiguration;
			buildSettings = {
				ALWAYS_SEARCH_USER_PATHS = NO;
				CLANG_CXX_LANGUAGE_STANDARD = "gnu++0x";
				CLANG_CXX_LIBRARY = "libc++";
				CLANG_WARN__DUPLICATE_METHOD_MATCH = YES;
				"CODE_SIGN_IDENTITY[sdk=iphoneos*]" = "iPhone Developer";
				GCC_PRECOMPILE_PREFIX_HEADER = YES;
				GCC_PREFIX_HEADER = "SensePlatformTestApp/SensePlatformTestApp-Prefix.pch";
				INFOPLIST_FILE = "SensePlatformTestAppTests/SensePlatformTestAppTests-Info.plist";
				IPHONEOS_DEPLOYMENT_TARGET = 6.0;
				OTHER_CFLAGS = "-DNS_BLOCK_ASSERTIONS=1";
				OTHER_TEST_FLAGS = "-ObjC -all_load";
				PRODUCT_NAME = "$(TARGET_NAME)";
				TARGETED_DEVICE_FAMILY = "1,2";
				TEST_AFTER_BUILD = YES;
				WRAPPER_EXTENSION = app;
			};
			name = Release;
		};
		3E148BBB160A12010010A0D1 /* Debug */ = {
			isa = XCBuildConfiguration;
			buildSettings = {
				ALWAYS_SEARCH_USER_PATHS = NO;
				BUNDLE_LOADER = "$(BUILT_PRODUCTS_DIR)/SensePlatformTestApp.app/SensePlatformTestApp";
				CLANG_CXX_LANGUAGE_STANDARD = "gnu++0x";
				CLANG_CXX_LIBRARY = "libc++";
				CLANG_WARN__DUPLICATE_METHOD_MATCH = YES;
				FRAMEWORK_SEARCH_PATHS = (
					"\"$(SDKROOT)/Developer/Library/Frameworks\"",
					"\"$(DEVELOPER_LIBRARY_DIR)/Frameworks\"",
				);
				GCC_PRECOMPILE_PREFIX_HEADER = YES;
				IPHONEOS_DEPLOYMENT_TARGET = 6.0;
				OTHER_LDFLAGS = (
					"-all_load",
					"-ObjC",
				);
				WRAPPER_EXTENSION = octest;
			};
			name = Debug;
		};
		3E148BBC160A12010010A0D1 /* Release */ = {
			isa = XCBuildConfiguration;
			buildSettings = {
				ALWAYS_SEARCH_USER_PATHS = NO;
				BUNDLE_LOADER = "$(BUILT_PRODUCTS_DIR)/SensePlatformTestApp.app/SensePlatformTestApp";
				CLANG_CXX_LANGUAGE_STANDARD = "gnu++0x";
				CLANG_CXX_LIBRARY = "libc++";
				CLANG_WARN__DUPLICATE_METHOD_MATCH = YES;
				FRAMEWORK_SEARCH_PATHS = (
					"\"$(SDKROOT)/Developer/Library/Frameworks\"",
					"\"$(DEVELOPER_LIBRARY_DIR)/Frameworks\"",
				);
				GCC_PRECOMPILE_PREFIX_HEADER = YES;
				IPHONEOS_DEPLOYMENT_TARGET = 6.0;
				OTHER_LDFLAGS = (
					"-all_load",
					"-ObjC",
				);
				WRAPPER_EXTENSION = octest;
			};
			name = Release;
		};
		3E820D7515D40AB50001A3EC /* Debug */ = {
			isa = XCBuildConfiguration;
			buildSettings = {
				ALWAYS_SEARCH_USER_PATHS = YES;
				CLANG_ENABLE_OBJC_ARC = YES;
				CLANG_WARN_BOOL_CONVERSION = YES;
				CLANG_WARN_CONSTANT_CONVERSION = YES;
				CLANG_WARN_EMPTY_BODY = YES;
				CLANG_WARN_ENUM_CONVERSION = YES;
				CLANG_WARN_INT_CONVERSION = YES;
				CLANG_WARN__DUPLICATE_METHOD_MATCH = YES;
				COPY_PHASE_STRIP = NO;
				GCC_C_LANGUAGE_STANDARD = gnu99;
				GCC_DYNAMIC_NO_PIC = NO;
				GCC_OPTIMIZATION_LEVEL = 0;
				GCC_PREPROCESSOR_DEFINITIONS = (
					"DEBUG=1",
					"$(inherited)",
				);
				GCC_SYMBOLS_PRIVATE_EXTERN = NO;
				GCC_VERSION = com.apple.compilers.llvm.clang.1_0;
				GCC_WARN_64_TO_32_BIT_CONVERSION = YES;
				GCC_WARN_ABOUT_RETURN_TYPE = YES;
				GCC_WARN_UNDECLARED_SELECTOR = YES;
				GCC_WARN_UNINITIALIZED_AUTOS = YES;
				GCC_WARN_UNUSED_FUNCTION = YES;
				GCC_WARN_UNUSED_VARIABLE = YES;
				IPHONEOS_DEPLOYMENT_TARGET = 5.0;
				ONLY_ACTIVE_ARCH = NO;
				SDKROOT = iphoneos;
			};
			name = Debug;
		};
		3E820D7615D40AB50001A3EC /* Release */ = {
			isa = XCBuildConfiguration;
			buildSettings = {
				ALWAYS_SEARCH_USER_PATHS = YES;
				CLANG_ENABLE_OBJC_ARC = YES;
				CLANG_WARN_BOOL_CONVERSION = YES;
				CLANG_WARN_CONSTANT_CONVERSION = YES;
				CLANG_WARN_EMPTY_BODY = YES;
				CLANG_WARN_ENUM_CONVERSION = YES;
				CLANG_WARN_INT_CONVERSION = YES;
				CLANG_WARN__DUPLICATE_METHOD_MATCH = YES;
				COPY_PHASE_STRIP = NO;
				GCC_C_LANGUAGE_STANDARD = gnu99;
				GCC_VERSION = com.apple.compilers.llvm.clang.1_0;
				GCC_WARN_64_TO_32_BIT_CONVERSION = YES;
				GCC_WARN_ABOUT_RETURN_TYPE = YES;
				GCC_WARN_UNDECLARED_SELECTOR = YES;
				GCC_WARN_UNINITIALIZED_AUTOS = YES;
				GCC_WARN_UNUSED_FUNCTION = YES;
				GCC_WARN_UNUSED_VARIABLE = YES;
				IPHONEOS_DEPLOYMENT_TARGET = 5.0;
				SDKROOT = iphoneos;
				VALIDATE_PRODUCT = YES;
			};
			name = Release;
		};
		3E820D7815D40AB50001A3EC /* Debug */ = {
			isa = XCBuildConfiguration;
			buildSettings = {
				COPY_PHASE_STRIP = NO;
				DEAD_CODE_STRIPPING = NO;
				GCC_PRECOMPILE_PREFIX_HEADER = YES;
				GCC_PREFIX_HEADER = "SensePlatform-Prefix.pch";
				IPHONEOS_DEPLOYMENT_TARGET = 5.0;
				ONLY_ACTIVE_ARCH = NO;
				OTHER_LDFLAGS = "-ObjC";
				PRODUCT_NAME = SensePlatform;
				SKIP_INSTALL = YES;
				STRIP_INSTALLED_PRODUCT = NO;
				VALID_ARCHS = "i386 armv7 armv7s";
			};
			name = Debug;
		};
		3E820D7915D40AB50001A3EC /* Release */ = {
			isa = XCBuildConfiguration;
			buildSettings = {
				COPY_PHASE_STRIP = NO;
				DEAD_CODE_STRIPPING = NO;
				GCC_PRECOMPILE_PREFIX_HEADER = YES;
				GCC_PREFIX_HEADER = "SensePlatform-Prefix.pch";
				IPHONEOS_DEPLOYMENT_TARGET = 5.0;
				OTHER_LDFLAGS = "-ObjC";
				PRODUCT_NAME = SensePlatform;
				SKIP_INSTALL = YES;
				STRIP_INSTALLED_PRODUCT = NO;
				VALID_ARCHS = "i386 armv7 armv7s";
			};
			name = Release;
		};
		3EBEAF4F1887FADE009F81C1 /* Debug */ = {
			isa = XCBuildConfiguration;
			buildSettings = {
				PRODUCT_NAME = "$(TARGET_NAME)";
			};
			name = Debug;
		};
		3EBEAF501887FADE009F81C1 /* Release */ = {
			isa = XCBuildConfiguration;
			buildSettings = {
				PRODUCT_NAME = "$(TARGET_NAME)";
			};
			name = Release;
		};
/* End XCBuildConfiguration section */

/* Begin XCConfigurationList section */
		3E148BB7160A12010010A0D1 /* Build configuration list for PBXNativeTarget "SensePlatformTestApp" */ = {
			isa = XCConfigurationList;
			buildConfigurations = (
				3E148BB8160A12010010A0D1 /* Debug */,
				3E148BB9160A12010010A0D1 /* Release */,
			);
			defaultConfigurationIsVisible = 0;
			defaultConfigurationName = Release;
		};
		3E148BBA160A12010010A0D1 /* Build configuration list for PBXNativeTarget "SensePlatformTestAppTests" */ = {
			isa = XCConfigurationList;
			buildConfigurations = (
				3E148BBB160A12010010A0D1 /* Debug */,
				3E148BBC160A12010010A0D1 /* Release */,
			);
			defaultConfigurationIsVisible = 0;
			defaultConfigurationName = Release;
		};
		3E820D6415D40AB50001A3EC /* Build configuration list for PBXProject "SensePlatform" */ = {
			isa = XCConfigurationList;
			buildConfigurations = (
				3E820D7515D40AB50001A3EC /* Debug */,
				3E820D7615D40AB50001A3EC /* Release */,
			);
			defaultConfigurationIsVisible = 0;
			defaultConfigurationName = Release;
		};
		3E820D7715D40AB50001A3EC /* Build configuration list for PBXNativeTarget "SensePlatform" */ = {
			isa = XCConfigurationList;
			buildConfigurations = (
				3E820D7815D40AB50001A3EC /* Debug */,
				3E820D7915D40AB50001A3EC /* Release */,
			);
			defaultConfigurationIsVisible = 0;
			defaultConfigurationName = Release;
		};
		3EBEAF4E1887FADE009F81C1 /* Build configuration list for PBXAggregateTarget "GenVersion" */ = {
			isa = XCConfigurationList;
			buildConfigurations = (
				3EBEAF4F1887FADE009F81C1 /* Debug */,
				3EBEAF501887FADE009F81C1 /* Release */,
			);
			defaultConfigurationIsVisible = 0;
		};
/* End XCConfigurationList section */
	};
	rootObject = 3E820D6115D40AB50001A3EC /* Project object */;
}
