// !$*UTF8*$!
{
	archiveVersion = 1;
	classes = {
	};
	objectVersion = 46;
	objects = {

/* Begin PBXBuildFile section */
		3E148A841608C2570010A0D1 /* CSJSON.h in Headers */ = {isa = PBXBuildFile; fileRef = 3E148A761608C2570010A0D1 /* CSJSON.h */; };
		3E148A851608C2570010A0D1 /* CSSBJson.h in Headers */ = {isa = PBXBuildFile; fileRef = 3E148A771608C2570010A0D1 /* CSSBJson.h */; };
		3E148A861608C2570010A0D1 /* CSSBJsonParser.h in Headers */ = {isa = PBXBuildFile; fileRef = 3E148A781608C2570010A0D1 /* CSSBJsonParser.h */; };
		3E148A871608C2570010A0D1 /* CSSBJsonStreamParser.h in Headers */ = {isa = PBXBuildFile; fileRef = 3E148A791608C2570010A0D1 /* CSSBJsonStreamParser.h */; };
		3E148A881608C2570010A0D1 /* CSSBJsonStreamParserAccumulator.h in Headers */ = {isa = PBXBuildFile; fileRef = 3E148A7A1608C2570010A0D1 /* CSSBJsonStreamParserAccumulator.h */; };
		3E148A891608C2570010A0D1 /* CSSBJsonStreamParserAdapter.h in Headers */ = {isa = PBXBuildFile; fileRef = 3E148A7B1608C2570010A0D1 /* CSSBJsonStreamParserAdapter.h */; };
		3E148A8A1608C2570010A0D1 /* CSSBJsonStreamParserState.h in Headers */ = {isa = PBXBuildFile; fileRef = 3E148A7C1608C2570010A0D1 /* CSSBJsonStreamParserState.h */; };
		3E148A8B1608C2570010A0D1 /* CSSBJsonStreamWriter.h in Headers */ = {isa = PBXBuildFile; fileRef = 3E148A7D1608C2570010A0D1 /* CSSBJsonStreamWriter.h */; };
		3E148A8C1608C2570010A0D1 /* CSSBJsonStreamWriterAccumulator.h in Headers */ = {isa = PBXBuildFile; fileRef = 3E148A7E1608C2570010A0D1 /* CSSBJsonStreamWriterAccumulator.h */; };
		3E148A8D1608C2570010A0D1 /* CSSBJsonStreamWriterState.h in Headers */ = {isa = PBXBuildFile; fileRef = 3E148A7F1608C2570010A0D1 /* CSSBJsonStreamWriterState.h */; };
		3E148A8E1608C2570010A0D1 /* CSSBJsonTokeniser.h in Headers */ = {isa = PBXBuildFile; fileRef = 3E148A801608C2570010A0D1 /* CSSBJsonTokeniser.h */; };
		3E148A8F1608C2570010A0D1 /* CSSBJsonUTF8Stream.h in Headers */ = {isa = PBXBuildFile; fileRef = 3E148A811608C2570010A0D1 /* CSSBJsonUTF8Stream.h */; };
		3E148A901608C2570010A0D1 /* CSSBJsonWriter.h in Headers */ = {isa = PBXBuildFile; fileRef = 3E148A821608C2570010A0D1 /* CSSBJsonWriter.h */; };
		3E148A911608C2570010A0D1 /* NSObject+CSSBJson.h in Headers */ = {isa = PBXBuildFile; fileRef = 3E148A831608C2570010A0D1 /* NSObject+CSSBJson.h */; };
		3E148A9F1608C2630010A0D1 /* CSSBJsonParser.m in Sources */ = {isa = PBXBuildFile; fileRef = 3E148A931608C2630010A0D1 /* CSSBJsonParser.m */; };
		3E148AA01608C2630010A0D1 /* CSSBJsonStreamParser.m in Sources */ = {isa = PBXBuildFile; fileRef = 3E148A941608C2630010A0D1 /* CSSBJsonStreamParser.m */; };
		3E148AA11608C2630010A0D1 /* CSSBJsonStreamParserAccumulator.m in Sources */ = {isa = PBXBuildFile; fileRef = 3E148A951608C2630010A0D1 /* CSSBJsonStreamParserAccumulator.m */; };
		3E148AA21608C2630010A0D1 /* CSSBJsonStreamParserAdapter.m in Sources */ = {isa = PBXBuildFile; fileRef = 3E148A961608C2630010A0D1 /* CSSBJsonStreamParserAdapter.m */; };
		3E148AA31608C2630010A0D1 /* CSSBJsonStreamParserState.m in Sources */ = {isa = PBXBuildFile; fileRef = 3E148A971608C2630010A0D1 /* CSSBJsonStreamParserState.m */; };
		3E148AA41608C2630010A0D1 /* CSSBJsonStreamWriter.m in Sources */ = {isa = PBXBuildFile; fileRef = 3E148A981608C2630010A0D1 /* CSSBJsonStreamWriter.m */; };
		3E148AA51608C2630010A0D1 /* CSSBJsonStreamWriterAccumulator.m in Sources */ = {isa = PBXBuildFile; fileRef = 3E148A991608C2630010A0D1 /* CSSBJsonStreamWriterAccumulator.m */; };
		3E148AA61608C2630010A0D1 /* CSSBJsonStreamWriterState.m in Sources */ = {isa = PBXBuildFile; fileRef = 3E148A9A1608C2630010A0D1 /* CSSBJsonStreamWriterState.m */; };
		3E148AA71608C2630010A0D1 /* CSSBJsonTokeniser.m in Sources */ = {isa = PBXBuildFile; fileRef = 3E148A9B1608C2630010A0D1 /* CSSBJsonTokeniser.m */; };
		3E148AA81608C2630010A0D1 /* CSSBJsonUTF8Stream.m in Sources */ = {isa = PBXBuildFile; fileRef = 3E148A9C1608C2630010A0D1 /* CSSBJsonUTF8Stream.m */; };
		3E148AA91608C2630010A0D1 /* CSSBJsonWriter.m in Sources */ = {isa = PBXBuildFile; fileRef = 3E148A9D1608C2630010A0D1 /* CSSBJsonWriter.m */; };
		3E148AAA1608C2630010A0D1 /* NSObject+CSSBJson.m in Sources */ = {isa = PBXBuildFile; fileRef = 3E148A9E1608C2630010A0D1 /* NSObject+CSSBJson.m */; };
		3E59ACBD15F4DB9D00C07D59 /* UIDevice+IdentifierAddition.h in Headers */ = {isa = PBXBuildFile; fileRef = 3E59ACBB15F4DB9D00C07D59 /* UIDevice+IdentifierAddition.h */; };
		3E59ACBE15F4DB9D00C07D59 /* UIDevice+IdentifierAddition.m in Sources */ = {isa = PBXBuildFile; fileRef = 3E59ACBC15F4DB9D00C07D59 /* UIDevice+IdentifierAddition.m */; };
		3E820D6E15D40AB50001A3EC /* Foundation.framework in Frameworks */ = {isa = PBXBuildFile; fileRef = 3E820D6D15D40AB50001A3EC /* Foundation.framework */; };
		3E820E0615D40B190001A3EC /* ApplicationStateChange.m in Sources */ = {isa = PBXBuildFile; fileRef = 3E820DC015D40B180001A3EC /* ApplicationStateChange.m */; };
		3E820E0715D40B190001A3EC /* ActivitySender.h in Headers */ = {isa = PBXBuildFile; fileRef = 3E820DC215D40B180001A3EC /* ActivitySender.h */; };
		3E820E0815D40B190001A3EC /* ActivitySender.m in Sources */ = {isa = PBXBuildFile; fileRef = 3E820DC315D40B180001A3EC /* ActivitySender.m */; };
		3E820E0915D40B190001A3EC /* NSString+MD5Hash.h in Headers */ = {isa = PBXBuildFile; fileRef = 3E820DC415D40B180001A3EC /* NSString+MD5Hash.h */; };
		3E820E0A15D40B190001A3EC /* NSString+MD5Hash.m in Sources */ = {isa = PBXBuildFile; fileRef = 3E820DC515D40B180001A3EC /* NSString+MD5Hash.m */; };
		3E820E0B15D40B190001A3EC /* Sender.h in Headers */ = {isa = PBXBuildFile; fileRef = 3E820DC615D40B180001A3EC /* Sender.h */; };
		3E820E0C15D40B190001A3EC /* Sender.m in Sources */ = {isa = PBXBuildFile; fileRef = 3E820DC715D40B180001A3EC /* Sender.m */; };
		3E820E0D15D40B190001A3EC /* DataStore.h in Headers */ = {isa = PBXBuildFile; fileRef = 3E820DC815D40B180001A3EC /* DataStore.h */; };
		3E820E0E15D40B190001A3EC /* NSNotificationCenter+MainThread.h in Headers */ = {isa = PBXBuildFile; fileRef = 3E820DCA15D40B180001A3EC /* NSNotificationCenter+MainThread.h */; };
		3E820E0F15D40B190001A3EC /* NSNotificationCenter+MainThread.m in Sources */ = {isa = PBXBuildFile; fileRef = 3E820DCB15D40B180001A3EC /* NSNotificationCenter+MainThread.m */; };
		3E820E1015D40B190001A3EC /* SEReachability.h in Headers */ = {isa = PBXBuildFile; fileRef = 3E820DCC15D40B180001A3EC /* SEReachability.h */; };
		3E820E1115D40B190001A3EC /* SEReachability.m in Sources */ = {isa = PBXBuildFile; fileRef = 3E820DCD15D40B180001A3EC /* SEReachability.m */; };
		3E820E1215D40B190001A3EC /* SensePlatform.m in Sources */ = {isa = PBXBuildFile; fileRef = 3E820DCE15D40B180001A3EC /* SensePlatform.m */; };
		3E820E1315D40B190001A3EC /* SensorIds.m in Sources */ = {isa = PBXBuildFile; fileRef = 3E820DCF15D40B180001A3EC /* SensorIds.m */; };
		3E820E1415D40B190001A3EC /* Acceleration.h in Headers */ = {isa = PBXBuildFile; fileRef = 3E820DD115D40B180001A3EC /* Acceleration.h */; };
		3E820E1515D40B190001A3EC /* Acceleration.m in Sources */ = {isa = PBXBuildFile; fileRef = 3E820DD215D40B180001A3EC /* Acceleration.m */; };
		3E820E1615D40B190001A3EC /* AccelerationSensor.h in Headers */ = {isa = PBXBuildFile; fileRef = 3E820DD315D40B180001A3EC /* AccelerationSensor.h */; };
		3E820E1715D40B190001A3EC /* AccelerationSensor.m in Sources */ = {isa = PBXBuildFile; fileRef = 3E820DD415D40B180001A3EC /* AccelerationSensor.m */; };
		3E820E1815D40B190001A3EC /* AccelerometerSensor.h in Headers */ = {isa = PBXBuildFile; fileRef = 3E820DD515D40B180001A3EC /* AccelerometerSensor.h */; };
		3E820E1915D40B190001A3EC /* AccelerometerSensor.m in Sources */ = {isa = PBXBuildFile; fileRef = 3E820DD615D40B180001A3EC /* AccelerometerSensor.m */; };
		3E820E1A15D40B190001A3EC /* AntPlusController.h in Headers */ = {isa = PBXBuildFile; fileRef = 3E820DD815D40B180001A3EC /* AntPlusController.h */; };
		3E820E1B15D40B190001A3EC /* AntPlusController.m in Sources */ = {isa = PBXBuildFile; fileRef = 3E820DD915D40B180001A3EC /* AntPlusController.m */; };
		3E820E1C15D40B190001A3EC /* BloodPressureSensor.h in Headers */ = {isa = PBXBuildFile; fileRef = 3E820DDA15D40B180001A3EC /* BloodPressureSensor.h */; };
		3E820E1D15D40B190001A3EC /* BloodPressureSensor.m in Sources */ = {isa = PBXBuildFile; fileRef = 3E820DDB15D40B180001A3EC /* BloodPressureSensor.m */; };
		3E820E1E15D40B190001A3EC /* FootpodSensor.h in Headers */ = {isa = PBXBuildFile; fileRef = 3E820DDC15D40B180001A3EC /* FootpodSensor.h */; };
		3E820E1F15D40B190001A3EC /* FootpodSensor.m in Sources */ = {isa = PBXBuildFile; fileRef = 3E820DDD15D40B180001A3EC /* FootpodSensor.m */; };
		3E820E2015D40B190001A3EC /* BatterySensor.h in Headers */ = {isa = PBXBuildFile; fileRef = 3E820DDE15D40B180001A3EC /* BatterySensor.h */; };
		3E820E2115D40B190001A3EC /* BatterySensor.m in Sources */ = {isa = PBXBuildFile; fileRef = 3E820DDF15D40B180001A3EC /* BatterySensor.m */; };
		3E820E2215D40B190001A3EC /* CallSensor.h in Headers */ = {isa = PBXBuildFile; fileRef = 3E820DE015D40B180001A3EC /* CallSensor.h */; };
		3E820E2315D40B190001A3EC /* CallSensor.m in Sources */ = {isa = PBXBuildFile; fileRef = 3E820DE115D40B180001A3EC /* CallSensor.m */; };
		3E820E2415D40B190001A3EC /* CompassSensor.h in Headers */ = {isa = PBXBuildFile; fileRef = 3E820DE215D40B180001A3EC /* CompassSensor.h */; };
		3E820E2515D40B190001A3EC /* CompassSensor.m in Sources */ = {isa = PBXBuildFile; fileRef = 3E820DE315D40B180001A3EC /* CompassSensor.m */; };
		3E820E2615D40B190001A3EC /* ConnectionSensor.h in Headers */ = {isa = PBXBuildFile; fileRef = 3E820DE415D40B180001A3EC /* ConnectionSensor.h */; };
		3E820E2715D40B190001A3EC /* ConnectionSensor.m in Sources */ = {isa = PBXBuildFile; fileRef = 3E820DE515D40B180001A3EC /* ConnectionSensor.m */; };
		3E820E2815D40B190001A3EC /* DynamicSensor.h in Headers */ = {isa = PBXBuildFile; fileRef = 3E820DE615D40B180001A3EC /* DynamicSensor.h */; };
		3E820E2915D40B190001A3EC /* DynamicSensor.m in Sources */ = {isa = PBXBuildFile; fileRef = 3E820DE715D40B180001A3EC /* DynamicSensor.m */; };
		3E820E2A15D40B190001A3EC /* JumpSensor.h in Headers */ = {isa = PBXBuildFile; fileRef = 3E820DE815D40B180001A3EC /* JumpSensor.h */; };
		3E820E2B15D40B190001A3EC /* JumpSensor.m in Sources */ = {isa = PBXBuildFile; fileRef = 3E820DE915D40B180001A3EC /* JumpSensor.m */; };
		3E820E2C15D40B190001A3EC /* LocationSensor.h in Headers */ = {isa = PBXBuildFile; fileRef = 3E820DEA15D40B180001A3EC /* LocationSensor.h */; };
		3E820E2D15D40B190001A3EC /* LocationSensor.m in Sources */ = {isa = PBXBuildFile; fileRef = 3E820DEB15D40B180001A3EC /* LocationSensor.m */; };
		3E820E2E15D40B190001A3EC /* MiscSensor.h in Headers */ = {isa = PBXBuildFile; fileRef = 3E820DEC15D40B180001A3EC /* MiscSensor.h */; };
		3E820E2F15D40B190001A3EC /* MiscSensor.m in Sources */ = {isa = PBXBuildFile; fileRef = 3E820DED15D40B180001A3EC /* MiscSensor.m */; };
		3E820E3015D40B190001A3EC /* MotionEnergySensor.h in Headers */ = {isa = PBXBuildFile; fileRef = 3E820DEE15D40B180001A3EC /* MotionEnergySensor.h */; };
		3E820E3115D40B190001A3EC /* MotionEnergySensor.m in Sources */ = {isa = PBXBuildFile; fileRef = 3E820DEF15D40B180001A3EC /* MotionEnergySensor.m */; };
		3E820E3215D40B190001A3EC /* MotionFeaturesSensor.h in Headers */ = {isa = PBXBuildFile; fileRef = 3E820DF015D40B180001A3EC /* MotionFeaturesSensor.h */; };
		3E820E3315D40B190001A3EC /* MotionFeaturesSensor.m in Sources */ = {isa = PBXBuildFile; fileRef = 3E820DF115D40B180001A3EC /* MotionFeaturesSensor.m */; };
		3E820E3415D40B190001A3EC /* MovingSensor.h in Headers */ = {isa = PBXBuildFile; fileRef = 3E820DF215D40B180001A3EC /* MovingSensor.h */; };
		3E820E3515D40B190001A3EC /* MovingSensor.m in Sources */ = {isa = PBXBuildFile; fileRef = 3E820DF315D40B180001A3EC /* MovingSensor.m */; };
		3E820E3615D40B190001A3EC /* NoiseSensor.h in Headers */ = {isa = PBXBuildFile; fileRef = 3E820DF415D40B180001A3EC /* NoiseSensor.h */; };
		3E820E3715D40B190001A3EC /* NoiseSensor.m in Sources */ = {isa = PBXBuildFile; fileRef = 3E820DF515D40B180001A3EC /* NoiseSensor.m */; };
		3E820E3815D40B190001A3EC /* OrientationSensor.h in Headers */ = {isa = PBXBuildFile; fileRef = 3E820DF615D40B180001A3EC /* OrientationSensor.h */; };
		3E820E3915D40B190001A3EC /* OrientationSensor.m in Sources */ = {isa = PBXBuildFile; fileRef = 3E820DF715D40B180001A3EC /* OrientationSensor.m */; };
		3E820E3A15D40B190001A3EC /* OrientationStateSensor.h in Headers */ = {isa = PBXBuildFile; fileRef = 3E820DF815D40B180001A3EC /* OrientationStateSensor.h */; };
		3E820E3B15D40B190001A3EC /* OrientationStateSensor.m in Sources */ = {isa = PBXBuildFile; fileRef = 3E820DF915D40B180001A3EC /* OrientationStateSensor.m */; };
		3E820E3C15D40B190001A3EC /* PreferencesSensor.h in Headers */ = {isa = PBXBuildFile; fileRef = 3E820DFA15D40B180001A3EC /* PreferencesSensor.h */; };
		3E820E3D15D40B190001A3EC /* PreferencesSensor.m in Sources */ = {isa = PBXBuildFile; fileRef = 3E820DFB15D40B180001A3EC /* PreferencesSensor.m */; };
		3E820E3E15D40B190001A3EC /* RotationSensor.h in Headers */ = {isa = PBXBuildFile; fileRef = 3E820DFC15D40B180001A3EC /* RotationSensor.h */; };
		3E820E3F15D40B190001A3EC /* RotationSensor.m in Sources */ = {isa = PBXBuildFile; fileRef = 3E820DFD15D40B180001A3EC /* RotationSensor.m */; };
		3E820E4015D40B190001A3EC /* Sensor.m in Sources */ = {isa = PBXBuildFile; fileRef = 3E820DFE15D40B180001A3EC /* Sensor.m */; };
		3E820E4115D40B190001A3EC /* SpatialProvider.h in Headers */ = {isa = PBXBuildFile; fileRef = 3E820DFF15D40B180001A3EC /* SpatialProvider.h */; };
		3E820E4215D40B190001A3EC /* SpatialProvider.m in Sources */ = {isa = PBXBuildFile; fileRef = 3E820E0015D40B180001A3EC /* SpatialProvider.m */; };
		3E820E4315D40B190001A3EC /* UserProximity.h in Headers */ = {isa = PBXBuildFile; fileRef = 3E820E0115D40B180001A3EC /* UserProximity.h */; };
		3E820E4415D40B190001A3EC /* UserProximity.m in Sources */ = {isa = PBXBuildFile; fileRef = 3E820E0215D40B180001A3EC /* UserProximity.m */; };
		3E820E4515D40B190001A3EC /* SensorStore.h in Headers */ = {isa = PBXBuildFile; fileRef = 3E820E0315D40B180001A3EC /* SensorStore.h */; };
		3E820E4615D40B190001A3EC /* SensorStore.m in Sources */ = {isa = PBXBuildFile; fileRef = 3E820E0415D40B180001A3EC /* SensorStore.m */; };
		3E820E4715D40B190001A3EC /* Settings.m in Sources */ = {isa = PBXBuildFile; fileRef = 3E820E0515D40B180001A3EC /* Settings.m */; };
		3E820F8315D41C970001A3EC /* Sense platform-Prefix.pch in Headers */ = {isa = PBXBuildFile; fileRef = 3E820F8215D41C970001A3EC /* Sense platform-Prefix.pch */; };
		3E9C156815D564E100F520D0 /* ApplicationStateChange.h in Headers */ = {isa = PBXBuildFile; fileRef = 3E9C155515D564E100F520D0 /* ApplicationStateChange.h */; };
		3E9C156915D564E100F520D0 /* SensePlatform.h in Headers */ = {isa = PBXBuildFile; fileRef = 3E9C155615D564E100F520D0 /* SensePlatform.h */; };
		3E9C156A15D564E100F520D0 /* Sensor.h in Headers */ = {isa = PBXBuildFile; fileRef = 3E9C155715D564E100F520D0 /* Sensor.h */; };
		3E9C156B15D564E100F520D0 /* SensorIds.h in Headers */ = {isa = PBXBuildFile; fileRef = 3E9C155815D564E100F520D0 /* SensorIds.h */; };
		3E9C156C15D564E100F520D0 /* Settings.h in Headers */ = {isa = PBXBuildFile; fileRef = 3E9C155915D564E100F520D0 /* Settings.h */; };
		3E9C157715D574B500F520D0 /* SystemConfiguration.framework in Frameworks */ = {isa = PBXBuildFile; fileRef = 3E9C157615D574B500F520D0 /* SystemConfiguration.framework */; };
		3E9C157A15D574BB00F520D0 /* CoreTelephony.framework in Frameworks */ = {isa = PBXBuildFile; fileRef = 3E9C157915D574BB00F520D0 /* CoreTelephony.framework */; };
		3E9C157C15D574C300F520D0 /* AudioToolbox.framework in Frameworks */ = {isa = PBXBuildFile; fileRef = 3E9C157B15D574C300F520D0 /* AudioToolbox.framework */; };
		3E9C157E15D574D300F520D0 /* CoreAudio.framework in Frameworks */ = {isa = PBXBuildFile; fileRef = 3E9C157D15D574D300F520D0 /* CoreAudio.framework */; };
		3E9C158015D574DB00F520D0 /* AVFoundation.framework in Frameworks */ = {isa = PBXBuildFile; fileRef = 3E9C157F15D574DB00F520D0 /* AVFoundation.framework */; };
		3E9C158215D574E100F520D0 /* CoreMotion.framework in Frameworks */ = {isa = PBXBuildFile; fileRef = 3E9C158115D574E100F520D0 /* CoreMotion.framework */; };
		3E9C158415D574E700F520D0 /* CoreLocation.framework in Frameworks */ = {isa = PBXBuildFile; fileRef = 3E9C158315D574E700F520D0 /* CoreLocation.framework */; };
		3E9C158615D574EC00F520D0 /* CoreBluetooth.framework in Frameworks */ = {isa = PBXBuildFile; fileRef = 3E9C158515D574EC00F520D0 /* CoreBluetooth.framework */; settings = {ATTRIBUTES = (Weak, ); }; };
/* End PBXBuildFile section */

/* Begin PBXFileReference section */
		3E148A761608C2570010A0D1 /* CSJSON.h */ = {isa = PBXFileReference; fileEncoding = 4; lastKnownFileType = sourcecode.c.h; path = CSJSON.h; sourceTree = "<group>"; };
		3E148A771608C2570010A0D1 /* CSSBJson.h */ = {isa = PBXFileReference; fileEncoding = 4; lastKnownFileType = sourcecode.c.h; path = CSSBJson.h; sourceTree = "<group>"; };
		3E148A781608C2570010A0D1 /* CSSBJsonParser.h */ = {isa = PBXFileReference; fileEncoding = 4; lastKnownFileType = sourcecode.c.h; path = CSSBJsonParser.h; sourceTree = "<group>"; };
		3E148A791608C2570010A0D1 /* CSSBJsonStreamParser.h */ = {isa = PBXFileReference; fileEncoding = 4; lastKnownFileType = sourcecode.c.h; path = CSSBJsonStreamParser.h; sourceTree = "<group>"; };
		3E148A7A1608C2570010A0D1 /* CSSBJsonStreamParserAccumulator.h */ = {isa = PBXFileReference; fileEncoding = 4; lastKnownFileType = sourcecode.c.h; path = CSSBJsonStreamParserAccumulator.h; sourceTree = "<group>"; };
		3E148A7B1608C2570010A0D1 /* CSSBJsonStreamParserAdapter.h */ = {isa = PBXFileReference; fileEncoding = 4; lastKnownFileType = sourcecode.c.h; path = CSSBJsonStreamParserAdapter.h; sourceTree = "<group>"; };
		3E148A7C1608C2570010A0D1 /* CSSBJsonStreamParserState.h */ = {isa = PBXFileReference; fileEncoding = 4; lastKnownFileType = sourcecode.c.h; path = CSSBJsonStreamParserState.h; sourceTree = "<group>"; };
		3E148A7D1608C2570010A0D1 /* CSSBJsonStreamWriter.h */ = {isa = PBXFileReference; fileEncoding = 4; lastKnownFileType = sourcecode.c.h; path = CSSBJsonStreamWriter.h; sourceTree = "<group>"; };
		3E148A7E1608C2570010A0D1 /* CSSBJsonStreamWriterAccumulator.h */ = {isa = PBXFileReference; fileEncoding = 4; lastKnownFileType = sourcecode.c.h; path = CSSBJsonStreamWriterAccumulator.h; sourceTree = "<group>"; };
		3E148A7F1608C2570010A0D1 /* CSSBJsonStreamWriterState.h */ = {isa = PBXFileReference; fileEncoding = 4; lastKnownFileType = sourcecode.c.h; path = CSSBJsonStreamWriterState.h; sourceTree = "<group>"; };
		3E148A801608C2570010A0D1 /* CSSBJsonTokeniser.h */ = {isa = PBXFileReference; fileEncoding = 4; lastKnownFileType = sourcecode.c.h; path = CSSBJsonTokeniser.h; sourceTree = "<group>"; };
		3E148A811608C2570010A0D1 /* CSSBJsonUTF8Stream.h */ = {isa = PBXFileReference; fileEncoding = 4; lastKnownFileType = sourcecode.c.h; path = CSSBJsonUTF8Stream.h; sourceTree = "<group>"; };
		3E148A821608C2570010A0D1 /* CSSBJsonWriter.h */ = {isa = PBXFileReference; fileEncoding = 4; lastKnownFileType = sourcecode.c.h; path = CSSBJsonWriter.h; sourceTree = "<group>"; };
		3E148A831608C2570010A0D1 /* NSObject+CSSBJson.h */ = {isa = PBXFileReference; fileEncoding = 4; lastKnownFileType = sourcecode.c.h; path = "NSObject+CSSBJson.h"; sourceTree = "<group>"; };
		3E148A931608C2630010A0D1 /* CSSBJsonParser.m */ = {isa = PBXFileReference; fileEncoding = 4; lastKnownFileType = sourcecode.c.objc; path = CSSBJsonParser.m; sourceTree = "<group>"; };
		3E148A941608C2630010A0D1 /* CSSBJsonStreamParser.m */ = {isa = PBXFileReference; fileEncoding = 4; lastKnownFileType = sourcecode.c.objc; path = CSSBJsonStreamParser.m; sourceTree = "<group>"; };
		3E148A951608C2630010A0D1 /* CSSBJsonStreamParserAccumulator.m */ = {isa = PBXFileReference; fileEncoding = 4; lastKnownFileType = sourcecode.c.objc; path = CSSBJsonStreamParserAccumulator.m; sourceTree = "<group>"; };
		3E148A961608C2630010A0D1 /* CSSBJsonStreamParserAdapter.m */ = {isa = PBXFileReference; fileEncoding = 4; lastKnownFileType = sourcecode.c.objc; path = CSSBJsonStreamParserAdapter.m; sourceTree = "<group>"; };
		3E148A971608C2630010A0D1 /* CSSBJsonStreamParserState.m */ = {isa = PBXFileReference; fileEncoding = 4; lastKnownFileType = sourcecode.c.objc; path = CSSBJsonStreamParserState.m; sourceTree = "<group>"; };
		3E148A981608C2630010A0D1 /* CSSBJsonStreamWriter.m */ = {isa = PBXFileReference; fileEncoding = 4; lastKnownFileType = sourcecode.c.objc; path = CSSBJsonStreamWriter.m; sourceTree = "<group>"; };
		3E148A991608C2630010A0D1 /* CSSBJsonStreamWriterAccumulator.m */ = {isa = PBXFileReference; fileEncoding = 4; lastKnownFileType = sourcecode.c.objc; path = CSSBJsonStreamWriterAccumulator.m; sourceTree = "<group>"; };
		3E148A9A1608C2630010A0D1 /* CSSBJsonStreamWriterState.m */ = {isa = PBXFileReference; fileEncoding = 4; lastKnownFileType = sourcecode.c.objc; path = CSSBJsonStreamWriterState.m; sourceTree = "<group>"; };
		3E148A9B1608C2630010A0D1 /* CSSBJsonTokeniser.m */ = {isa = PBXFileReference; fileEncoding = 4; lastKnownFileType = sourcecode.c.objc; path = CSSBJsonTokeniser.m; sourceTree = "<group>"; };
		3E148A9C1608C2630010A0D1 /* CSSBJsonUTF8Stream.m */ = {isa = PBXFileReference; fileEncoding = 4; lastKnownFileType = sourcecode.c.objc; path = CSSBJsonUTF8Stream.m; sourceTree = "<group>"; };
		3E148A9D1608C2630010A0D1 /* CSSBJsonWriter.m */ = {isa = PBXFileReference; fileEncoding = 4; lastKnownFileType = sourcecode.c.objc; path = CSSBJsonWriter.m; sourceTree = "<group>"; };
		3E148A9E1608C2630010A0D1 /* NSObject+CSSBJson.m */ = {isa = PBXFileReference; fileEncoding = 4; lastKnownFileType = sourcecode.c.objc; path = "NSObject+CSSBJson.m"; sourceTree = "<group>"; };
		3E59ACBB15F4DB9D00C07D59 /* UIDevice+IdentifierAddition.h */ = {isa = PBXFileReference; fileEncoding = 4; lastKnownFileType = sourcecode.c.h; name = "UIDevice+IdentifierAddition.h"; path = "utils/UIDevice+IdentifierAddition.h"; sourceTree = "<group>"; };
		3E59ACBC15F4DB9D00C07D59 /* UIDevice+IdentifierAddition.m */ = {isa = PBXFileReference; fileEncoding = 4; lastKnownFileType = sourcecode.c.objc; name = "UIDevice+IdentifierAddition.m"; path = "utils/UIDevice+IdentifierAddition.m"; sourceTree = "<group>"; };
		3E820D6A15D40AB50001A3EC /* libSense platform.a */ = {isa = PBXFileReference; explicitFileType = archive.ar; includeInIndex = 0; path = "libSense platform.a"; sourceTree = BUILT_PRODUCTS_DIR; };
		3E820D6D15D40AB50001A3EC /* Foundation.framework */ = {isa = PBXFileReference; lastKnownFileType = wrapper.framework; name = Foundation.framework; path = System/Library/Frameworks/Foundation.framework; sourceTree = SDKROOT; };
		3E820DBC15D40B100001A3EC /* CommonSense.plist */ = {isa = PBXFileReference; fileEncoding = 4; lastKnownFileType = text.plist.xml; path = CommonSense.plist; sourceTree = "<group>"; };
		3E820DBD15D40B100001A3EC /* SensePlatform-Info.plist */ = {isa = PBXFileReference; fileEncoding = 4; lastKnownFileType = text.plist.xml; path = "SensePlatform-Info.plist"; sourceTree = "<group>"; };
		3E820DBE15D40B100001A3EC /* Settings.plist */ = {isa = PBXFileReference; fileEncoding = 4; lastKnownFileType = text.plist.xml; path = Settings.plist; sourceTree = "<group>"; };
		3E820DC015D40B180001A3EC /* ApplicationStateChange.m */ = {isa = PBXFileReference; fileEncoding = 4; lastKnownFileType = sourcecode.c.objc; path = ApplicationStateChange.m; sourceTree = "<group>"; };
		3E820DC215D40B180001A3EC /* ActivitySender.h */ = {isa = PBXFileReference; fileEncoding = 4; lastKnownFileType = sourcecode.c.h; path = ActivitySender.h; sourceTree = "<group>"; };
		3E820DC315D40B180001A3EC /* ActivitySender.m */ = {isa = PBXFileReference; fileEncoding = 4; lastKnownFileType = sourcecode.c.objc; path = ActivitySender.m; sourceTree = "<group>"; };
		3E820DC415D40B180001A3EC /* NSString+MD5Hash.h */ = {isa = PBXFileReference; fileEncoding = 4; lastKnownFileType = sourcecode.c.h; path = "NSString+MD5Hash.h"; sourceTree = "<group>"; };
		3E820DC515D40B180001A3EC /* NSString+MD5Hash.m */ = {isa = PBXFileReference; fileEncoding = 4; lastKnownFileType = sourcecode.c.objc; path = "NSString+MD5Hash.m"; sourceTree = "<group>"; };
		3E820DC615D40B180001A3EC /* Sender.h */ = {isa = PBXFileReference; fileEncoding = 4; lastKnownFileType = sourcecode.c.h; path = Sender.h; sourceTree = "<group>"; };
		3E820DC715D40B180001A3EC /* Sender.m */ = {isa = PBXFileReference; fileEncoding = 4; lastKnownFileType = sourcecode.c.objc; path = Sender.m; sourceTree = "<group>"; };
		3E820DC815D40B180001A3EC /* DataStore.h */ = {isa = PBXFileReference; fileEncoding = 4; lastKnownFileType = sourcecode.c.h; path = DataStore.h; sourceTree = "<group>"; };
		3E820DCA15D40B180001A3EC /* NSNotificationCenter+MainThread.h */ = {isa = PBXFileReference; fileEncoding = 4; lastKnownFileType = sourcecode.c.h; path = "NSNotificationCenter+MainThread.h"; sourceTree = "<group>"; };
		3E820DCB15D40B180001A3EC /* NSNotificationCenter+MainThread.m */ = {isa = PBXFileReference; fileEncoding = 4; lastKnownFileType = sourcecode.c.objc; path = "NSNotificationCenter+MainThread.m"; sourceTree = "<group>"; };
		3E820DCC15D40B180001A3EC /* SEReachability.h */ = {isa = PBXFileReference; fileEncoding = 4; lastKnownFileType = sourcecode.c.h; path = SEReachability.h; sourceTree = "<group>"; };
		3E820DCD15D40B180001A3EC /* SEReachability.m */ = {isa = PBXFileReference; fileEncoding = 4; lastKnownFileType = sourcecode.c.objc; path = SEReachability.m; sourceTree = "<group>"; };
		3E820DCE15D40B180001A3EC /* SensePlatform.m */ = {isa = PBXFileReference; fileEncoding = 4; lastKnownFileType = sourcecode.c.objc; path = SensePlatform.m; sourceTree = "<group>"; };
		3E820DCF15D40B180001A3EC /* SensorIds.m */ = {isa = PBXFileReference; fileEncoding = 4; lastKnownFileType = sourcecode.c.objc; path = SensorIds.m; sourceTree = "<group>"; };
		3E820DD115D40B180001A3EC /* Acceleration.h */ = {isa = PBXFileReference; fileEncoding = 4; lastKnownFileType = sourcecode.c.h; path = Acceleration.h; sourceTree = "<group>"; };
		3E820DD215D40B180001A3EC /* Acceleration.m */ = {isa = PBXFileReference; fileEncoding = 4; lastKnownFileType = sourcecode.c.objc; path = Acceleration.m; sourceTree = "<group>"; };
		3E820DD315D40B180001A3EC /* AccelerationSensor.h */ = {isa = PBXFileReference; fileEncoding = 4; lastKnownFileType = sourcecode.c.h; path = AccelerationSensor.h; sourceTree = "<group>"; };
		3E820DD415D40B180001A3EC /* AccelerationSensor.m */ = {isa = PBXFileReference; fileEncoding = 4; lastKnownFileType = sourcecode.c.objc; path = AccelerationSensor.m; sourceTree = "<group>"; };
		3E820DD515D40B180001A3EC /* AccelerometerSensor.h */ = {isa = PBXFileReference; fileEncoding = 4; lastKnownFileType = sourcecode.c.h; path = AccelerometerSensor.h; sourceTree = "<group>"; };
		3E820DD615D40B180001A3EC /* AccelerometerSensor.m */ = {isa = PBXFileReference; fileEncoding = 4; lastKnownFileType = sourcecode.c.objc; path = AccelerometerSensor.m; sourceTree = "<group>"; };
		3E820DD815D40B180001A3EC /* AntPlusController.h */ = {isa = PBXFileReference; fileEncoding = 4; lastKnownFileType = sourcecode.c.h; path = AntPlusController.h; sourceTree = "<group>"; };
		3E820DD915D40B180001A3EC /* AntPlusController.m */ = {isa = PBXFileReference; fileEncoding = 4; lastKnownFileType = sourcecode.c.objc; path = AntPlusController.m; sourceTree = "<group>"; };
		3E820DDA15D40B180001A3EC /* BloodPressureSensor.h */ = {isa = PBXFileReference; fileEncoding = 4; lastKnownFileType = sourcecode.c.h; path = BloodPressureSensor.h; sourceTree = "<group>"; };
		3E820DDB15D40B180001A3EC /* BloodPressureSensor.m */ = {isa = PBXFileReference; fileEncoding = 4; lastKnownFileType = sourcecode.c.objc; path = BloodPressureSensor.m; sourceTree = "<group>"; };
		3E820DDC15D40B180001A3EC /* FootpodSensor.h */ = {isa = PBXFileReference; fileEncoding = 4; lastKnownFileType = sourcecode.c.h; path = FootpodSensor.h; sourceTree = "<group>"; };
		3E820DDD15D40B180001A3EC /* FootpodSensor.m */ = {isa = PBXFileReference; fileEncoding = 4; lastKnownFileType = sourcecode.c.objc; path = FootpodSensor.m; sourceTree = "<group>"; };
		3E820DDE15D40B180001A3EC /* BatterySensor.h */ = {isa = PBXFileReference; fileEncoding = 4; lastKnownFileType = sourcecode.c.h; path = BatterySensor.h; sourceTree = "<group>"; };
		3E820DDF15D40B180001A3EC /* BatterySensor.m */ = {isa = PBXFileReference; fileEncoding = 4; lastKnownFileType = sourcecode.c.objc; path = BatterySensor.m; sourceTree = "<group>"; };
		3E820DE015D40B180001A3EC /* CallSensor.h */ = {isa = PBXFileReference; fileEncoding = 4; lastKnownFileType = sourcecode.c.h; path = CallSensor.h; sourceTree = "<group>"; };
		3E820DE115D40B180001A3EC /* CallSensor.m */ = {isa = PBXFileReference; fileEncoding = 4; lastKnownFileType = sourcecode.c.objc; path = CallSensor.m; sourceTree = "<group>"; };
		3E820DE215D40B180001A3EC /* CompassSensor.h */ = {isa = PBXFileReference; fileEncoding = 4; lastKnownFileType = sourcecode.c.h; path = CompassSensor.h; sourceTree = "<group>"; };
		3E820DE315D40B180001A3EC /* CompassSensor.m */ = {isa = PBXFileReference; fileEncoding = 4; lastKnownFileType = sourcecode.c.objc; path = CompassSensor.m; sourceTree = "<group>"; };
		3E820DE415D40B180001A3EC /* ConnectionSensor.h */ = {isa = PBXFileReference; fileEncoding = 4; lastKnownFileType = sourcecode.c.h; path = ConnectionSensor.h; sourceTree = "<group>"; };
		3E820DE515D40B180001A3EC /* ConnectionSensor.m */ = {isa = PBXFileReference; fileEncoding = 4; lastKnownFileType = sourcecode.c.objc; path = ConnectionSensor.m; sourceTree = "<group>"; };
		3E820DE615D40B180001A3EC /* DynamicSensor.h */ = {isa = PBXFileReference; fileEncoding = 4; lastKnownFileType = sourcecode.c.h; path = DynamicSensor.h; sourceTree = "<group>"; };
		3E820DE715D40B180001A3EC /* DynamicSensor.m */ = {isa = PBXFileReference; fileEncoding = 4; lastKnownFileType = sourcecode.c.objc; path = DynamicSensor.m; sourceTree = "<group>"; };
		3E820DE815D40B180001A3EC /* JumpSensor.h */ = {isa = PBXFileReference; fileEncoding = 4; lastKnownFileType = sourcecode.c.h; path = JumpSensor.h; sourceTree = "<group>"; };
		3E820DE915D40B180001A3EC /* JumpSensor.m */ = {isa = PBXFileReference; fileEncoding = 4; lastKnownFileType = sourcecode.c.objc; path = JumpSensor.m; sourceTree = "<group>"; };
		3E820DEA15D40B180001A3EC /* LocationSensor.h */ = {isa = PBXFileReference; fileEncoding = 4; lastKnownFileType = sourcecode.c.h; path = LocationSensor.h; sourceTree = "<group>"; };
		3E820DEB15D40B180001A3EC /* LocationSensor.m */ = {isa = PBXFileReference; fileEncoding = 4; lastKnownFileType = sourcecode.c.objc; path = LocationSensor.m; sourceTree = "<group>"; };
		3E820DEC15D40B180001A3EC /* MiscSensor.h */ = {isa = PBXFileReference; fileEncoding = 4; lastKnownFileType = sourcecode.c.h; path = MiscSensor.h; sourceTree = "<group>"; };
		3E820DED15D40B180001A3EC /* MiscSensor.m */ = {isa = PBXFileReference; fileEncoding = 4; lastKnownFileType = sourcecode.c.objc; path = MiscSensor.m; sourceTree = "<group>"; };
		3E820DEE15D40B180001A3EC /* MotionEnergySensor.h */ = {isa = PBXFileReference; fileEncoding = 4; lastKnownFileType = sourcecode.c.h; path = MotionEnergySensor.h; sourceTree = "<group>"; };
		3E820DEF15D40B180001A3EC /* MotionEnergySensor.m */ = {isa = PBXFileReference; fileEncoding = 4; lastKnownFileType = sourcecode.c.objc; path = MotionEnergySensor.m; sourceTree = "<group>"; };
		3E820DF015D40B180001A3EC /* MotionFeaturesSensor.h */ = {isa = PBXFileReference; fileEncoding = 4; lastKnownFileType = sourcecode.c.h; path = MotionFeaturesSensor.h; sourceTree = "<group>"; };
		3E820DF115D40B180001A3EC /* MotionFeaturesSensor.m */ = {isa = PBXFileReference; fileEncoding = 4; lastKnownFileType = sourcecode.c.objc; path = MotionFeaturesSensor.m; sourceTree = "<group>"; };
		3E820DF215D40B180001A3EC /* MovingSensor.h */ = {isa = PBXFileReference; fileEncoding = 4; lastKnownFileType = sourcecode.c.h; path = MovingSensor.h; sourceTree = "<group>"; };
		3E820DF315D40B180001A3EC /* MovingSensor.m */ = {isa = PBXFileReference; fileEncoding = 4; lastKnownFileType = sourcecode.c.objc; path = MovingSensor.m; sourceTree = "<group>"; };
		3E820DF415D40B180001A3EC /* NoiseSensor.h */ = {isa = PBXFileReference; fileEncoding = 4; lastKnownFileType = sourcecode.c.h; path = NoiseSensor.h; sourceTree = "<group>"; };
		3E820DF515D40B180001A3EC /* NoiseSensor.m */ = {isa = PBXFileReference; fileEncoding = 4; lastKnownFileType = sourcecode.c.objc; path = NoiseSensor.m; sourceTree = "<group>"; };
		3E820DF615D40B180001A3EC /* OrientationSensor.h */ = {isa = PBXFileReference; fileEncoding = 4; lastKnownFileType = sourcecode.c.h; path = OrientationSensor.h; sourceTree = "<group>"; };
		3E820DF715D40B180001A3EC /* OrientationSensor.m */ = {isa = PBXFileReference; fileEncoding = 4; lastKnownFileType = sourcecode.c.objc; path = OrientationSensor.m; sourceTree = "<group>"; };
		3E820DF815D40B180001A3EC /* OrientationStateSensor.h */ = {isa = PBXFileReference; fileEncoding = 4; lastKnownFileType = sourcecode.c.h; path = OrientationStateSensor.h; sourceTree = "<group>"; };
		3E820DF915D40B180001A3EC /* OrientationStateSensor.m */ = {isa = PBXFileReference; fileEncoding = 4; lastKnownFileType = sourcecode.c.objc; path = OrientationStateSensor.m; sourceTree = "<group>"; };
		3E820DFA15D40B180001A3EC /* PreferencesSensor.h */ = {isa = PBXFileReference; fileEncoding = 4; lastKnownFileType = sourcecode.c.h; path = PreferencesSensor.h; sourceTree = "<group>"; };
		3E820DFB15D40B180001A3EC /* PreferencesSensor.m */ = {isa = PBXFileReference; fileEncoding = 4; lastKnownFileType = sourcecode.c.objc; path = PreferencesSensor.m; sourceTree = "<group>"; };
		3E820DFC15D40B180001A3EC /* RotationSensor.h */ = {isa = PBXFileReference; fileEncoding = 4; lastKnownFileType = sourcecode.c.h; path = RotationSensor.h; sourceTree = "<group>"; };
		3E820DFD15D40B180001A3EC /* RotationSensor.m */ = {isa = PBXFileReference; fileEncoding = 4; lastKnownFileType = sourcecode.c.objc; path = RotationSensor.m; sourceTree = "<group>"; };
		3E820DFE15D40B180001A3EC /* Sensor.m */ = {isa = PBXFileReference; fileEncoding = 4; lastKnownFileType = sourcecode.c.objc; path = Sensor.m; sourceTree = "<group>"; };
		3E820DFF15D40B180001A3EC /* SpatialProvider.h */ = {isa = PBXFileReference; fileEncoding = 4; lastKnownFileType = sourcecode.c.h; path = SpatialProvider.h; sourceTree = "<group>"; };
		3E820E0015D40B180001A3EC /* SpatialProvider.m */ = {isa = PBXFileReference; fileEncoding = 4; lastKnownFileType = sourcecode.c.objc; path = SpatialProvider.m; sourceTree = "<group>"; };
		3E820E0115D40B180001A3EC /* UserProximity.h */ = {isa = PBXFileReference; fileEncoding = 4; lastKnownFileType = sourcecode.c.h; path = UserProximity.h; sourceTree = "<group>"; };
		3E820E0215D40B180001A3EC /* UserProximity.m */ = {isa = PBXFileReference; fileEncoding = 4; lastKnownFileType = sourcecode.c.objc; path = UserProximity.m; sourceTree = "<group>"; };
		3E820E0315D40B180001A3EC /* SensorStore.h */ = {isa = PBXFileReference; fileEncoding = 4; lastKnownFileType = sourcecode.c.h; path = SensorStore.h; sourceTree = "<group>"; };
		3E820E0415D40B180001A3EC /* SensorStore.m */ = {isa = PBXFileReference; fileEncoding = 4; lastKnownFileType = sourcecode.c.objc; path = SensorStore.m; sourceTree = "<group>"; };
		3E820E0515D40B180001A3EC /* Settings.m */ = {isa = PBXFileReference; fileEncoding = 4; lastKnownFileType = sourcecode.c.objc; path = Settings.m; sourceTree = "<group>"; };
		3E820F8215D41C970001A3EC /* Sense platform-Prefix.pch */ = {isa = PBXFileReference; fileEncoding = 4; lastKnownFileType = sourcecode.c.h; path = "Sense platform-Prefix.pch"; sourceTree = "<group>"; };
		3E9C155515D564E100F520D0 /* ApplicationStateChange.h */ = {isa = PBXFileReference; fileEncoding = 4; lastKnownFileType = sourcecode.c.h; path = ApplicationStateChange.h; sourceTree = "<group>"; };
		3E9C155615D564E100F520D0 /* SensePlatform.h */ = {isa = PBXFileReference; fileEncoding = 4; lastKnownFileType = sourcecode.c.h; path = SensePlatform.h; sourceTree = "<group>"; };
		3E9C155715D564E100F520D0 /* Sensor.h */ = {isa = PBXFileReference; fileEncoding = 4; lastKnownFileType = sourcecode.c.h; path = Sensor.h; sourceTree = "<group>"; };
		3E9C155815D564E100F520D0 /* SensorIds.h */ = {isa = PBXFileReference; fileEncoding = 4; lastKnownFileType = sourcecode.c.h; path = SensorIds.h; sourceTree = "<group>"; };
		3E9C155915D564E100F520D0 /* Settings.h */ = {isa = PBXFileReference; fileEncoding = 4; lastKnownFileType = sourcecode.c.h; path = Settings.h; sourceTree = "<group>"; };
		3E9C157615D574B500F520D0 /* SystemConfiguration.framework */ = {isa = PBXFileReference; lastKnownFileType = wrapper.framework; name = SystemConfiguration.framework; path = System/Library/Frameworks/SystemConfiguration.framework; sourceTree = SDKROOT; };
		3E9C157915D574BB00F520D0 /* CoreTelephony.framework */ = {isa = PBXFileReference; lastKnownFileType = wrapper.framework; name = CoreTelephony.framework; path = System/Library/Frameworks/CoreTelephony.framework; sourceTree = SDKROOT; };
		3E9C157B15D574C300F520D0 /* AudioToolbox.framework */ = {isa = PBXFileReference; lastKnownFileType = wrapper.framework; name = AudioToolbox.framework; path = System/Library/Frameworks/AudioToolbox.framework; sourceTree = SDKROOT; };
		3E9C157D15D574D300F520D0 /* CoreAudio.framework */ = {isa = PBXFileReference; lastKnownFileType = wrapper.framework; name = CoreAudio.framework; path = System/Library/Frameworks/CoreAudio.framework; sourceTree = SDKROOT; };
		3E9C157F15D574DB00F520D0 /* AVFoundation.framework */ = {isa = PBXFileReference; lastKnownFileType = wrapper.framework; name = AVFoundation.framework; path = System/Library/Frameworks/AVFoundation.framework; sourceTree = SDKROOT; };
		3E9C158115D574E100F520D0 /* CoreMotion.framework */ = {isa = PBXFileReference; lastKnownFileType = wrapper.framework; name = CoreMotion.framework; path = System/Library/Frameworks/CoreMotion.framework; sourceTree = SDKROOT; };
		3E9C158315D574E700F520D0 /* CoreLocation.framework */ = {isa = PBXFileReference; lastKnownFileType = wrapper.framework; name = CoreLocation.framework; path = System/Library/Frameworks/CoreLocation.framework; sourceTree = SDKROOT; };
		3E9C158515D574EC00F520D0 /* CoreBluetooth.framework */ = {isa = PBXFileReference; lastKnownFileType = wrapper.framework; name = CoreBluetooth.framework; path = System/Library/Frameworks/CoreBluetooth.framework; sourceTree = SDKROOT; };
/* End PBXFileReference section */

/* Begin PBXFrameworksBuildPhase section */
		3E820D6715D40AB50001A3EC /* Frameworks */ = {
			isa = PBXFrameworksBuildPhase;
			buildActionMask = 2147483647;
			files = (
				3E9C158615D574EC00F520D0 /* CoreBluetooth.framework in Frameworks */,
				3E9C158415D574E700F520D0 /* CoreLocation.framework in Frameworks */,
				3E9C158215D574E100F520D0 /* CoreMotion.framework in Frameworks */,
				3E9C158015D574DB00F520D0 /* AVFoundation.framework in Frameworks */,
				3E9C157E15D574D300F520D0 /* CoreAudio.framework in Frameworks */,
				3E9C157C15D574C300F520D0 /* AudioToolbox.framework in Frameworks */,
				3E9C157A15D574BB00F520D0 /* CoreTelephony.framework in Frameworks */,
				3E9C157715D574B500F520D0 /* SystemConfiguration.framework in Frameworks */,
				3E820D6E15D40AB50001A3EC /* Foundation.framework in Frameworks */,
			);
			runOnlyForDeploymentPostprocessing = 0;
		};
/* End PBXFrameworksBuildPhase section */

/* Begin PBXGroup section */
		3E148A751608C2570010A0D1 /* csjson */ = {
			isa = PBXGroup;
			children = (
				3E148A761608C2570010A0D1 /* CSJSON.h */,
				3E148A771608C2570010A0D1 /* CSSBJson.h */,
				3E148A781608C2570010A0D1 /* CSSBJsonParser.h */,
				3E148A791608C2570010A0D1 /* CSSBJsonStreamParser.h */,
				3E148A7A1608C2570010A0D1 /* CSSBJsonStreamParserAccumulator.h */,
				3E148A7B1608C2570010A0D1 /* CSSBJsonStreamParserAdapter.h */,
				3E148A7C1608C2570010A0D1 /* CSSBJsonStreamParserState.h */,
				3E148A7D1608C2570010A0D1 /* CSSBJsonStreamWriter.h */,
				3E148A7E1608C2570010A0D1 /* CSSBJsonStreamWriterAccumulator.h */,
				3E148A7F1608C2570010A0D1 /* CSSBJsonStreamWriterState.h */,
				3E148A801608C2570010A0D1 /* CSSBJsonTokeniser.h */,
				3E148A811608C2570010A0D1 /* CSSBJsonUTF8Stream.h */,
				3E148A821608C2570010A0D1 /* CSSBJsonWriter.h */,
				3E148A831608C2570010A0D1 /* NSObject+CSSBJson.h */,
			);
			path = csjson;
			sourceTree = "<group>";
		};
		3E148A921608C2630010A0D1 /* csjson */ = {
			isa = PBXGroup;
			children = (
				3E148A931608C2630010A0D1 /* CSSBJsonParser.m */,
				3E148A941608C2630010A0D1 /* CSSBJsonStreamParser.m */,
				3E148A951608C2630010A0D1 /* CSSBJsonStreamParserAccumulator.m */,
				3E148A961608C2630010A0D1 /* CSSBJsonStreamParserAdapter.m */,
				3E148A971608C2630010A0D1 /* CSSBJsonStreamParserState.m */,
				3E148A981608C2630010A0D1 /* CSSBJsonStreamWriter.m */,
				3E148A991608C2630010A0D1 /* CSSBJsonStreamWriterAccumulator.m */,
				3E148A9A1608C2630010A0D1 /* CSSBJsonStreamWriterState.m */,
				3E148A9B1608C2630010A0D1 /* CSSBJsonTokeniser.m */,
				3E148A9C1608C2630010A0D1 /* CSSBJsonUTF8Stream.m */,
				3E148A9D1608C2630010A0D1 /* CSSBJsonWriter.m */,
				3E148A9E1608C2630010A0D1 /* NSObject+CSSBJson.m */,
			);
			path = csjson;
			sourceTree = "<group>";
		};
		3E59ACB915F4DB1B00C07D59 /* Utils */ = {
			isa = PBXGroup;
			children = (
				3E59ACBB15F4DB9D00C07D59 /* UIDevice+IdentifierAddition.h */,
				3E59ACBC15F4DB9D00C07D59 /* UIDevice+IdentifierAddition.m */,
			);
			name = Utils;
			sourceTree = "<group>";
		};
		3E820D5F15D40AB50001A3EC = {
			isa = PBXGroup;
			children = (
				3E9C158515D574EC00F520D0 /* CoreBluetooth.framework */,
				3E9C158315D574E700F520D0 /* CoreLocation.framework */,
				3E9C158115D574E100F520D0 /* CoreMotion.framework */,
				3E9C157F15D574DB00F520D0 /* AVFoundation.framework */,
				3E9C157D15D574D300F520D0 /* CoreAudio.framework */,
				3E9C157B15D574C300F520D0 /* AudioToolbox.framework */,
				3E9C157915D574BB00F520D0 /* CoreTelephony.framework */,
				3E9C157615D574B500F520D0 /* SystemConfiguration.framework */,
				3E9C154315D564E100F520D0 /* include */,
				3E820F8215D41C970001A3EC /* Sense platform-Prefix.pch */,
				3E148A921608C2630010A0D1 /* csjson */,
				3E59ACB915F4DB1B00C07D59 /* Utils */,
				3E820DBF15D40B180001A3EC /* sense platform */,
				3E820DBB15D40B100001A3EC /* resources */,
				3E820D6C15D40AB50001A3EC /* Frameworks */,
				3E820D6B15D40AB50001A3EC /* Products */,
			);
			sourceTree = "<group>";
		};
		3E820D6B15D40AB50001A3EC /* Products */ = {
			isa = PBXGroup;
			children = (
				3E820D6A15D40AB50001A3EC /* libSense platform.a */,
			);
			name = Products;
			sourceTree = "<group>";
		};
		3E820D6C15D40AB50001A3EC /* Frameworks */ = {
			isa = PBXGroup;
			children = (
				3E820D6D15D40AB50001A3EC /* Foundation.framework */,
			);
			name = Frameworks;
			sourceTree = "<group>";
		};
		3E820DBB15D40B100001A3EC /* resources */ = {
			isa = PBXGroup;
			children = (
				3E820DBC15D40B100001A3EC /* CommonSense.plist */,
				3E820DBD15D40B100001A3EC /* SensePlatform-Info.plist */,
				3E820DBE15D40B100001A3EC /* Settings.plist */,
			);
			path = resources;
			sourceTree = "<group>";
		};
		3E820DBF15D40B180001A3EC /* sense platform */ = {
			isa = PBXGroup;
			children = (
				3E820DC015D40B180001A3EC /* ApplicationStateChange.m */,
				3E820DC115D40B180001A3EC /* communication */,
				3E820DC815D40B180001A3EC /* DataStore.h */,
				3E820DC915D40B180001A3EC /* misc */,
				3E820DCE15D40B180001A3EC /* SensePlatform.m */,
				3E820DCF15D40B180001A3EC /* SensorIds.m */,
				3E820DD015D40B180001A3EC /* sensors */,
				3E820E0315D40B180001A3EC /* SensorStore.h */,
				3E820E0415D40B180001A3EC /* SensorStore.m */,
				3E820E0515D40B180001A3EC /* Settings.m */,
			);
			path = "sense platform";
			sourceTree = "<group>";
		};
		3E820DC115D40B180001A3EC /* communication */ = {
			isa = PBXGroup;
			children = (
				3E820DC215D40B180001A3EC /* ActivitySender.h */,
				3E820DC315D40B180001A3EC /* ActivitySender.m */,
				3E820DC415D40B180001A3EC /* NSString+MD5Hash.h */,
				3E820DC515D40B180001A3EC /* NSString+MD5Hash.m */,
				3E820DC615D40B180001A3EC /* Sender.h */,
				3E820DC715D40B180001A3EC /* Sender.m */,
			);
			path = communication;
			sourceTree = "<group>";
		};
		3E820DC915D40B180001A3EC /* misc */ = {
			isa = PBXGroup;
			children = (
				3E820DCA15D40B180001A3EC /* NSNotificationCenter+MainThread.h */,
				3E820DCB15D40B180001A3EC /* NSNotificationCenter+MainThread.m */,
				3E820DCC15D40B180001A3EC /* SEReachability.h */,
				3E820DCD15D40B180001A3EC /* SEReachability.m */,
			);
			path = misc;
			sourceTree = "<group>";
		};
		3E820DD015D40B180001A3EC /* sensors */ = {
			isa = PBXGroup;
			children = (
				3E820DD115D40B180001A3EC /* Acceleration.h */,
				3E820DD215D40B180001A3EC /* Acceleration.m */,
				3E820DD315D40B180001A3EC /* AccelerationSensor.h */,
				3E820DD415D40B180001A3EC /* AccelerationSensor.m */,
				3E820DD515D40B180001A3EC /* AccelerometerSensor.h */,
				3E820DD615D40B180001A3EC /* AccelerometerSensor.m */,
				3E820DD715D40B180001A3EC /* ant+ */,
				3E820DDE15D40B180001A3EC /* BatterySensor.h */,
				3E820DDF15D40B180001A3EC /* BatterySensor.m */,
				3E820DE015D40B180001A3EC /* CallSensor.h */,
				3E820DE115D40B180001A3EC /* CallSensor.m */,
				3E820DE215D40B180001A3EC /* CompassSensor.h */,
				3E820DE315D40B180001A3EC /* CompassSensor.m */,
				3E820DE415D40B180001A3EC /* ConnectionSensor.h */,
				3E820DE515D40B180001A3EC /* ConnectionSensor.m */,
				3E820DE615D40B180001A3EC /* DynamicSensor.h */,
				3E820DE715D40B180001A3EC /* DynamicSensor.m */,
				3E820DE815D40B180001A3EC /* JumpSensor.h */,
				3E820DE915D40B180001A3EC /* JumpSensor.m */,
				3E820DEA15D40B180001A3EC /* LocationSensor.h */,
				3E820DEB15D40B180001A3EC /* LocationSensor.m */,
				3E820DEC15D40B180001A3EC /* MiscSensor.h */,
				3E820DED15D40B180001A3EC /* MiscSensor.m */,
				3E820DEE15D40B180001A3EC /* MotionEnergySensor.h */,
				3E820DEF15D40B180001A3EC /* MotionEnergySensor.m */,
				3E820DF015D40B180001A3EC /* MotionFeaturesSensor.h */,
				3E820DF115D40B180001A3EC /* MotionFeaturesSensor.m */,
				3E820DF215D40B180001A3EC /* MovingSensor.h */,
				3E820DF315D40B180001A3EC /* MovingSensor.m */,
				3E820DF415D40B180001A3EC /* NoiseSensor.h */,
				3E820DF515D40B180001A3EC /* NoiseSensor.m */,
				3E820DF615D40B180001A3EC /* OrientationSensor.h */,
				3E820DF715D40B180001A3EC /* OrientationSensor.m */,
				3E820DF815D40B180001A3EC /* OrientationStateSensor.h */,
				3E820DF915D40B180001A3EC /* OrientationStateSensor.m */,
				3E820DFA15D40B180001A3EC /* PreferencesSensor.h */,
				3E820DFB15D40B180001A3EC /* PreferencesSensor.m */,
				3E820DFC15D40B180001A3EC /* RotationSensor.h */,
				3E820DFD15D40B180001A3EC /* RotationSensor.m */,
				3E820DFE15D40B180001A3EC /* Sensor.m */,
				3E820DFF15D40B180001A3EC /* SpatialProvider.h */,
				3E820E0015D40B180001A3EC /* SpatialProvider.m */,
				3E820E0115D40B180001A3EC /* UserProximity.h */,
				3E820E0215D40B180001A3EC /* UserProximity.m */,
			);
			path = sensors;
			sourceTree = "<group>";
		};
		3E820DD715D40B180001A3EC /* ant+ */ = {
			isa = PBXGroup;
			children = (
				3E820DD815D40B180001A3EC /* AntPlusController.h */,
				3E820DD915D40B180001A3EC /* AntPlusController.m */,
				3E820DDA15D40B180001A3EC /* BloodPressureSensor.h */,
				3E820DDB15D40B180001A3EC /* BloodPressureSensor.m */,
				3E820DDC15D40B180001A3EC /* FootpodSensor.h */,
				3E820DDD15D40B180001A3EC /* FootpodSensor.m */,
			);
			path = "ant+";
			sourceTree = "<group>";
		};
		3E9C154315D564E100F520D0 /* include */ = {
			isa = PBXGroup;
			children = (
				3E148A751608C2570010A0D1 /* csjson */,
				3E9C155415D564E100F520D0 /* SensePlatform */,
			);
			path = include;
			sourceTree = "<group>";
		};
		3E9C155415D564E100F520D0 /* SensePlatform */ = {
			isa = PBXGroup;
			children = (
				3E9C155515D564E100F520D0 /* ApplicationStateChange.h */,
				3E9C155615D564E100F520D0 /* SensePlatform.h */,
				3E9C155715D564E100F520D0 /* Sensor.h */,
				3E9C155815D564E100F520D0 /* SensorIds.h */,
				3E9C155915D564E100F520D0 /* Settings.h */,
			);
			path = SensePlatform;
			sourceTree = "<group>";
		};
/* End PBXGroup section */

/* Begin PBXHeadersBuildPhase section */
		3E820D6815D40AB50001A3EC /* Headers */ = {
			isa = PBXHeadersBuildPhase;
			buildActionMask = 2147483647;
			files = (
				3E820E0715D40B190001A3EC /* ActivitySender.h in Headers */,
				3E820E0915D40B190001A3EC /* NSString+MD5Hash.h in Headers */,
				3E820E0B15D40B190001A3EC /* Sender.h in Headers */,
				3E820E0D15D40B190001A3EC /* DataStore.h in Headers */,
				3E820E0E15D40B190001A3EC /* NSNotificationCenter+MainThread.h in Headers */,
				3E820E1015D40B190001A3EC /* SEReachability.h in Headers */,
				3E820E1415D40B190001A3EC /* Acceleration.h in Headers */,
				3E820E1615D40B190001A3EC /* AccelerationSensor.h in Headers */,
				3E820E1815D40B190001A3EC /* AccelerometerSensor.h in Headers */,
				3E820E1A15D40B190001A3EC /* AntPlusController.h in Headers */,
				3E820E1C15D40B190001A3EC /* BloodPressureSensor.h in Headers */,
				3E820E1E15D40B190001A3EC /* FootpodSensor.h in Headers */,
				3E820E2015D40B190001A3EC /* BatterySensor.h in Headers */,
				3E820E2215D40B190001A3EC /* CallSensor.h in Headers */,
				3E820E2415D40B190001A3EC /* CompassSensor.h in Headers */,
				3E820E2615D40B190001A3EC /* ConnectionSensor.h in Headers */,
				3E820E2815D40B190001A3EC /* DynamicSensor.h in Headers */,
				3E820E2A15D40B190001A3EC /* JumpSensor.h in Headers */,
				3E820E2C15D40B190001A3EC /* LocationSensor.h in Headers */,
				3E820E2E15D40B190001A3EC /* MiscSensor.h in Headers */,
				3E820E3015D40B190001A3EC /* MotionEnergySensor.h in Headers */,
				3E820E3215D40B190001A3EC /* MotionFeaturesSensor.h in Headers */,
				3E820E3415D40B190001A3EC /* MovingSensor.h in Headers */,
				3E820E3615D40B190001A3EC /* NoiseSensor.h in Headers */,
				3E820E3815D40B190001A3EC /* OrientationSensor.h in Headers */,
				3E820E3A15D40B190001A3EC /* OrientationStateSensor.h in Headers */,
				3E820E3C15D40B190001A3EC /* PreferencesSensor.h in Headers */,
				3E820E3E15D40B190001A3EC /* RotationSensor.h in Headers */,
				3E820E4115D40B190001A3EC /* SpatialProvider.h in Headers */,
				3E820E4315D40B190001A3EC /* UserProximity.h in Headers */,
				3E820E4515D40B190001A3EC /* SensorStore.h in Headers */,
				3E820F8315D41C970001A3EC /* Sense platform-Prefix.pch in Headers */,
				3E9C156815D564E100F520D0 /* ApplicationStateChange.h in Headers */,
				3E9C156915D564E100F520D0 /* SensePlatform.h in Headers */,
				3E9C156A15D564E100F520D0 /* Sensor.h in Headers */,
				3E9C156B15D564E100F520D0 /* SensorIds.h in Headers */,
				3E9C156C15D564E100F520D0 /* Settings.h in Headers */,
				3E59ACBD15F4DB9D00C07D59 /* UIDevice+IdentifierAddition.h in Headers */,
				3E148A841608C2570010A0D1 /* CSJSON.h in Headers */,
				3E148A851608C2570010A0D1 /* CSSBJson.h in Headers */,
				3E148A861608C2570010A0D1 /* CSSBJsonParser.h in Headers */,
				3E148A871608C2570010A0D1 /* CSSBJsonStreamParser.h in Headers */,
				3E148A881608C2570010A0D1 /* CSSBJsonStreamParserAccumulator.h in Headers */,
				3E148A891608C2570010A0D1 /* CSSBJsonStreamParserAdapter.h in Headers */,
				3E148A8A1608C2570010A0D1 /* CSSBJsonStreamParserState.h in Headers */,
				3E148A8B1608C2570010A0D1 /* CSSBJsonStreamWriter.h in Headers */,
				3E148A8C1608C2570010A0D1 /* CSSBJsonStreamWriterAccumulator.h in Headers */,
				3E148A8D1608C2570010A0D1 /* CSSBJsonStreamWriterState.h in Headers */,
				3E148A8E1608C2570010A0D1 /* CSSBJsonTokeniser.h in Headers */,
				3E148A8F1608C2570010A0D1 /* CSSBJsonUTF8Stream.h in Headers */,
				3E148A901608C2570010A0D1 /* CSSBJsonWriter.h in Headers */,
				3E148A911608C2570010A0D1 /* NSObject+CSSBJson.h in Headers */,
			);
			runOnlyForDeploymentPostprocessing = 0;
		};
/* End PBXHeadersBuildPhase section */

/* Begin PBXNativeTarget section */
		3E820D6915D40AB50001A3EC /* Sense platform */ = {
			isa = PBXNativeTarget;
			buildConfigurationList = 3E820D7715D40AB50001A3EC /* Build configuration list for PBXNativeTarget "Sense platform" */;
			buildPhases = (
				3E820D6615D40AB50001A3EC /* Sources */,
				3E820D6715D40AB50001A3EC /* Frameworks */,
				3E820D6815D40AB50001A3EC /* Headers */,
			);
			buildRules = (
			);
			dependencies = (
			);
			name = "Sense platform";
			productName = "Sense platform iOS";
			productReference = 3E820D6A15D40AB50001A3EC /* libSense platform.a */;
			productType = "com.apple.product-type.library.static";
		};
/* End PBXNativeTarget section */

/* Begin PBXProject section */
		3E820D6115D40AB50001A3EC /* Project object */ = {
			isa = PBXProject;
			attributes = {
				LastUpgradeCheck = 0430;
			};
			buildConfigurationList = 3E820D6415D40AB50001A3EC /* Build configuration list for PBXProject "Sense platform" */;
			compatibilityVersion = "Xcode 3.2";
			developmentRegion = English;
			hasScannedForEncodings = 0;
			knownRegions = (
				en,
			);
			mainGroup = 3E820D5F15D40AB50001A3EC;
			productRefGroup = 3E820D6B15D40AB50001A3EC /* Products */;
			projectDirPath = "";
			projectRoot = "";
			targets = (
				3E820D6915D40AB50001A3EC /* Sense platform */,
			);
		};
/* End PBXProject section */

/* Begin PBXSourcesBuildPhase section */
		3E820D6615D40AB50001A3EC /* Sources */ = {
			isa = PBXSourcesBuildPhase;
			buildActionMask = 2147483647;
			files = (
				3E820E0615D40B190001A3EC /* ApplicationStateChange.m in Sources */,
				3E820E0815D40B190001A3EC /* ActivitySender.m in Sources */,
				3E820E0A15D40B190001A3EC /* NSString+MD5Hash.m in Sources */,
				3E820E0C15D40B190001A3EC /* Sender.m in Sources */,
				3E820E0F15D40B190001A3EC /* NSNotificationCenter+MainThread.m in Sources */,
				3E820E1115D40B190001A3EC /* SEReachability.m in Sources */,
				3E820E1215D40B190001A3EC /* SensePlatform.m in Sources */,
				3E820E1315D40B190001A3EC /* SensorIds.m in Sources */,
				3E820E1515D40B190001A3EC /* Acceleration.m in Sources */,
				3E820E1715D40B190001A3EC /* AccelerationSensor.m in Sources */,
				3E820E1915D40B190001A3EC /* AccelerometerSensor.m in Sources */,
				3E820E1B15D40B190001A3EC /* AntPlusController.m in Sources */,
				3E820E1D15D40B190001A3EC /* BloodPressureSensor.m in Sources */,
				3E820E1F15D40B190001A3EC /* FootpodSensor.m in Sources */,
				3E820E2115D40B190001A3EC /* BatterySensor.m in Sources */,
				3E820E2315D40B190001A3EC /* CallSensor.m in Sources */,
				3E820E2515D40B190001A3EC /* CompassSensor.m in Sources */,
				3E820E2715D40B190001A3EC /* ConnectionSensor.m in Sources */,
				3E820E2915D40B190001A3EC /* DynamicSensor.m in Sources */,
				3E820E2B15D40B190001A3EC /* JumpSensor.m in Sources */,
				3E820E2D15D40B190001A3EC /* LocationSensor.m in Sources */,
				3E820E2F15D40B190001A3EC /* MiscSensor.m in Sources */,
				3E820E3115D40B190001A3EC /* MotionEnergySensor.m in Sources */,
				3E820E3315D40B190001A3EC /* MotionFeaturesSensor.m in Sources */,
				3E820E3515D40B190001A3EC /* MovingSensor.m in Sources */,
				3E820E3715D40B190001A3EC /* NoiseSensor.m in Sources */,
				3E820E3915D40B190001A3EC /* OrientationSensor.m in Sources */,
				3E820E3B15D40B190001A3EC /* OrientationStateSensor.m in Sources */,
				3E820E3D15D40B190001A3EC /* PreferencesSensor.m in Sources */,
				3E820E3F15D40B190001A3EC /* RotationSensor.m in Sources */,
				3E820E4015D40B190001A3EC /* Sensor.m in Sources */,
				3E820E4215D40B190001A3EC /* SpatialProvider.m in Sources */,
				3E820E4415D40B190001A3EC /* UserProximity.m in Sources */,
				3E820E4615D40B190001A3EC /* SensorStore.m in Sources */,
				3E820E4715D40B190001A3EC /* Settings.m in Sources */,
				3E59ACBE15F4DB9D00C07D59 /* UIDevice+IdentifierAddition.m in Sources */,
				3E148A9F1608C2630010A0D1 /* CSSBJsonParser.m in Sources */,
				3E148AA01608C2630010A0D1 /* CSSBJsonStreamParser.m in Sources */,
				3E148AA11608C2630010A0D1 /* CSSBJsonStreamParserAccumulator.m in Sources */,
				3E148AA21608C2630010A0D1 /* CSSBJsonStreamParserAdapter.m in Sources */,
				3E148AA31608C2630010A0D1 /* CSSBJsonStreamParserState.m in Sources */,
				3E148AA41608C2630010A0D1 /* CSSBJsonStreamWriter.m in Sources */,
				3E148AA51608C2630010A0D1 /* CSSBJsonStreamWriterAccumulator.m in Sources */,
				3E148AA61608C2630010A0D1 /* CSSBJsonStreamWriterState.m in Sources */,
				3E148AA71608C2630010A0D1 /* CSSBJsonTokeniser.m in Sources */,
				3E148AA81608C2630010A0D1 /* CSSBJsonUTF8Stream.m in Sources */,
				3E148AA91608C2630010A0D1 /* CSSBJsonWriter.m in Sources */,
				3E148AAA1608C2630010A0D1 /* NSObject+CSSBJson.m in Sources */,
			);
			runOnlyForDeploymentPostprocessing = 0;
		};
/* End PBXSourcesBuildPhase section */

/* Begin XCBuildConfiguration section */
		3E820D7515D40AB50001A3EC /* Debug */ = {
			isa = XCBuildConfiguration;
			buildSettings = {
				ALWAYS_SEARCH_USER_PATHS = YES;
				ARCHS = "$(ARCHS_STANDARD_32_BIT)";
				CLANG_ENABLE_OBJC_ARC = YES;
				COPY_PHASE_STRIP = NO;
				GCC_C_LANGUAGE_STANDARD = gnu99;
				GCC_DYNAMIC_NO_PIC = NO;
				GCC_OPTIMIZATION_LEVEL = 0;
				GCC_PREPROCESSOR_DEFINITIONS = (
					"DEBUG=1",
					"$(inherited)",
				);
				GCC_SYMBOLS_PRIVATE_EXTERN = NO;
				GCC_VERSION = com.apple.compilers.llvm.clang.1_0;
				GCC_WARN_ABOUT_RETURN_TYPE = YES;
				GCC_WARN_UNINITIALIZED_AUTOS = YES;
				GCC_WARN_UNUSED_VARIABLE = YES;
				IPHONEOS_DEPLOYMENT_TARGET = 5.1;
				SDKROOT = iphoneos;
			};
			name = Debug;
		};
		3E820D7615D40AB50001A3EC /* Release */ = {
			isa = XCBuildConfiguration;
			buildSettings = {
				ALWAYS_SEARCH_USER_PATHS = YES;
				ARCHS = "$(ARCHS_STANDARD_32_BIT)";
				CLANG_ENABLE_OBJC_ARC = YES;
				COPY_PHASE_STRIP = YES;
				GCC_C_LANGUAGE_STANDARD = gnu99;
				GCC_VERSION = com.apple.compilers.llvm.clang.1_0;
				GCC_WARN_ABOUT_RETURN_TYPE = YES;
				GCC_WARN_UNINITIALIZED_AUTOS = YES;
				GCC_WARN_UNUSED_VARIABLE = YES;
				IPHONEOS_DEPLOYMENT_TARGET = 5.1;
				SDKROOT = iphoneos;
				VALIDATE_PRODUCT = YES;
			};
			name = Release;
		};
		3E820D7815D40AB50001A3EC /* Debug */ = {
			isa = XCBuildConfiguration;
			buildSettings = {
				DSTROOT = /tmp/Sense_platform_iOS.dst;
				GCC_PRECOMPILE_PREFIX_HEADER = YES;
				GCC_PREFIX_HEADER = "Sense platform-Prefix.pch";
				OTHER_LDFLAGS = "-ObjC";
				PRODUCT_NAME = "Sense platform";
				SKIP_INSTALL = YES;
			};
			name = Debug;
		};
		3E820D7915D40AB50001A3EC /* Release */ = {
			isa = XCBuildConfiguration;
			buildSettings = {
				DSTROOT = /tmp/Sense_platform_iOS.dst;
				GCC_PRECOMPILE_PREFIX_HEADER = YES;
				GCC_PREFIX_HEADER = "Sense platform-Prefix.pch";
				OTHER_LDFLAGS = "-ObjC";
				PRODUCT_NAME = "Sense platform";
				SKIP_INSTALL = YES;
			};
			name = Release;
		};
/* End XCBuildConfiguration section */

/* Begin XCConfigurationList section */
		3E820D6415D40AB50001A3EC /* Build configuration list for PBXProject "Sense platform" */ = {
			isa = XCConfigurationList;
			buildConfigurations = (
				3E820D7515D40AB50001A3EC /* Debug */,
				3E820D7615D40AB50001A3EC /* Release */,
			);
			defaultConfigurationIsVisible = 0;
			defaultConfigurationName = Release;
		};
		3E820D7715D40AB50001A3EC /* Build configuration list for PBXNativeTarget "Sense platform" */ = {
			isa = XCConfigurationList;
			buildConfigurations = (
				3E820D7815D40AB50001A3EC /* Debug */,
				3E820D7915D40AB50001A3EC /* Release */,
			);
			defaultConfigurationIsVisible = 0;
			defaultConfigurationName = Release;
		};
/* End XCConfigurationList section */
	};
	rootObject = 3E820D6115D40AB50001A3EC /* Project object */;
}
