// !$*UTF8*$!
{
	archiveVersion = 1;
	classes = {
	};
	objectVersion = 46;
	objects = {

/* Begin PBXBuildFile section */
		3E18BB32154AC8CD005EED30 /* JSON.h in Headers */ = {isa = PBXBuildFile; fileRef = 3E18BB2B154AC8CD005EED30 /* JSON.h */; };
		3E18BB33154AC8CD005EED30 /* NSObject+SBJSON.h in Headers */ = {isa = PBXBuildFile; fileRef = 3E18BB2C154AC8CD005EED30 /* NSObject+SBJSON.h */; };
		3E18BB34154AC8CD005EED30 /* NSString+SBJSON.h in Headers */ = {isa = PBXBuildFile; fileRef = 3E18BB2D154AC8CD005EED30 /* NSString+SBJSON.h */; };
		3E18BB35154AC8CD005EED30 /* SBJSON.h in Headers */ = {isa = PBXBuildFile; fileRef = 3E18BB2E154AC8CD005EED30 /* SBJSON.h */; };
		3E18BB36154AC8CD005EED30 /* SBJsonBase.h in Headers */ = {isa = PBXBuildFile; fileRef = 3E18BB2F154AC8CD005EED30 /* SBJsonBase.h */; };
		3E18BB37154AC8CD005EED30 /* SBJsonParser.h in Headers */ = {isa = PBXBuildFile; fileRef = 3E18BB30154AC8CD005EED30 /* SBJsonParser.h */; };
		3E18BB38154AC8CD005EED30 /* SBJsonWriter.h in Headers */ = {isa = PBXBuildFile; fileRef = 3E18BB31154AC8CD005EED30 /* SBJsonWriter.h */; };
		3E1C7D66154AE6A50048CFF6 /* Sensor.h in Headers */ = {isa = PBXBuildFile; fileRef = 3E1C7D65154AE6A50048CFF6 /* Sensor.h */; };
		3E1C7D7A154AE6C90048CFF6 /* Acceleration.h in Headers */ = {isa = PBXBuildFile; fileRef = 3E1C7D67154AE6C90048CFF6 /* Acceleration.h */; };
		3E1C7D7B154AE6C90048CFF6 /* Acceleration.m in Sources */ = {isa = PBXBuildFile; fileRef = 3E1C7D68154AE6C90048CFF6 /* Acceleration.m */; };
		3E1C7D7C154AE6C90048CFF6 /* AccelerationSensor.h in Headers */ = {isa = PBXBuildFile; fileRef = 3E1C7D69154AE6C90048CFF6 /* AccelerationSensor.h */; };
		3E1C7D7D154AE6C90048CFF6 /* AccelerometerSensor.h in Headers */ = {isa = PBXBuildFile; fileRef = 3E1C7D6A154AE6C90048CFF6 /* AccelerometerSensor.h */; };
		3E1C7D7E154AE6C90048CFF6 /* BatterySensor.h in Headers */ = {isa = PBXBuildFile; fileRef = 3E1C7D6B154AE6C90048CFF6 /* BatterySensor.h */; };
		3E1C7D7F154AE6C90048CFF6 /* CallSensor.h in Headers */ = {isa = PBXBuildFile; fileRef = 3E1C7D6C154AE6C90048CFF6 /* CallSensor.h */; };
		3E1C7D80154AE6C90048CFF6 /* CompassSensor.h in Headers */ = {isa = PBXBuildFile; fileRef = 3E1C7D6D154AE6C90048CFF6 /* CompassSensor.h */; };
		3E1C7D81154AE6C90048CFF6 /* ConnectionSensor.h in Headers */ = {isa = PBXBuildFile; fileRef = 3E1C7D6E154AE6C90048CFF6 /* ConnectionSensor.h */; };
		3E1C7D82154AE6C90048CFF6 /* DynamicSensor.h in Headers */ = {isa = PBXBuildFile; fileRef = 3E1C7D6F154AE6C90048CFF6 /* DynamicSensor.h */; };
		3E1C7D83154AE6C90048CFF6 /* LocationSensor.h in Headers */ = {isa = PBXBuildFile; fileRef = 3E1C7D70154AE6C90048CFF6 /* LocationSensor.h */; };
		3E1C7D84154AE6C90048CFF6 /* MiscSensor.h in Headers */ = {isa = PBXBuildFile; fileRef = 3E1C7D71154AE6C90048CFF6 /* MiscSensor.h */; };
		3E1C7D85154AE6C90048CFF6 /* MovingSensor.h in Headers */ = {isa = PBXBuildFile; fileRef = 3E1C7D72154AE6C90048CFF6 /* MovingSensor.h */; };
		3E1C7D86154AE6C90048CFF6 /* NoiseSensor.h in Headers */ = {isa = PBXBuildFile; fileRef = 3E1C7D73154AE6C90048CFF6 /* NoiseSensor.h */; };
		3E1C7D87154AE6C90048CFF6 /* OrientationSensor.h in Headers */ = {isa = PBXBuildFile; fileRef = 3E1C7D74154AE6C90048CFF6 /* OrientationSensor.h */; };
		3E1C7D88154AE6C90048CFF6 /* OrientationStateSensor.h in Headers */ = {isa = PBXBuildFile; fileRef = 3E1C7D75154AE6C90048CFF6 /* OrientationStateSensor.h */; };
		3E1C7D89154AE6C90048CFF6 /* PreferencesSensor.h in Headers */ = {isa = PBXBuildFile; fileRef = 3E1C7D76154AE6C90048CFF6 /* PreferencesSensor.h */; };
		3E1C7D8A154AE6C90048CFF6 /* RotationSensor.h in Headers */ = {isa = PBXBuildFile; fileRef = 3E1C7D77154AE6C90048CFF6 /* RotationSensor.h */; };
		3E1C7D8B154AE6C90048CFF6 /* SpatialProvider.h in Headers */ = {isa = PBXBuildFile; fileRef = 3E1C7D78154AE6C90048CFF6 /* SpatialProvider.h */; };
		3E1C7D8C154AE6C90048CFF6 /* UserProximity.h in Headers */ = {isa = PBXBuildFile; fileRef = 3E1C7D79154AE6C90048CFF6 /* UserProximity.h */; };
		3E1C7DB7154B02CF0048CFF6 /* SensePlatform.m in Sources */ = {isa = PBXBuildFile; fileRef = 3EF8C526154167E500777C34 /* SensePlatform.m */; };
		3E5D0C6C153DC14E00198A55 /* ActivitySender.h in Headers */ = {isa = PBXBuildFile; fileRef = 3E5D0C23153DC14E00198A55 /* ActivitySender.h */; };
		3E5D0C6D153DC14E00198A55 /* ActivitySender.m in Sources */ = {isa = PBXBuildFile; fileRef = 3E5D0C24153DC14E00198A55 /* ActivitySender.m */; };
		3E5D0C6E153DC14E00198A55 /* NSString+MD5Hash.h in Headers */ = {isa = PBXBuildFile; fileRef = 3E5D0C25153DC14E00198A55 /* NSString+MD5Hash.h */; };
		3E5D0C6F153DC14E00198A55 /* NSString+MD5Hash.m in Sources */ = {isa = PBXBuildFile; fileRef = 3E5D0C26153DC14E00198A55 /* NSString+MD5Hash.m */; };
		3E5D0C70153DC14E00198A55 /* Sender.h in Headers */ = {isa = PBXBuildFile; fileRef = 3E5D0C27153DC14E00198A55 /* Sender.h */; };
		3E5D0C71153DC14E00198A55 /* Sender.m in Sources */ = {isa = PBXBuildFile; fileRef = 3E5D0C28153DC14E00198A55 /* Sender.m */; };
		3E5D0C72153DC14E00198A55 /* DataStore.h in Headers */ = {isa = PBXBuildFile; fileRef = 3E5D0C29153DC14E00198A55 /* DataStore.h */; };
		3E5D0C80153DC14E00198A55 /* NSNotificationCenter+MainThread.h in Headers */ = {isa = PBXBuildFile; fileRef = 3E5D0C39153DC14E00198A55 /* NSNotificationCenter+MainThread.h */; };
		3E5D0C81153DC14E00198A55 /* NSNotificationCenter+MainThread.m in Sources */ = {isa = PBXBuildFile; fileRef = 3E5D0C3A153DC14E00198A55 /* NSNotificationCenter+MainThread.m */; };
		3E5D0C82153DC14E00198A55 /* Reachability.h in Headers */ = {isa = PBXBuildFile; fileRef = 3E5D0C3B153DC14E00198A55 /* Reachability.h */; };
		3E5D0C83153DC14E00198A55 /* Reachability.m in Sources */ = {isa = PBXBuildFile; fileRef = 3E5D0C3C153DC14E00198A55 /* Reachability.m */; };
		3E5D0C89153DC14E00198A55 /* AccelerationSensor.m in Sources */ = {isa = PBXBuildFile; fileRef = 3E5D0C43153DC14E00198A55 /* AccelerationSensor.m */; };
		3E5D0C8B153DC14E00198A55 /* AccelerometerSensor.m in Sources */ = {isa = PBXBuildFile; fileRef = 3E5D0C45153DC14E00198A55 /* AccelerometerSensor.m */; };
		3E5D0C8F153DC14E00198A55 /* BatterySensor.m in Sources */ = {isa = PBXBuildFile; fileRef = 3E5D0C49153DC14E00198A55 /* BatterySensor.m */; };
		3E5D0C91153DC14E00198A55 /* CallSensor.m in Sources */ = {isa = PBXBuildFile; fileRef = 3E5D0C4B153DC14E00198A55 /* CallSensor.m */; };
		3E5D0C93153DC14E00198A55 /* CompassSensor.m in Sources */ = {isa = PBXBuildFile; fileRef = 3E5D0C4D153DC14E00198A55 /* CompassSensor.m */; };
		3E5D0C95153DC14E00198A55 /* ConnectionSensor.m in Sources */ = {isa = PBXBuildFile; fileRef = 3E5D0C4F153DC14E00198A55 /* ConnectionSensor.m */; };
		3E5D0C97153DC14E00198A55 /* LocationSensor.m in Sources */ = {isa = PBXBuildFile; fileRef = 3E5D0C51153DC14E00198A55 /* LocationSensor.m */; };
		3E5D0C99153DC14E00198A55 /* MiscSensor.m in Sources */ = {isa = PBXBuildFile; fileRef = 3E5D0C53153DC14E00198A55 /* MiscSensor.m */; };
		3E5D0C9B153DC14E00198A55 /* MovingSensor.m in Sources */ = {isa = PBXBuildFile; fileRef = 3E5D0C55153DC14E00198A55 /* MovingSensor.m */; };
		3E5D0C9D153DC14E00198A55 /* NoiseSensor.m in Sources */ = {isa = PBXBuildFile; fileRef = 3E5D0C57153DC14E00198A55 /* NoiseSensor.m */; };
		3E5D0C9F153DC14E00198A55 /* OrientationSensor.m in Sources */ = {isa = PBXBuildFile; fileRef = 3E5D0C59153DC14E00198A55 /* OrientationSensor.m */; };
		3E5D0CA1153DC14E00198A55 /* OrientationStateSensor.m in Sources */ = {isa = PBXBuildFile; fileRef = 3E5D0C5B153DC14E00198A55 /* OrientationStateSensor.m */; };
		3E5D0CA3153DC14E00198A55 /* PreferencesSensor.m in Sources */ = {isa = PBXBuildFile; fileRef = 3E5D0C5D153DC14E00198A55 /* PreferencesSensor.m */; };
		3E5D0CA7153DC14E00198A55 /* RotationSensor.m in Sources */ = {isa = PBXBuildFile; fileRef = 3E5D0C61153DC14E00198A55 /* RotationSensor.m */; };
		3E5D0CA9153DC14E00198A55 /* Sensor.m in Sources */ = {isa = PBXBuildFile; fileRef = 3E5D0C63153DC14E00198A55 /* Sensor.m */; };
		3E5D0CAB153DC14E00198A55 /* SpatialProvider.m in Sources */ = {isa = PBXBuildFile; fileRef = 3E5D0C65153DC14E00198A55 /* SpatialProvider.m */; };
		3E5D0CAD153DC14E00198A55 /* UserProximity.m in Sources */ = {isa = PBXBuildFile; fileRef = 3E5D0C67153DC14E00198A55 /* UserProximity.m */; };
		3E5D0CAE153DC14E00198A55 /* SensorStore.h in Headers */ = {isa = PBXBuildFile; fileRef = 3E5D0C68153DC14E00198A55 /* SensorStore.h */; };
		3E5D0CAF153DC14E00198A55 /* SensorStore.m in Sources */ = {isa = PBXBuildFile; fileRef = 3E5D0C69153DC14E00198A55 /* SensorStore.m */; };
		3E5D0CDE153DC3EF00198A55 /* ApplicationStateChange.m in Sources */ = {isa = PBXBuildFile; fileRef = 3E5D0CDC153DC3EF00198A55 /* ApplicationStateChange.m */; };
		3E5D0CE8153DC5DB00198A55 /* libSBJson.a in Frameworks */ = {isa = PBXBuildFile; fileRef = 3E5D0CB6153DC1EE00198A55 /* libSBJson.a */; };
		3EF8C3C9153EB23900777C34 /* SensePlatform.h in Headers */ = {isa = PBXBuildFile; fileRef = 3EF8C3B4153EB23900777C34 /* SensePlatform.h */; };
		3EF8C3DC153EB23900777C34 /* Settings.h in Headers */ = {isa = PBXBuildFile; fileRef = 3EF8C3C8153EB23900777C34 /* Settings.h */; };
		3EF8C4301540032100777C34 /* Settings.m in Sources */ = {isa = PBXBuildFile; fileRef = 3E5D0C6B153DC14E00198A55 /* Settings.m */; };
		3EF8C46915401AF600777C34 /* Foundation.framework in Frameworks */ = {isa = PBXBuildFile; fileRef = 3E5D0C14153DBC7400198A55 /* Foundation.framework */; };
		3EF8C49015402E7D00777C34 /* ApplicationStateChange.h in Headers */ = {isa = PBXBuildFile; fileRef = 3EF8C48F15402E7D00777C34 /* ApplicationStateChange.h */; };
		3EF8C55A1541723500777C34 /* sense platform library-Prefix.pch in Headers */ = {isa = PBXBuildFile; fileRef = 3EF8C5591541723500777C34 /* sense platform library-Prefix.pch */; };
		3EF8C5841541917500777C34 /* DynamicSensor.m in Sources */ = {isa = PBXBuildFile; fileRef = 3EF8C5831541917500777C34 /* DynamicSensor.m */; };
		3EFE4D231545461000CC67DD /* SBJSON.m in Sources */ = {isa = PBXBuildFile; fileRef = 3EFE4D1F1545459C00CC67DD /* SBJSON.m */; };
		3EFE4D261545461000CC67DD /* NSObject+SBJSON.m in Sources */ = {isa = PBXBuildFile; fileRef = 3EF8C5681541881A00777C34 /* NSObject+SBJSON.m */; };
		3EFE4D281545461000CC67DD /* NSString+SBJSON.m in Sources */ = {isa = PBXBuildFile; fileRef = 3EF8C56A1541881A00777C34 /* NSString+SBJSON.m */; };
		3EFE4D2A1545461000CC67DD /* SBJsonBase.m in Sources */ = {isa = PBXBuildFile; fileRef = 3EF8C56C1541881A00777C34 /* SBJsonBase.m */; };
		3EFE4D2C1545461000CC67DD /* SBJsonParser.m in Sources */ = {isa = PBXBuildFile; fileRef = 3EF8C56E1541881A00777C34 /* SBJsonParser.m */; };
		3EFE4D2E1545461000CC67DD /* SBJsonWriter.m in Sources */ = {isa = PBXBuildFile; fileRef = 3EF8C5701541881A00777C34 /* SBJsonWriter.m */; };
		3EFE4D43154568C500CC67DD /* SensorIds.h in Headers */ = {isa = PBXBuildFile; fileRef = 3EFE4D42154566D700CC67DD /* SensorIds.h */; };
		3EFE4D7915457EFB00CC67DD /* SensorIds.m in Sources */ = {isa = PBXBuildFile; fileRef = 3EFE4D7815457EFB00CC67DD /* SensorIds.m */; };
		3EFE4DA31545A06000CC67DD /* MotionEnergySensor.h in Headers */ = {isa = PBXBuildFile; fileRef = 3EFE4DA11545A06000CC67DD /* MotionEnergySensor.h */; };
		3EFE4DA41545A06000CC67DD /* MotionEnergySensor.m in Sources */ = {isa = PBXBuildFile; fileRef = 3EFE4DA21545A06000CC67DD /* MotionEnergySensor.m */; };
		3EFE4DA81545A14500CC67DD /* MotionFeaturesSensor.h in Headers */ = {isa = PBXBuildFile; fileRef = 3EFE4DA61545A14500CC67DD /* MotionFeaturesSensor.h */; };
		3EFE4DA91545A14500CC67DD /* MotionFeaturesSensor.m in Sources */ = {isa = PBXBuildFile; fileRef = 3EFE4DA71545A14500CC67DD /* MotionFeaturesSensor.m */; };
/* End PBXBuildFile section */

/* Begin PBXBuildRule section */
		3EFE4E001546FDCE00CC67DD /* PBXBuildRule */ = {
			isa = PBXBuildRule;
			compilerSpec = com.apple.compilers.proxy.script;
			fileType = pattern.proxy;
			isEditable = 1;
			outputFiles = (
			);
			script = "# Version 2.1\n# Changes:\n#    - Added Carlos fixes for storing multiple Xcode Projects in a single folder (although you're brave if you do that - Apple doesn't support it well!)\n# \n# Purpose:\n#   Create a static library for iPhone from within XCode\n#   Because Apple staff DELIBERATELY broke Xcode to make this impossible from the GUI (Xcode 3.2.3 specifically states this in the Release notes!)\n#   ...no, I don't understand why they did this!\n#\n# Author: Adam Martin - http://twitter.com/redglassesapps\n# Based on: original script from Eonil (main changes: Eonil's script WILL NOT WORK in Xcode GUI - it WILL CRASH YOUR COMPUTER)\n#\n# More info: see this Stack Overflow question: http://stackoverflow.com/questions/3520977/build-fat-static-library-device-simulator-using-xcode-and-sdk-4\n\n#################[ Tests: helps workaround any future bugs in Xcode ]########\n#\nDEBUG_THIS_SCRIPT=\"true\"\n\nif [ $DEBUG_THIS_SCRIPT = \"true\" ]\nthen\necho \"########### TESTS #############\"\necho \"Use the following variables when debugging this script; note that they may change on recursions\"\necho \"BUILD_DIR = $BUILD_DIR\"\necho \"BUILD_ROOT = $BUILD_ROOT\"\necho \"CONFIGURATION_BUILD_DIR = $CONFIGURATION_BUILD_DIR\"\necho \"BUILT_PRODUCTS_DIR = $BUILT_PRODUCTS_DIR\"\necho \"CONFIGURATION_TEMP_DIR = $CONFIGURATION_TEMP_DIR\"\necho \"TARGET_BUILD_DIR = $TARGET_BUILD_DIR\"\nfi\n\n#####################[ part 1 ]##################\n# First, work out the BASESDK version number (NB: Apple ought to report this, but they hide it)\n#    (incidental: searching for substrings in sh is a nightmare! Sob)\n\nSDK_VERSION=$(echo ${SDK_NAME} | grep -o '.\\{3\\}$')\n\n# Next, work out if we're in SIM or DEVICE\n\nif [ ${PLATFORM_NAME} = \"iphonesimulator\" ]\nthen\nOTHER_SDK_TO_BUILD=iphoneos${SDK_VERSION}\nelse\nOTHER_SDK_TO_BUILD=iphonesimulator${SDK_VERSION}\nfi\n\necho \"XCode has selected SDK: ${PLATFORM_NAME} with version: ${SDK_VERSION} (although back-targetting: ${IPHONEOS_DEPLOYMENT_TARGET})\"\necho \"...therefore, OTHER_SDK_TO_BUILD = ${OTHER_SDK_TO_BUILD}\"\n#\n#####################[ end of part 1 ]##################\n\n#####################[ part 2 ]##################\n#\n# IF this is the original invocation, invoke WHATEVER other builds are required\n#\n# Xcode is already building ONE target...\n#\n# ...but this is a LIBRARY, so Apple is wrong to set it to build just one.\n# ...we need to build ALL targets\n# ...we MUST NOT re-build the target that is ALREADY being built: Xcode WILL CRASH YOUR COMPUTER if you try this (infinite recursion!)\n#\n#\n# So: build ONLY the missing platforms/configurations.\n\nif [ \"true\" == ${ALREADYINVOKED:-false} ]\nthen\necho \"RECURSION: I am NOT the root invocation, so I'm NOT going to recurse\"\nelse\n# CRITICAL:\n# Prevent infinite recursion (Xcode sucks)\nexport ALREADYINVOKED=\"true\"\n\necho \"RECURSION: I am the root ... recursing all missing build targets NOW...\"\necho \"RECURSION: ...about to invoke: xcodebuild -configuration \\\"${CONFIGURATION}\\\" -target \\\"${TARGET_NAME}\\\" -sdk \\\"${OTHER_SDK_TO_BUILD}\\\" ${ACTION} RUN_CLANG_STATIC_ANALYZER=NO\"\nxcodebuild -project “${PROJECT_FILE_PATH} -configuration \"${CONFIGURATION}\" -target \"${TARGET_NAME}\" -sdk \"${OTHER_SDK_TO_BUILD}\" ${ACTION} RUN_CLANG_STATIC_ANALYZER=NO BUILD_DIR=\"${BUILD_DIR}\" BUILD_ROOT=\"${BUILD_ROOT}\"\n\nACTION=\"build\"\n\n#Merge all platform binaries as a fat binary for each configurations.\n\n# Calculate where the (multiple) built files are coming from:\nCURRENTCONFIG_DEVICE_DIR=${SYMROOT}/${CONFIGURATION}-iphoneos\nCURRENTCONFIG_SIMULATOR_DIR=${SYMROOT}/${CONFIGURATION}-iphonesimulator\n\necho \"Taking device build from: ${CURRENTCONFIG_DEVICE_DIR}\"\necho \"Taking simulator build from: ${CURRENTCONFIG_SIMULATOR_DIR}\"\n\nCREATING_UNIVERSAL_DIR=${SYMROOT}/${CONFIGURATION}-universal\necho \"...I will output a universal build to: ${CREATING_UNIVERSAL_DIR}\"\n\n# ... remove the products of previous runs of this script\n#      NB: this directory is ONLY created by this script - it should be safe to delete!\n\n# Carlos Aragones change: delete just the generated executable, not the whole directory\n# NOTE: UNTESTED\n#\nmkdir -p “${CREATING_UNIVERSAL_DIR}”\nrm -rf “${CREATING_UNIVERSAL_DIR}/${EXECUTABLE_NAME}”\n\n#\necho \"lipo: for current configuration (${CONFIGURATION}) creating output file: ${CREATING_UNIVERSAL_DIR}/${EXECUTABLE_NAME}\"\nlipo -create -output \"${CREATING_UNIVERSAL_DIR}/${EXECUTABLE_NAME}\" \"${CURRENTCONFIG_DEVICE_DIR}/${EXECUTABLE_NAME}\" \"${CURRENTCONFIG_SIMULATOR_DIR}/${EXECUTABLE_NAME}\"\n\n#########\n#\n# Added: StackOverflow suggestion to also copy \"include\" files\n#    (untested, but should work OK)\n#\nif [ -d \"${CURRENTCONFIG_DEVICE_DIR}/usr/local/include\" ]\nthen\nmkdir -p \"${CREATING_UNIVERSAL_DIR}/usr/local/include\"\ncp \"${CURRENTCONFIG_DEVICE_DIR}/usr/local/include/*\" \"${CREATING_UNIVERSAL_DIR}/usr/local/include\"\nfi\nfi";
		};
/* End PBXBuildRule section */

/* Begin PBXContainerItemProxy section */
		3EF8C4311540035600777C34 /* PBXContainerItemProxy */ = {
			isa = PBXContainerItemProxy;
			containerPortal = 3E5D0C08153DBC7400198A55 /* Project object */;
			proxyType = 1;
			remoteGlobalIDString = 3E5D0CB5153DC1EE00198A55;
			remoteInfo = SBJson;
		};
/* End PBXContainerItemProxy section */

/* Begin PBXFileReference section */
		3E18BB2B154AC8CD005EED30 /* JSON.h */ = {isa = PBXFileReference; fileEncoding = 4; lastKnownFileType = sourcecode.c.h; path = JSON.h; sourceTree = "<group>"; };
		3E18BB2C154AC8CD005EED30 /* NSObject+SBJSON.h */ = {isa = PBXFileReference; fileEncoding = 4; lastKnownFileType = sourcecode.c.h; path = "NSObject+SBJSON.h"; sourceTree = "<group>"; };
		3E18BB2D154AC8CD005EED30 /* NSString+SBJSON.h */ = {isa = PBXFileReference; fileEncoding = 4; lastKnownFileType = sourcecode.c.h; path = "NSString+SBJSON.h"; sourceTree = "<group>"; };
		3E18BB2E154AC8CD005EED30 /* SBJSON.h */ = {isa = PBXFileReference; fileEncoding = 4; lastKnownFileType = sourcecode.c.h; path = SBJSON.h; sourceTree = "<group>"; };
		3E18BB2F154AC8CD005EED30 /* SBJsonBase.h */ = {isa = PBXFileReference; fileEncoding = 4; lastKnownFileType = sourcecode.c.h; path = SBJsonBase.h; sourceTree = "<group>"; };
		3E18BB30154AC8CD005EED30 /* SBJsonParser.h */ = {isa = PBXFileReference; fileEncoding = 4; lastKnownFileType = sourcecode.c.h; path = SBJsonParser.h; sourceTree = "<group>"; };
		3E18BB31154AC8CD005EED30 /* SBJsonWriter.h */ = {isa = PBXFileReference; fileEncoding = 4; lastKnownFileType = sourcecode.c.h; path = SBJsonWriter.h; sourceTree = "<group>"; };
		3E1C7D65154AE6A50048CFF6 /* Sensor.h */ = {isa = PBXFileReference; fileEncoding = 4; lastKnownFileType = sourcecode.c.h; name = Sensor.h; path = include/Sensor.h; sourceTree = SOURCE_ROOT; };
		3E1C7D67154AE6C90048CFF6 /* Acceleration.h */ = {isa = PBXFileReference; fileEncoding = 4; lastKnownFileType = sourcecode.c.h; path = Acceleration.h; sourceTree = "<group>"; };
		3E1C7D68154AE6C90048CFF6 /* Acceleration.m */ = {isa = PBXFileReference; fileEncoding = 4; lastKnownFileType = sourcecode.c.objc; path = Acceleration.m; sourceTree = "<group>"; };
		3E1C7D69154AE6C90048CFF6 /* AccelerationSensor.h */ = {isa = PBXFileReference; fileEncoding = 4; lastKnownFileType = sourcecode.c.h; path = AccelerationSensor.h; sourceTree = "<group>"; };
		3E1C7D6A154AE6C90048CFF6 /* AccelerometerSensor.h */ = {isa = PBXFileReference; fileEncoding = 4; lastKnownFileType = sourcecode.c.h; path = AccelerometerSensor.h; sourceTree = "<group>"; };
		3E1C7D6B154AE6C90048CFF6 /* BatterySensor.h */ = {isa = PBXFileReference; fileEncoding = 4; lastKnownFileType = sourcecode.c.h; path = BatterySensor.h; sourceTree = "<group>"; };
		3E1C7D6C154AE6C90048CFF6 /* CallSensor.h */ = {isa = PBXFileReference; fileEncoding = 4; lastKnownFileType = sourcecode.c.h; path = CallSensor.h; sourceTree = "<group>"; };
		3E1C7D6D154AE6C90048CFF6 /* CompassSensor.h */ = {isa = PBXFileReference; fileEncoding = 4; lastKnownFileType = sourcecode.c.h; path = CompassSensor.h; sourceTree = "<group>"; };
		3E1C7D6E154AE6C90048CFF6 /* ConnectionSensor.h */ = {isa = PBXFileReference; fileEncoding = 4; lastKnownFileType = sourcecode.c.h; path = ConnectionSensor.h; sourceTree = "<group>"; };
		3E1C7D6F154AE6C90048CFF6 /* DynamicSensor.h */ = {isa = PBXFileReference; fileEncoding = 4; lastKnownFileType = sourcecode.c.h; path = DynamicSensor.h; sourceTree = "<group>"; };
		3E1C7D70154AE6C90048CFF6 /* LocationSensor.h */ = {isa = PBXFileReference; fileEncoding = 4; lastKnownFileType = sourcecode.c.h; path = LocationSensor.h; sourceTree = "<group>"; };
		3E1C7D71154AE6C90048CFF6 /* MiscSensor.h */ = {isa = PBXFileReference; fileEncoding = 4; lastKnownFileType = sourcecode.c.h; path = MiscSensor.h; sourceTree = "<group>"; };
		3E1C7D72154AE6C90048CFF6 /* MovingSensor.h */ = {isa = PBXFileReference; fileEncoding = 4; lastKnownFileType = sourcecode.c.h; path = MovingSensor.h; sourceTree = "<group>"; };
		3E1C7D73154AE6C90048CFF6 /* NoiseSensor.h */ = {isa = PBXFileReference; fileEncoding = 4; lastKnownFileType = sourcecode.c.h; path = NoiseSensor.h; sourceTree = "<group>"; };
		3E1C7D74154AE6C90048CFF6 /* OrientationSensor.h */ = {isa = PBXFileReference; fileEncoding = 4; lastKnownFileType = sourcecode.c.h; path = OrientationSensor.h; sourceTree = "<group>"; };
		3E1C7D75154AE6C90048CFF6 /* OrientationStateSensor.h */ = {isa = PBXFileReference; fileEncoding = 4; lastKnownFileType = sourcecode.c.h; path = OrientationStateSensor.h; sourceTree = "<group>"; };
		3E1C7D76154AE6C90048CFF6 /* PreferencesSensor.h */ = {isa = PBXFileReference; fileEncoding = 4; lastKnownFileType = sourcecode.c.h; path = PreferencesSensor.h; sourceTree = "<group>"; };
		3E1C7D77154AE6C90048CFF6 /* RotationSensor.h */ = {isa = PBXFileReference; fileEncoding = 4; lastKnownFileType = sourcecode.c.h; path = RotationSensor.h; sourceTree = "<group>"; };
		3E1C7D78154AE6C90048CFF6 /* SpatialProvider.h */ = {isa = PBXFileReference; fileEncoding = 4; lastKnownFileType = sourcecode.c.h; path = SpatialProvider.h; sourceTree = "<group>"; };
		3E1C7D79154AE6C90048CFF6 /* UserProximity.h */ = {isa = PBXFileReference; fileEncoding = 4; lastKnownFileType = sourcecode.c.h; path = UserProximity.h; sourceTree = "<group>"; };
		3E5D0C11153DBC7400198A55 /* libsense platform library.a */ = {isa = PBXFileReference; explicitFileType = archive.ar; includeInIndex = 0; path = "libsense platform library.a"; sourceTree = BUILT_PRODUCTS_DIR; };
		3E5D0C14153DBC7400198A55 /* Foundation.framework */ = {isa = PBXFileReference; lastKnownFileType = wrapper.framework; name = Foundation.framework; path = System/Library/Frameworks/Foundation.framework; sourceTree = SDKROOT; };
		3E5D0C23153DC14E00198A55 /* ActivitySender.h */ = {isa = PBXFileReference; fileEncoding = 4; lastKnownFileType = sourcecode.c.h; path = ActivitySender.h; sourceTree = "<group>"; };
		3E5D0C24153DC14E00198A55 /* ActivitySender.m */ = {isa = PBXFileReference; fileEncoding = 4; lastKnownFileType = sourcecode.c.objc; path = ActivitySender.m; sourceTree = "<group>"; };
		3E5D0C25153DC14E00198A55 /* NSString+MD5Hash.h */ = {isa = PBXFileReference; fileEncoding = 4; lastKnownFileType = sourcecode.c.h; path = "NSString+MD5Hash.h"; sourceTree = "<group>"; };
		3E5D0C26153DC14E00198A55 /* NSString+MD5Hash.m */ = {isa = PBXFileReference; fileEncoding = 4; lastKnownFileType = sourcecode.c.objc; path = "NSString+MD5Hash.m"; sourceTree = "<group>"; };
		3E5D0C27153DC14E00198A55 /* Sender.h */ = {isa = PBXFileReference; fileEncoding = 4; lastKnownFileType = sourcecode.c.h; path = Sender.h; sourceTree = "<group>"; };
		3E5D0C28153DC14E00198A55 /* Sender.m */ = {isa = PBXFileReference; fileEncoding = 4; lastKnownFileType = sourcecode.c.objc; path = Sender.m; sourceTree = "<group>"; };
		3E5D0C29153DC14E00198A55 /* DataStore.h */ = {isa = PBXFileReference; fileEncoding = 4; lastKnownFileType = sourcecode.c.h; path = DataStore.h; sourceTree = "<group>"; };
		3E5D0C39153DC14E00198A55 /* NSNotificationCenter+MainThread.h */ = {isa = PBXFileReference; fileEncoding = 4; lastKnownFileType = sourcecode.c.h; path = "NSNotificationCenter+MainThread.h"; sourceTree = "<group>"; };
		3E5D0C3A153DC14E00198A55 /* NSNotificationCenter+MainThread.m */ = {isa = PBXFileReference; fileEncoding = 4; lastKnownFileType = sourcecode.c.objc; path = "NSNotificationCenter+MainThread.m"; sourceTree = "<group>"; };
		3E5D0C3B153DC14E00198A55 /* Reachability.h */ = {isa = PBXFileReference; fileEncoding = 4; lastKnownFileType = sourcecode.c.h; path = Reachability.h; sourceTree = "<group>"; };
		3E5D0C3C153DC14E00198A55 /* Reachability.m */ = {isa = PBXFileReference; fileEncoding = 4; lastKnownFileType = sourcecode.c.objc; path = Reachability.m; sourceTree = "<group>"; };
		3E5D0C43153DC14E00198A55 /* AccelerationSensor.m */ = {isa = PBXFileReference; fileEncoding = 4; lastKnownFileType = sourcecode.c.objc; path = AccelerationSensor.m; sourceTree = "<group>"; };
		3E5D0C45153DC14E00198A55 /* AccelerometerSensor.m */ = {isa = PBXFileReference; fileEncoding = 4; lastKnownFileType = sourcecode.c.objc; path = AccelerometerSensor.m; sourceTree = "<group>"; };
		3E5D0C49153DC14E00198A55 /* BatterySensor.m */ = {isa = PBXFileReference; fileEncoding = 4; lastKnownFileType = sourcecode.c.objc; path = BatterySensor.m; sourceTree = "<group>"; };
		3E5D0C4B153DC14E00198A55 /* CallSensor.m */ = {isa = PBXFileReference; fileEncoding = 4; lastKnownFileType = sourcecode.c.objc; path = CallSensor.m; sourceTree = "<group>"; };
		3E5D0C4D153DC14E00198A55 /* CompassSensor.m */ = {isa = PBXFileReference; fileEncoding = 4; lastKnownFileType = sourcecode.c.objc; path = CompassSensor.m; sourceTree = "<group>"; };
		3E5D0C4F153DC14E00198A55 /* ConnectionSensor.m */ = {isa = PBXFileReference; fileEncoding = 4; lastKnownFileType = sourcecode.c.objc; path = ConnectionSensor.m; sourceTree = "<group>"; };
		3E5D0C51153DC14E00198A55 /* LocationSensor.m */ = {isa = PBXFileReference; fileEncoding = 4; lastKnownFileType = sourcecode.c.objc; path = LocationSensor.m; sourceTree = "<group>"; };
		3E5D0C53153DC14E00198A55 /* MiscSensor.m */ = {isa = PBXFileReference; fileEncoding = 4; lastKnownFileType = sourcecode.c.objc; path = MiscSensor.m; sourceTree = "<group>"; };
		3E5D0C55153DC14E00198A55 /* MovingSensor.m */ = {isa = PBXFileReference; fileEncoding = 4; lastKnownFileType = sourcecode.c.objc; path = MovingSensor.m; sourceTree = "<group>"; };
		3E5D0C57153DC14E00198A55 /* NoiseSensor.m */ = {isa = PBXFileReference; fileEncoding = 4; lastKnownFileType = sourcecode.c.objc; path = NoiseSensor.m; sourceTree = "<group>"; };
		3E5D0C59153DC14E00198A55 /* OrientationSensor.m */ = {isa = PBXFileReference; fileEncoding = 4; lastKnownFileType = sourcecode.c.objc; path = OrientationSensor.m; sourceTree = "<group>"; };
		3E5D0C5B153DC14E00198A55 /* OrientationStateSensor.m */ = {isa = PBXFileReference; fileEncoding = 4; lastKnownFileType = sourcecode.c.objc; path = OrientationStateSensor.m; sourceTree = "<group>"; };
		3E5D0C5D153DC14E00198A55 /* PreferencesSensor.m */ = {isa = PBXFileReference; fileEncoding = 4; lastKnownFileType = sourcecode.c.objc; path = PreferencesSensor.m; sourceTree = "<group>"; };
		3E5D0C61153DC14E00198A55 /* RotationSensor.m */ = {isa = PBXFileReference; fileEncoding = 4; lastKnownFileType = sourcecode.c.objc; path = RotationSensor.m; sourceTree = "<group>"; };
		3E5D0C63153DC14E00198A55 /* Sensor.m */ = {isa = PBXFileReference; fileEncoding = 4; lastKnownFileType = sourcecode.c.objc; path = Sensor.m; sourceTree = "<group>"; };
		3E5D0C65153DC14E00198A55 /* SpatialProvider.m */ = {isa = PBXFileReference; fileEncoding = 4; lastKnownFileType = sourcecode.c.objc; path = SpatialProvider.m; sourceTree = "<group>"; };
		3E5D0C67153DC14E00198A55 /* UserProximity.m */ = {isa = PBXFileReference; fileEncoding = 4; lastKnownFileType = sourcecode.c.objc; path = UserProximity.m; sourceTree = "<group>"; };
		3E5D0C68153DC14E00198A55 /* SensorStore.h */ = {isa = PBXFileReference; fileEncoding = 4; lastKnownFileType = sourcecode.c.h; path = SensorStore.h; sourceTree = "<group>"; };
		3E5D0C69153DC14E00198A55 /* SensorStore.m */ = {isa = PBXFileReference; fileEncoding = 4; lastKnownFileType = sourcecode.c.objc; path = SensorStore.m; sourceTree = "<group>"; };
		3E5D0C6B153DC14E00198A55 /* Settings.m */ = {isa = PBXFileReference; fileEncoding = 4; lastKnownFileType = sourcecode.c.objc; path = Settings.m; sourceTree = "<group>"; };
		3E5D0CB6153DC1EE00198A55 /* libSBJson.a */ = {isa = PBXFileReference; explicitFileType = archive.ar; includeInIndex = 0; path = libSBJson.a; sourceTree = BUILT_PRODUCTS_DIR; };
		3E5D0CDC153DC3EF00198A55 /* ApplicationStateChange.m */ = {isa = PBXFileReference; fileEncoding = 4; lastKnownFileType = sourcecode.c.objc; name = ApplicationStateChange.m; path = "private src/ApplicationStateChange.m"; sourceTree = "<group>"; };
		3EF8C3B4153EB23900777C34 /* SensePlatform.h */ = {isa = PBXFileReference; fileEncoding = 4; lastKnownFileType = sourcecode.c.h; path = SensePlatform.h; sourceTree = "<group>"; };
		3EF8C3C8153EB23900777C34 /* Settings.h */ = {isa = PBXFileReference; fileEncoding = 4; lastKnownFileType = sourcecode.c.h; path = Settings.h; sourceTree = "<group>"; };
		3EF8C48F15402E7D00777C34 /* ApplicationStateChange.h */ = {isa = PBXFileReference; fileEncoding = 4; lastKnownFileType = sourcecode.c.h; path = ApplicationStateChange.h; sourceTree = "<group>"; };
		3EF8C526154167E500777C34 /* SensePlatform.m */ = {isa = PBXFileReference; fileEncoding = 4; lastKnownFileType = sourcecode.c.objc; path = SensePlatform.m; sourceTree = "<group>"; };
		3EF8C5591541723500777C34 /* sense platform library-Prefix.pch */ = {isa = PBXFileReference; fileEncoding = 4; lastKnownFileType = sourcecode.c.h; path = "sense platform library-Prefix.pch"; sourceTree = "<group>"; };
		3EF8C5681541881A00777C34 /* NSObject+SBJSON.m */ = {isa = PBXFileReference; fileEncoding = 4; lastKnownFileType = sourcecode.c.objc; path = "NSObject+SBJSON.m"; sourceTree = "<group>"; };
		3EF8C56A1541881A00777C34 /* NSString+SBJSON.m */ = {isa = PBXFileReference; fileEncoding = 4; lastKnownFileType = sourcecode.c.objc; path = "NSString+SBJSON.m"; sourceTree = "<group>"; };
		3EF8C56C1541881A00777C34 /* SBJsonBase.m */ = {isa = PBXFileReference; fileEncoding = 4; lastKnownFileType = sourcecode.c.objc; path = SBJsonBase.m; sourceTree = "<group>"; };
		3EF8C56E1541881A00777C34 /* SBJsonParser.m */ = {isa = PBXFileReference; fileEncoding = 4; lastKnownFileType = sourcecode.c.objc; path = SBJsonParser.m; sourceTree = "<group>"; };
		3EF8C5701541881A00777C34 /* SBJsonWriter.m */ = {isa = PBXFileReference; fileEncoding = 4; lastKnownFileType = sourcecode.c.objc; path = SBJsonWriter.m; sourceTree = "<group>"; };
		3EF8C5831541917500777C34 /* DynamicSensor.m */ = {isa = PBXFileReference; fileEncoding = 4; lastKnownFileType = sourcecode.c.objc; path = DynamicSensor.m; sourceTree = "<group>"; };
		3EFE4D1F1545459C00CC67DD /* SBJSON.m */ = {isa = PBXFileReference; fileEncoding = 4; lastKnownFileType = sourcecode.c.objc; path = SBJSON.m; sourceTree = "<group>"; };
		3EFE4D42154566D700CC67DD /* SensorIds.h */ = {isa = PBXFileReference; lastKnownFileType = sourcecode.c.h; path = SensorIds.h; sourceTree = "<group>"; };
		3EFE4D7815457EFB00CC67DD /* SensorIds.m */ = {isa = PBXFileReference; fileEncoding = 4; lastKnownFileType = sourcecode.c.objc; path = SensorIds.m; sourceTree = "<group>"; };
		3EFE4DA11545A06000CC67DD /* MotionEnergySensor.h */ = {isa = PBXFileReference; fileEncoding = 4; lastKnownFileType = sourcecode.c.h; path = MotionEnergySensor.h; sourceTree = "<group>"; };
		3EFE4DA21545A06000CC67DD /* MotionEnergySensor.m */ = {isa = PBXFileReference; fileEncoding = 4; lastKnownFileType = sourcecode.c.objc; path = MotionEnergySensor.m; sourceTree = "<group>"; };
		3EFE4DA61545A14500CC67DD /* MotionFeaturesSensor.h */ = {isa = PBXFileReference; fileEncoding = 4; lastKnownFileType = sourcecode.c.h; path = MotionFeaturesSensor.h; sourceTree = "<group>"; };
		3EFE4DA71545A14500CC67DD /* MotionFeaturesSensor.m */ = {isa = PBXFileReference; fileEncoding = 4; lastKnownFileType = sourcecode.c.objc; path = MotionFeaturesSensor.m; sourceTree = "<group>"; };
/* End PBXFileReference section */

/* Begin PBXFrameworksBuildPhase section */
		3E5D0C0E153DBC7400198A55 /* Frameworks */ = {
			isa = PBXFrameworksBuildPhase;
			buildActionMask = 2147483647;
			files = (
				3EF8C46915401AF600777C34 /* Foundation.framework in Frameworks */,
				3E5D0CE8153DC5DB00198A55 /* libSBJson.a in Frameworks */,
			);
			runOnlyForDeploymentPostprocessing = 0;
		};
		3E5D0CB3153DC1EE00198A55 /* Frameworks */ = {
			isa = PBXFrameworksBuildPhase;
			buildActionMask = 2147483647;
			files = (
			);
			runOnlyForDeploymentPostprocessing = 0;
		};
/* End PBXFrameworksBuildPhase section */

/* Begin PBXGroup section */
		3E18BB2A154AC8CD005EED30 /* json */ = {
			isa = PBXGroup;
			children = (
				3E1C7D65154AE6A50048CFF6 /* Sensor.h */,
				3E18BB2B154AC8CD005EED30 /* JSON.h */,
				3E18BB2C154AC8CD005EED30 /* NSObject+SBJSON.h */,
				3E18BB2D154AC8CD005EED30 /* NSString+SBJSON.h */,
				3E18BB2E154AC8CD005EED30 /* SBJSON.h */,
				3E18BB2F154AC8CD005EED30 /* SBJsonBase.h */,
				3E18BB30154AC8CD005EED30 /* SBJsonParser.h */,
				3E18BB31154AC8CD005EED30 /* SBJsonWriter.h */,
			);
			path = json;
			sourceTree = "<group>";
		};
		3E5D0C06153DBC7400198A55 = {
			isa = PBXGroup;
			children = (
				3EF8C5651541881A00777C34 /* json */,
				3EF8C3B3153EB23900777C34 /* include */,
				3E5D0C16153DBC7400198A55 /* sense platform library */,
				3E5D0C13153DBC7400198A55 /* Frameworks */,
				3E5D0C12153DBC7400198A55 /* Products */,
			);
			sourceTree = "<group>";
		};
		3E5D0C12153DBC7400198A55 /* Products */ = {
			isa = PBXGroup;
			children = (
				3E5D0C11153DBC7400198A55 /* libsense platform library.a */,
				3E5D0CB6153DC1EE00198A55 /* libSBJson.a */,
			);
			name = Products;
			sourceTree = "<group>";
		};
		3E5D0C13153DBC7400198A55 /* Frameworks */ = {
			isa = PBXGroup;
			children = (
				3E5D0C14153DBC7400198A55 /* Foundation.framework */,
			);
			name = Frameworks;
			sourceTree = "<group>";
		};
		3E5D0C16153DBC7400198A55 /* sense platform library */ = {
			isa = PBXGroup;
			children = (
				3EF8C526154167E500777C34 /* SensePlatform.m */,
				3E5D0CDC153DC3EF00198A55 /* ApplicationStateChange.m */,
				3E5D0C21153DC14E00198A55 /* private src */,
				3E5D0C17153DBC7400198A55 /* Supporting Files */,
			);
			path = "sense platform library";
			sourceTree = "<group>";
		};
		3E5D0C17153DBC7400198A55 /* Supporting Files */ = {
			isa = PBXGroup;
			children = (
				3EF8C5591541723500777C34 /* sense platform library-Prefix.pch */,
			);
			name = "Supporting Files";
			sourceTree = "<group>";
		};
		3E5D0C21153DC14E00198A55 /* private src */ = {
			isa = PBXGroup;
			children = (
				3E5D0C22153DC14E00198A55 /* communication */,
				3E5D0C29153DC14E00198A55 /* DataStore.h */,
				3E5D0C38153DC14E00198A55 /* misc */,
				3E5D0C3F153DC14E00198A55 /* sensors */,
				3E5D0C68153DC14E00198A55 /* SensorStore.h */,
				3E5D0C69153DC14E00198A55 /* SensorStore.m */,
				3E5D0C6B153DC14E00198A55 /* Settings.m */,
				3EFE4D7815457EFB00CC67DD /* SensorIds.m */,
			);
			path = "private src";
			sourceTree = "<group>";
		};
		3E5D0C22153DC14E00198A55 /* communication */ = {
			isa = PBXGroup;
			children = (
				3E5D0C23153DC14E00198A55 /* ActivitySender.h */,
				3E5D0C24153DC14E00198A55 /* ActivitySender.m */,
				3E5D0C25153DC14E00198A55 /* NSString+MD5Hash.h */,
				3E5D0C26153DC14E00198A55 /* NSString+MD5Hash.m */,
				3E5D0C27153DC14E00198A55 /* Sender.h */,
				3E5D0C28153DC14E00198A55 /* Sender.m */,
			);
			path = communication;
			sourceTree = "<group>";
		};
		3E5D0C38153DC14E00198A55 /* misc */ = {
			isa = PBXGroup;
			children = (
				3E5D0C39153DC14E00198A55 /* NSNotificationCenter+MainThread.h */,
				3E5D0C3A153DC14E00198A55 /* NSNotificationCenter+MainThread.m */,
				3E5D0C3B153DC14E00198A55 /* Reachability.h */,
				3E5D0C3C153DC14E00198A55 /* Reachability.m */,
			);
			path = misc;
			sourceTree = "<group>";
		};
		3E5D0C3F153DC14E00198A55 /* sensors */ = {
			isa = PBXGroup;
			children = (
				3E1C7D67154AE6C90048CFF6 /* Acceleration.h */,
				3E1C7D68154AE6C90048CFF6 /* Acceleration.m */,
				3E1C7D69154AE6C90048CFF6 /* AccelerationSensor.h */,
				3E1C7D6A154AE6C90048CFF6 /* AccelerometerSensor.h */,
				3E1C7D6B154AE6C90048CFF6 /* BatterySensor.h */,
				3E1C7D6C154AE6C90048CFF6 /* CallSensor.h */,
				3E1C7D6D154AE6C90048CFF6 /* CompassSensor.h */,
				3E1C7D6E154AE6C90048CFF6 /* ConnectionSensor.h */,
				3E1C7D6F154AE6C90048CFF6 /* DynamicSensor.h */,
				3E1C7D70154AE6C90048CFF6 /* LocationSensor.h */,
				3E1C7D71154AE6C90048CFF6 /* MiscSensor.h */,
				3E1C7D72154AE6C90048CFF6 /* MovingSensor.h */,
				3E1C7D73154AE6C90048CFF6 /* NoiseSensor.h */,
				3E1C7D74154AE6C90048CFF6 /* OrientationSensor.h */,
				3E1C7D75154AE6C90048CFF6 /* OrientationStateSensor.h */,
				3E1C7D76154AE6C90048CFF6 /* PreferencesSensor.h */,
				3E1C7D77154AE6C90048CFF6 /* RotationSensor.h */,
				3E1C7D78154AE6C90048CFF6 /* SpatialProvider.h */,
				3E1C7D79154AE6C90048CFF6 /* UserProximity.h */,
				3EF8C5831541917500777C34 /* DynamicSensor.m */,
				3E5D0C43153DC14E00198A55 /* AccelerationSensor.m */,
				3E5D0C45153DC14E00198A55 /* AccelerometerSensor.m */,
				3E5D0C49153DC14E00198A55 /* BatterySensor.m */,
				3E5D0C4B153DC14E00198A55 /* CallSensor.m */,
				3E5D0C4D153DC14E00198A55 /* CompassSensor.m */,
				3E5D0C4F153DC14E00198A55 /* ConnectionSensor.m */,
				3E5D0C51153DC14E00198A55 /* LocationSensor.m */,
				3E5D0C53153DC14E00198A55 /* MiscSensor.m */,
				3E5D0C55153DC14E00198A55 /* MovingSensor.m */,
				3E5D0C57153DC14E00198A55 /* NoiseSensor.m */,
				3E5D0C59153DC14E00198A55 /* OrientationSensor.m */,
				3E5D0C5B153DC14E00198A55 /* OrientationStateSensor.m */,
				3E5D0C5D153DC14E00198A55 /* PreferencesSensor.m */,
				3E5D0C61153DC14E00198A55 /* RotationSensor.m */,
				3E5D0C63153DC14E00198A55 /* Sensor.m */,
				3E5D0C65153DC14E00198A55 /* SpatialProvider.m */,
				3E5D0C67153DC14E00198A55 /* UserProximity.m */,
				3EFE4DA11545A06000CC67DD /* MotionEnergySensor.h */,
				3EFE4DA21545A06000CC67DD /* MotionEnergySensor.m */,
				3EFE4DA61545A14500CC67DD /* MotionFeaturesSensor.h */,
				3EFE4DA71545A14500CC67DD /* MotionFeaturesSensor.m */,
			);
			path = sensors;
			sourceTree = "<group>";
		};
		3EF8C3B3153EB23900777C34 /* include */ = {
			isa = PBXGroup;
			children = (
				3E18BB2A154AC8CD005EED30 /* json */,
				3EF8C48F15402E7D00777C34 /* ApplicationStateChange.h */,
				3EF8C3B4153EB23900777C34 /* SensePlatform.h */,
				3EF8C3C8153EB23900777C34 /* Settings.h */,
				3EFE4D42154566D700CC67DD /* SensorIds.h */,
			);
			path = include;
			sourceTree = "<group>";
		};
		3EF8C5651541881A00777C34 /* json */ = {
			isa = PBXGroup;
			children = (
				3EFE4D1F1545459C00CC67DD /* SBJSON.m */,
				3EF8C5681541881A00777C34 /* NSObject+SBJSON.m */,
				3EF8C56A1541881A00777C34 /* NSString+SBJSON.m */,
				3EF8C56C1541881A00777C34 /* SBJsonBase.m */,
				3EF8C56E1541881A00777C34 /* SBJsonParser.m */,
				3EF8C5701541881A00777C34 /* SBJsonWriter.m */,
			);
			path = json;
			sourceTree = "<group>";
		};
/* End PBXGroup section */

/* Begin PBXHeadersBuildPhase section */
		3E5D0C0F153DBC7400198A55 /* Headers */ = {
			isa = PBXHeadersBuildPhase;
			buildActionMask = 2147483647;
			files = (
				3EFE4D43154568C500CC67DD /* SensorIds.h in Headers */,
				3E5D0C6C153DC14E00198A55 /* ActivitySender.h in Headers */,
				3E5D0C6E153DC14E00198A55 /* NSString+MD5Hash.h in Headers */,
				3E5D0C70153DC14E00198A55 /* Sender.h in Headers */,
				3E5D0C72153DC14E00198A55 /* DataStore.h in Headers */,
				3E5D0C80153DC14E00198A55 /* NSNotificationCenter+MainThread.h in Headers */,
				3E5D0C82153DC14E00198A55 /* Reachability.h in Headers */,
				3E5D0CAE153DC14E00198A55 /* SensorStore.h in Headers */,
				3EF8C3C9153EB23900777C34 /* SensePlatform.h in Headers */,
				3EF8C3DC153EB23900777C34 /* Settings.h in Headers */,
				3EF8C49015402E7D00777C34 /* ApplicationStateChange.h in Headers */,
				3EF8C55A1541723500777C34 /* sense platform library-Prefix.pch in Headers */,
				3EFE4DA31545A06000CC67DD /* MotionEnergySensor.h in Headers */,
				3EFE4DA81545A14500CC67DD /* MotionFeaturesSensor.h in Headers */,
				3E18BB32154AC8CD005EED30 /* JSON.h in Headers */,
				3E18BB33154AC8CD005EED30 /* NSObject+SBJSON.h in Headers */,
				3E18BB34154AC8CD005EED30 /* NSString+SBJSON.h in Headers */,
				3E18BB35154AC8CD005EED30 /* SBJSON.h in Headers */,
				3E18BB36154AC8CD005EED30 /* SBJsonBase.h in Headers */,
				3E18BB37154AC8CD005EED30 /* SBJsonParser.h in Headers */,
				3E18BB38154AC8CD005EED30 /* SBJsonWriter.h in Headers */,
				3E1C7D66154AE6A50048CFF6 /* Sensor.h in Headers */,
				3E1C7D7A154AE6C90048CFF6 /* Acceleration.h in Headers */,
				3E1C7D7C154AE6C90048CFF6 /* AccelerationSensor.h in Headers */,
				3E1C7D7D154AE6C90048CFF6 /* AccelerometerSensor.h in Headers */,
				3E1C7D7E154AE6C90048CFF6 /* BatterySensor.h in Headers */,
				3E1C7D7F154AE6C90048CFF6 /* CallSensor.h in Headers */,
				3E1C7D80154AE6C90048CFF6 /* CompassSensor.h in Headers */,
				3E1C7D81154AE6C90048CFF6 /* ConnectionSensor.h in Headers */,
				3E1C7D82154AE6C90048CFF6 /* DynamicSensor.h in Headers */,
				3E1C7D83154AE6C90048CFF6 /* LocationSensor.h in Headers */,
				3E1C7D84154AE6C90048CFF6 /* MiscSensor.h in Headers */,
				3E1C7D85154AE6C90048CFF6 /* MovingSensor.h in Headers */,
				3E1C7D86154AE6C90048CFF6 /* NoiseSensor.h in Headers */,
				3E1C7D87154AE6C90048CFF6 /* OrientationSensor.h in Headers */,
				3E1C7D88154AE6C90048CFF6 /* OrientationStateSensor.h in Headers */,
				3E1C7D89154AE6C90048CFF6 /* PreferencesSensor.h in Headers */,
				3E1C7D8A154AE6C90048CFF6 /* RotationSensor.h in Headers */,
				3E1C7D8B154AE6C90048CFF6 /* SpatialProvider.h in Headers */,
				3E1C7D8C154AE6C90048CFF6 /* UserProximity.h in Headers */,
			);
			runOnlyForDeploymentPostprocessing = 0;
		};
		3E5D0CB4153DC1EE00198A55 /* Headers */ = {
			isa = PBXHeadersBuildPhase;
			buildActionMask = 2147483647;
			files = (
			);
			runOnlyForDeploymentPostprocessing = 0;
		};
/* End PBXHeadersBuildPhase section */

/* Begin PBXNativeTarget section */
		3E5D0C10153DBC7400198A55 /* sense platform library */ = {
			isa = PBXNativeTarget;
			buildConfigurationList = 3E5D0C1E153DBC7400198A55 /* Build configuration list for PBXNativeTarget "sense platform library" */;
			buildPhases = (
				3E5D0C0D153DBC7400198A55 /* Sources */,
				3E5D0C0E153DBC7400198A55 /* Frameworks */,
				3E5D0C0F153DBC7400198A55 /* Headers */,
			);
			buildRules = (
				3EFE4E001546FDCE00CC67DD /* PBXBuildRule */,
			);
			dependencies = (
				3EF8C4321540035600777C34 /* PBXTargetDependency */,
			);
			name = "sense platform library";
			productName = "sense platform library";
			productReference = 3E5D0C11153DBC7400198A55 /* libsense platform library.a */;
			productType = "com.apple.product-type.library.static";
		};
		3E5D0CB5153DC1EE00198A55 /* SBJson */ = {
			isa = PBXNativeTarget;
			buildConfigurationList = 3E5D0CBE153DC1EE00198A55 /* Build configuration list for PBXNativeTarget "SBJson" */;
			buildPhases = (
				3E5D0CB2153DC1EE00198A55 /* Sources */,
				3E5D0CB3153DC1EE00198A55 /* Frameworks */,
				3E5D0CB4153DC1EE00198A55 /* Headers */,
			);
			buildRules = (
			);
			dependencies = (
			);
			name = SBJson;
			productName = SBJson;
			productReference = 3E5D0CB6153DC1EE00198A55 /* libSBJson.a */;
			productType = "com.apple.product-type.library.static";
		};
/* End PBXNativeTarget section */

/* Begin PBXProject section */
		3E5D0C08153DBC7400198A55 /* Project object */ = {
			isa = PBXProject;
			attributes = {
				LastUpgradeCheck = 0430;
			};
			buildConfigurationList = 3E5D0C0B153DBC7400198A55 /* Build configuration list for PBXProject "sense platform library" */;
			compatibilityVersion = "Xcode 3.2";
			developmentRegion = English;
			hasScannedForEncodings = 0;
			knownRegions = (
				en,
			);
			mainGroup = 3E5D0C06153DBC7400198A55;
			productRefGroup = 3E5D0C12153DBC7400198A55 /* Products */;
			projectDirPath = "";
			projectRoot = "";
			targets = (
				3E5D0C10153DBC7400198A55 /* sense platform library */,
				3E5D0CB5153DC1EE00198A55 /* SBJson */,
			);
		};
/* End PBXProject section */

/* Begin PBXSourcesBuildPhase section */
		3E5D0C0D153DBC7400198A55 /* Sources */ = {
			isa = PBXSourcesBuildPhase;
			buildActionMask = 2147483647;
			files = (
				3E1C7DB7154B02CF0048CFF6 /* SensePlatform.m in Sources */,
				3E5D0C6D153DC14E00198A55 /* ActivitySender.m in Sources */,
				3E5D0C6F153DC14E00198A55 /* NSString+MD5Hash.m in Sources */,
				3E5D0C71153DC14E00198A55 /* Sender.m in Sources */,
				3E5D0C81153DC14E00198A55 /* NSNotificationCenter+MainThread.m in Sources */,
				3E5D0C83153DC14E00198A55 /* Reachability.m in Sources */,
				3E5D0C89153DC14E00198A55 /* AccelerationSensor.m in Sources */,
				3E5D0C8B153DC14E00198A55 /* AccelerometerSensor.m in Sources */,
				3E5D0C8F153DC14E00198A55 /* BatterySensor.m in Sources */,
				3E5D0C91153DC14E00198A55 /* CallSensor.m in Sources */,
				3E5D0C93153DC14E00198A55 /* CompassSensor.m in Sources */,
				3E5D0C95153DC14E00198A55 /* ConnectionSensor.m in Sources */,
				3E5D0C97153DC14E00198A55 /* LocationSensor.m in Sources */,
				3E5D0C99153DC14E00198A55 /* MiscSensor.m in Sources */,
				3E5D0C9B153DC14E00198A55 /* MovingSensor.m in Sources */,
				3E5D0C9D153DC14E00198A55 /* NoiseSensor.m in Sources */,
				3E5D0C9F153DC14E00198A55 /* OrientationSensor.m in Sources */,
				3E5D0CA1153DC14E00198A55 /* OrientationStateSensor.m in Sources */,
				3E5D0CA3153DC14E00198A55 /* PreferencesSensor.m in Sources */,
				3E5D0CA7153DC14E00198A55 /* RotationSensor.m in Sources */,
				3E5D0CA9153DC14E00198A55 /* Sensor.m in Sources */,
				3E5D0CAB153DC14E00198A55 /* SpatialProvider.m in Sources */,
				3E5D0CAD153DC14E00198A55 /* UserProximity.m in Sources */,
				3E5D0CAF153DC14E00198A55 /* SensorStore.m in Sources */,
				3EF8C4301540032100777C34 /* Settings.m in Sources */,
				3E5D0CDE153DC3EF00198A55 /* ApplicationStateChange.m in Sources */,
				3EF8C5841541917500777C34 /* DynamicSensor.m in Sources */,
				3EFE4D7915457EFB00CC67DD /* SensorIds.m in Sources */,
				3EFE4DA41545A06000CC67DD /* MotionEnergySensor.m in Sources */,
				3EFE4DA91545A14500CC67DD /* MotionFeaturesSensor.m in Sources */,
				3E1C7D7B154AE6C90048CFF6 /* Acceleration.m in Sources */,
			);
			runOnlyForDeploymentPostprocessing = 0;
		};
		3E5D0CB2153DC1EE00198A55 /* Sources */ = {
			isa = PBXSourcesBuildPhase;
			buildActionMask = 2147483647;
			files = (
				3EFE4D231545461000CC67DD /* SBJSON.m in Sources */,
				3EFE4D261545461000CC67DD /* NSObject+SBJSON.m in Sources */,
				3EFE4D281545461000CC67DD /* NSString+SBJSON.m in Sources */,
				3EFE4D2A1545461000CC67DD /* SBJsonBase.m in Sources */,
				3EFE4D2C1545461000CC67DD /* SBJsonParser.m in Sources */,
				3EFE4D2E1545461000CC67DD /* SBJsonWriter.m in Sources */,
			);
			runOnlyForDeploymentPostprocessing = 0;
		};
/* End PBXSourcesBuildPhase section */

/* Begin PBXTargetDependency section */
		3EF8C4321540035600777C34 /* PBXTargetDependency */ = {
			isa = PBXTargetDependency;
			target = 3E5D0CB5153DC1EE00198A55 /* SBJson */;
			targetProxy = 3EF8C4311540035600777C34 /* PBXContainerItemProxy */;
		};
/* End PBXTargetDependency section */

/* Begin XCBuildConfiguration section */
		3E5D0C1C153DBC7400198A55 /* Debug */ = {
			isa = XCBuildConfiguration;
			buildSettings = {
				ALWAYS_SEARCH_USER_PATHS = NO;
				ARCHS = "$(ARCHS_STANDARD_32_BIT)";
				CLANG_ENABLE_OBJC_ARC = YES;
				COPY_PHASE_STRIP = NO;
				GCC_C_LANGUAGE_STANDARD = gnu99;
				GCC_DYNAMIC_NO_PIC = NO;
				GCC_OPTIMIZATION_LEVEL = 0;
				GCC_PREPROCESSOR_DEFINITIONS = (
					"DEBUG=1",
					"$(inherited)",
				);
				GCC_SYMBOLS_PRIVATE_EXTERN = NO;
				GCC_VERSION = com.apple.compilers.llvm.clang.1_0;
				GCC_WARN_ABOUT_RETURN_TYPE = YES;
				GCC_WARN_UNINITIALIZED_AUTOS = YES;
				GCC_WARN_UNUSED_VARIABLE = YES;
				IPHONEOS_DEPLOYMENT_TARGET = 5.1;
				SDKROOT = iphoneos;
			};
			name = Debug;
		};
		3E5D0C1D153DBC7400198A55 /* Release */ = {
			isa = XCBuildConfiguration;
			buildSettings = {
				ALWAYS_SEARCH_USER_PATHS = NO;
				ARCHS = "$(ARCHS_STANDARD_32_BIT)";
				CLANG_ENABLE_OBJC_ARC = YES;
				COPY_PHASE_STRIP = YES;
				GCC_C_LANGUAGE_STANDARD = gnu99;
				GCC_VERSION = com.apple.compilers.llvm.clang.1_0;
				GCC_WARN_ABOUT_RETURN_TYPE = YES;
				GCC_WARN_UNINITIALIZED_AUTOS = YES;
				GCC_WARN_UNUSED_VARIABLE = YES;
				IPHONEOS_DEPLOYMENT_TARGET = 5.1;
				SDKROOT = iphoneos;
				VALIDATE_PRODUCT = YES;
			};
			name = Release;
		};
		3E5D0C1F153DBC7400198A55 /* Debug */ = {
			isa = XCBuildConfiguration;
			buildSettings = {
				ARCHS = (
					armv6,
					"$(ARCHS_STANDARD_32_BIT)",
				);
				DEAD_CODE_STRIPPING = NO;
				DSTROOT = /tmp/sense_platform_library.dst;
				GCC_PRECOMPILE_PREFIX_HEADER = YES;
				GCC_PREFIX_HEADER = "sense platform library/sense platform library-Prefix.pch";
				IPHONEOS_DEPLOYMENT_TARGET = 4.0;
				LINK_WITH_STANDARD_LIBRARIES = NO;
				MACH_O_TYPE = staticlib;
				ONLY_ACTIVE_ARCH = NO;
				OTHER_LDFLAGS = "-ObjC";
				PRODUCT_NAME = "$(TARGET_NAME)";
				RUN_CLANG_STATIC_ANALYZER = YES;
				SKIP_INSTALL = YES;
				VALID_ARCHS = "armv6 armv7 x64 i386";
				WRAPPER_EXTENSION = "";
			};
			name = Debug;
		};
		3E5D0C20153DBC7400198A55 /* Release */ = {
			isa = XCBuildConfiguration;
			buildSettings = {
				ARCHS = (
					armv6,
					"$(ARCHS_STANDARD_32_BIT)",
				);
				COPY_PHASE_STRIP = NO;
				DEAD_CODE_STRIPPING = NO;
				DSTROOT = /tmp/sense_platform_library.dst;
				GCC_PRECOMPILE_PREFIX_HEADER = YES;
				GCC_PREFIX_HEADER = "sense platform library/sense platform library-Prefix.pch";
				IPHONEOS_DEPLOYMENT_TARGET = 4.0;
				LINK_WITH_STANDARD_LIBRARIES = NO;
				MACH_O_TYPE = staticlib;
				ONLY_ACTIVE_ARCH = NO;
				OTHER_LDFLAGS = "-ObjC";
				PRODUCT_NAME = "$(TARGET_NAME)";
				RUN_CLANG_STATIC_ANALYZER = YES;
				SKIP_INSTALL = YES;
				VALID_ARCHS = "armv6 armv7 x64 i386";
				WRAPPER_EXTENSION = "";
			};
			name = Release;
		};
		3E5D0CBF153DC1EE00198A55 /* Debug */ = {
			isa = XCBuildConfiguration;
			buildSettings = {
				ARCHS = (
					armv6,
					"$(ARCHS_STANDARD_32_BIT)",
				);
				CLANG_ENABLE_OBJC_ARC = NO;
				DSTROOT = /tmp/SBJson.dst;
				GCC_PRECOMPILE_PREFIX_HEADER = NO;
				GCC_PREFIX_HEADER = "";
				OTHER_LDFLAGS = "-ObjC";
				PRODUCT_NAME = "$(TARGET_NAME)";
				SKIP_INSTALL = YES;
				VALID_ARCHS = "armv6 armv7 x64 i386";
			};
			name = Debug;
		};
		3E5D0CC0153DC1EE00198A55 /* Release */ = {
			isa = XCBuildConfiguration;
			buildSettings = {
				ARCHS = (
					armv6,
					"$(ARCHS_STANDARD_32_BIT)",
				);
				CLANG_ENABLE_OBJC_ARC = NO;
				DSTROOT = /tmp/SBJson.dst;
				GCC_PRECOMPILE_PREFIX_HEADER = NO;
				GCC_PREFIX_HEADER = "";
				OTHER_LDFLAGS = "-ObjC";
				PRODUCT_NAME = "$(TARGET_NAME)";
				SKIP_INSTALL = YES;
				VALID_ARCHS = "armv6 armv7 x64 i386";
			};
			name = Release;
		};
/* End XCBuildConfiguration section */

/* Begin XCConfigurationList section */
		3E5D0C0B153DBC7400198A55 /* Build configuration list for PBXProject "sense platform library" */ = {
			isa = XCConfigurationList;
			buildConfigurations = (
				3E5D0C1C153DBC7400198A55 /* Debug */,
				3E5D0C1D153DBC7400198A55 /* Release */,
			);
			defaultConfigurationIsVisible = 0;
			defaultConfigurationName = Release;
		};
		3E5D0C1E153DBC7400198A55 /* Build configuration list for PBXNativeTarget "sense platform library" */ = {
			isa = XCConfigurationList;
			buildConfigurations = (
				3E5D0C1F153DBC7400198A55 /* Debug */,
				3E5D0C20153DBC7400198A55 /* Release */,
			);
			defaultConfigurationIsVisible = 0;
			defaultConfigurationName = Release;
		};
		3E5D0CBE153DC1EE00198A55 /* Build configuration list for PBXNativeTarget "SBJson" */ = {
			isa = XCConfigurationList;
			buildConfigurations = (
				3E5D0CBF153DC1EE00198A55 /* Debug */,
				3E5D0CC0153DC1EE00198A55 /* Release */,
			);
			defaultConfigurationIsVisible = 0;
			defaultConfigurationName = Release;
		};
/* End XCConfigurationList section */
	};
	rootObject = 3E5D0C08153DBC7400198A55 /* Project object */;
}
